PODS:
  - AFNetworking (4.0.1):
    - AFNetworking/NSURLSession (= 4.0.1)
    - AFNetworking/Reachability (= 4.0.1)
    - AFNetworking/Security (= 4.0.1)
    - AFNetworking/Serialization (= 4.0.1)
    - AFNetworking/UIKit (= 4.0.1)
  - AFNetworking/NSURLSession (4.0.1):
    - AFNetworking/Reachability
    - AFNetworking/Security
    - AFNetworking/Serialization
  - AFNetworking/Reachability (4.0.1)
  - AFNetworking/Security (4.0.1)
  - AFNetworking/Serialization (4.0.1)
  - AFNetworking/UIKit (4.0.1):
    - AFNetworking/NSURLSession
  - IQKeyboardManager (6.5.10)
  - LookinServer (1.0.4)
  - Lottie (2.5.3):
    - Lottie/AnimatableLayers (= 2.5.3)
    - Lottie/AnimatableProperties (= 2.5.3)
    - Lottie/Extensions (= 2.5.3)
    - Lottie/MacCompatibility (= 2.5.3)
    - Lottie/Models (= 2.5.3)
    - Lottie/Private (= 2.5.3)
    - Lottie/PublicHeaders (= 2.5.3)
    - Lottie/RenderSystem (= 2.5.3)
  - Lottie/AnimatableLayers (2.5.3)
  - Lottie/AnimatableProperties (2.5.3)
  - Lottie/Extensions (2.5.3)
  - Lottie/MacCompatibility (2.5.3)
  - Lottie/Models (2.5.3)
  - Lottie/Private (2.5.3)
  - Lottie/PublicHeaders (2.5.3)
  - Lottie/RenderSystem (2.5.3)
  - Masonry (1.1.0)
  - MBProgressHUD (1.2.0)
  - MJExtension (3.4.1)
  - MJRefresh (3.7.5)
  - ReactiveObjC (3.1.1)
  - TMEmptyView (1.0.0):
    - Masonry (= 1.1.0)
    - TMEmptyView/Content (= 1.0.0)
  - TMEmptyView/Content (1.0.0):
    - Masonry (= 1.1.0)
  - TMToast (1.0.0):
    - Masonry (= 1.1.0)
  - TMUIKit (1.1.13):
    - Masonry (~> 1.1.0)
    - TMUIKit/TMUIComponents (= 1.1.13)
    - TMUIKit/TMUICore (= 1.1.13)
    - TMUIKit/TMUIExtensions (= 1.1.13)
  - TMUIKit/TMUIComponents (1.1.13):
    - Masonry (~> 1.1.0)
    - TMUIKit/TMUIComponents/ChainUI (= 1.1.13)
    - TMUIKit/TMUIComponents/TMActionSheet (= 1.1.13)
    - TMUIKit/TMUIComponents/TMContentAlert (= 1.1.13)
    - TMUIKit/TMUIComponents/TMContentPicker (= 1.1.13)
    - TMUIKit/TMUIComponents/TMPopoverView (= 1.1.13)
    - TMUIKit/TMUIComponents/TMSearchController (= 1.1.13)
    - TMUIKit/TMUIComponents/TMShowBigImageController (= 1.1.13)
    - TMUIKit/TMUIComponents/TMUIAppearance (= 1.1.13)
    - TMUIKit/TMUIComponents/TMUIBadge (= 1.1.13)
    - TMUIKit/TMUIComponents/TMUICellHeightCache (= 1.1.13)
    - TMUIKit/TMUIComponents/TMUICycleView (= 1.1.13)
    - TMUIKit/TMUIComponents/TMUIExpandLabel (= 1.1.13)
    - TMUIKit/TMUIComponents/TMUIFilterView (= 1.1.13)
    - TMUIKit/TMUIComponents/TMUIFloatImagesView (= 1.1.13)
    - TMUIKit/TMUIComponents/TMUIFloatLayoutView (= 1.1.13)
    - TMUIKit/TMUIComponents/TMUIMenuView (= 1.1.13)
    - TMUIKit/TMUIComponents/TMUIModalPresentationViewController (= 1.1.13)
    - TMUIKit/TMUIComponents/TMUIMultipleDelegates (= 1.1.13)
    - TMUIKit/TMUIComponents/TMUINavigationBar (= 1.1.13)
    - TMUIKit/TMUIComponents/TMUIPageViewController (= 1.1.13)
    - TMUIKit/TMUIComponents/TMUIPickerView (= 1.1.13)
    - TMUIKit/TMUIComponents/TMUIPopupContainerView (= 1.1.13)
    - TMUIKit/TMUIComponents/TMUISearchBar (= 1.1.13)
    - TMUIKit/TMUIComponents/TMUISegmentView (= 1.1.13)
    - TMUIKit/TMUIComponents/TMUITableView (= 1.1.13)
    - TMUIKit/TMUIComponents/TMUITheme (= 1.1.13)
    - TMUIKit/TMUIComponents/TMUITimer (= 1.1.13)
    - TMUIKit/TMUIComponents/TMUIToast (= 1.1.13)
    - TMUIKit/TMUIComponents/TMUIWidgets (= 1.1.13)
    - TMUIKit/TMUICore
    - TMUIKit/TMUIExtensions
  - TMUIKit/TMUIComponents/ChainUI (1.1.13):
    - Masonry (~> 1.1.0)
    - TMUIKit/TMUIComponents/ChainUI/Chainable (= 1.1.13)
    - TMUIKit/TMUIComponents/ChainUI/Private (= 1.1.13)
    - TMUIKit/TMUIComponents/ChainUI/Public (= 1.1.13)
    - TMUIKit/TMUICore
    - TMUIKit/TMUIExtensions
  - TMUIKit/TMUIComponents/ChainUI/Chainable (1.1.13):
    - Masonry (~> 1.1.0)
    - TMUIKit/TMUIComponents/ChainUI/Private
    - TMUIKit/TMUIComponents/ChainUI/Public
    - TMUIKit/TMUICore
    - TMUIKit/TMUIExtensions
  - TMUIKit/TMUIComponents/ChainUI/Private (1.1.13):
    - Masonry (~> 1.1.0)
    - TMUIKit/TMUICore
    - TMUIKit/TMUIExtensions
  - TMUIKit/TMUIComponents/ChainUI/Public (1.1.13):
    - Masonry (~> 1.1.0)
    - TMUIKit/TMUIComponents/ChainUI/Private
    - TMUIKit/TMUICore
    - TMUIKit/TMUIExtensions
  - TMUIKit/TMUIComponents/TMActionSheet (1.1.13):
    - Masonry (~> 1.1.0)
    - TMUIKit/TMUICore
    - TMUIKit/TMUIExtensions
  - TMUIKit/TMUIComponents/TMContentAlert (1.1.13):
    - Masonry (~> 1.1.0)
    - TMUIKit/TMUICore
    - TMUIKit/TMUIExtensions
  - TMUIKit/TMUIComponents/TMContentPicker (1.1.13):
    - Masonry (~> 1.1.0)
    - TMUIKit/TMUIComponents/TMContentPicker/TMCityPicker (= 1.1.13)
    - TMUIKit/TMUIComponents/TMContentPicker/TMDatePicker (= 1.1.13)
    - TMUIKit/TMUIComponents/TMContentPicker/TMMultiDataPicker (= 1.1.13)
    - TMUIKit/TMUIComponents/TMContentPicker/TMNormalPicker (= 1.1.13)
    - TMUIKit/TMUICore
    - TMUIKit/TMUIExtensions
  - TMUIKit/TMUIComponents/TMContentPicker/TMCityPicker (1.1.13):
    - Masonry (~> 1.1.0)
    - TMUIKit/TMUICore
    - TMUIKit/TMUIExtensions
  - TMUIKit/TMUIComponents/TMContentPicker/TMDatePicker (1.1.13):
    - Masonry (~> 1.1.0)
    - TMUIKit/TMUICore
    - TMUIKit/TMUIExtensions
  - TMUIKit/TMUIComponents/TMContentPicker/TMMultiDataPicker (1.1.13):
    - Masonry (~> 1.1.0)
    - TMUIKit/TMUICore
    - TMUIKit/TMUIExtensions
  - TMUIKit/TMUIComponents/TMContentPicker/TMNormalPicker (1.1.13):
    - Masonry (~> 1.1.0)
    - TMUIKit/TMUICore
    - TMUIKit/TMUIExtensions
  - TMUIKit/TMUIComponents/TMPopoverView (1.1.13):
    - Masonry (~> 1.1.0)
    - TMUIKit/TMUICore
    - TMUIKit/TMUIExtensions
  - TMUIKit/TMUIComponents/TMSearchController (1.1.13):
    - Masonry (~> 1.1.0)
    - TMUIKit/TMUIComponents/TMSearchController/Extensions (= 1.1.13)
    - TMUIKit/TMUIComponents/TMSearchController/Private (= 1.1.13)
    - TMUIKit/TMUICore
    - TMUIKit/TMUIExtensions
  - TMUIKit/TMUIComponents/TMSearchController/Extensions (1.1.13):
    - Masonry (~> 1.1.0)
    - TMUIKit/TMUICore
    - TMUIKit/TMUIExtensions
  - TMUIKit/TMUIComponents/TMSearchController/Private (1.1.13):
    - Masonry (~> 1.1.0)
    - TMUIKit/TMUICore
    - TMUIKit/TMUIExtensions
  - TMUIKit/TMUIComponents/TMShowBigImageController (1.1.13):
    - Masonry (~> 1.1.0)
    - TMUIKit/TMUICore
    - TMUIKit/TMUIExtensions
  - TMUIKit/TMUIComponents/TMUIAppearance (1.1.13):
    - Masonry (~> 1.1.0)
    - TMUIKit/TMUICore
    - TMUIKit/TMUIExtensions
  - TMUIKit/TMUIComponents/TMUIBadge (1.1.13):
    - Masonry (~> 1.1.0)
    - TMUIKit/TMUICore
    - TMUIKit/TMUIExtensions
  - TMUIKit/TMUIComponents/TMUICellHeightCache (1.1.13):
    - Masonry (~> 1.1.0)
    - TMUIKit/TMUICore
    - TMUIKit/TMUIExtensions
  - TMUIKit/TMUIComponents/TMUICycleView (1.1.13):
    - Masonry (~> 1.1.0)
    - TMUIKit/TMUICore
    - TMUIKit/TMUIExtensions
  - TMUIKit/TMUIComponents/TMUIExpandLabel (1.1.13):
    - Masonry (~> 1.1.0)
    - TMUIKit/TMUICore
    - TMUIKit/TMUIExtensions
  - TMUIKit/TMUIComponents/TMUIFilterView (1.1.13):
    - Masonry (~> 1.1.0)
    - TMUIKit/TMUICore
    - TMUIKit/TMUIExtensions
  - TMUIKit/TMUIComponents/TMUIFloatImagesView (1.1.13):
    - Masonry (~> 1.1.0)
    - TMUIKit/TMUICore
    - TMUIKit/TMUIExtensions
  - TMUIKit/TMUIComponents/TMUIFloatLayoutView (1.1.13):
    - Masonry (~> 1.1.0)
    - TMUIKit/TMUICore
    - TMUIKit/TMUIExtensions
  - TMUIKit/TMUIComponents/TMUIMenuView (1.1.13):
    - Masonry (~> 1.1.0)
    - TMUIKit/TMUICore
    - TMUIKit/TMUIExtensions
  - TMUIKit/TMUIComponents/TMUIModalPresentationViewController (1.1.13):
    - Masonry (~> 1.1.0)
    - TMUIKit/TMUICore
    - TMUIKit/TMUIExtensions
  - TMUIKit/TMUIComponents/TMUIMultipleDelegates (1.1.13):
    - Masonry (~> 1.1.0)
    - TMUIKit/TMUICore
    - TMUIKit/TMUIExtensions
  - TMUIKit/TMUIComponents/TMUINavigationBar (1.1.13):
    - Masonry (~> 1.1.0)
    - TMUIKit/TMUICore
    - TMUIKit/TMUIExtensions
  - TMUIKit/TMUIComponents/TMUIPageViewController (1.1.13):
    - Masonry (~> 1.1.0)
    - TMUIKit/TMUICore
    - TMUIKit/TMUIExtensions
  - TMUIKit/TMUIComponents/TMUIPickerView (1.1.13):
    - Masonry (~> 1.1.0)
    - TMUIKit/TMUICore
    - TMUIKit/TMUIExtensions
  - TMUIKit/TMUIComponents/TMUIPopupContainerView (1.1.13):
    - Masonry (~> 1.1.0)
    - TMUIKit/TMUICore
    - TMUIKit/TMUIExtensions
  - TMUIKit/TMUIComponents/TMUISearchBar (1.1.13):
    - Masonry (~> 1.1.0)
    - TMUIKit/TMUICore
    - TMUIKit/TMUIExtensions
  - TMUIKit/TMUIComponents/TMUISegmentView (1.1.13):
    - Masonry (~> 1.1.0)
    - TMUIKit/TMUICore
    - TMUIKit/TMUIExtensions
  - TMUIKit/TMUIComponents/TMUITableView (1.1.13):
    - Masonry (~> 1.1.0)
    - TMUIKit/TMUICore
    - TMUIKit/TMUIExtensions
  - TMUIKit/TMUIComponents/TMUITheme (1.1.13):
    - Masonry (~> 1.1.0)
    - TMUIKit/TMUICore
    - TMUIKit/TMUIExtensions
  - TMUIKit/TMUIComponents/TMUITimer (1.1.13):
    - Masonry (~> 1.1.0)
    - TMUIKit/TMUICore
    - TMUIKit/TMUIExtensions
  - TMUIKit/TMUIComponents/TMUIToast (1.1.13):
    - Masonry (~> 1.1.0)
    - TMUIKit/TMUICore
    - TMUIKit/TMUIExtensions
  - TMUIKit/TMUIComponents/TMUIWidgets (1.1.13):
    - Masonry (~> 1.1.0)
    - TMUIKit/TMUIComponents/TMUIWidgets/TMUIButton (= 1.1.13)
    - TMUIKit/TMUIComponents/TMUIWidgets/TMUILabel (= 1.1.13)
    - TMUIKit/TMUIComponents/TMUIWidgets/TMUISegmentedControl (= 1.1.13)
    - TMUIKit/TMUIComponents/TMUIWidgets/TMUISlider (= 1.1.13)
    - TMUIKit/TMUIComponents/TMUIWidgets/TMUITextField (= 1.1.13)
    - TMUIKit/TMUIComponents/TMUIWidgets/TMUITextView (= 1.1.13)
    - TMUIKit/TMUICore
    - TMUIKit/TMUIExtensions
  - TMUIKit/TMUIComponents/TMUIWidgets/TMUIButton (1.1.13):
    - Masonry (~> 1.1.0)
    - TMUIKit/TMUICore
    - TMUIKit/TMUIExtensions
  - TMUIKit/TMUIComponents/TMUIWidgets/TMUILabel (1.1.13):
    - Masonry (~> 1.1.0)
    - TMUIKit/TMUICore
    - TMUIKit/TMUIExtensions
  - TMUIKit/TMUIComponents/TMUIWidgets/TMUISegmentedControl (1.1.13):
    - Masonry (~> 1.1.0)
    - TMUIKit/TMUICore
    - TMUIKit/TMUIExtensions
  - TMUIKit/TMUIComponents/TMUIWidgets/TMUISlider (1.1.13):
    - Masonry (~> 1.1.0)
    - TMUIKit/TMUICore
    - TMUIKit/TMUIExtensions
  - TMUIKit/TMUIComponents/TMUIWidgets/TMUITextField (1.1.13):
    - Masonry (~> 1.1.0)
    - TMUIKit/TMUICore
    - TMUIKit/TMUIExtensions
  - TMUIKit/TMUIComponents/TMUIWidgets/TMUITextView (1.1.13):
    - Masonry (~> 1.1.0)
    - TMUIKit/TMUICore
    - TMUIKit/TMUIExtensions
  - TMUIKit/TMUICore (1.1.13):
    - Masonry (~> 1.1.0)
  - TMUIKit/TMUIExtensions (1.1.13):
    - Masonry (~> 1.1.0)
    - TMUIKit/TMUICore
    - TMUIKit/TMUIExtensions/Foundation (= 1.1.13)
    - TMUIKit/TMUIExtensions/UIKit (= 1.1.13)
  - TMUIKit/TMUIExtensions/Foundation (1.1.13):
    - Masonry (~> 1.1.0)
    - TMUIKit/TMUICore
    - TMUIKit/TMUIExtensions/Foundation/NSString (= 1.1.13)
  - TMUIKit/TMUIExtensions/Foundation/NSString (1.1.13):
    - Masonry (~> 1.1.0)
    - TMUIKit/TMUICore
  - TMUIKit/TMUIExtensions/UIKit (1.1.13):
    - Masonry (~> 1.1.0)
    - TMUIKit/TMUICore
  - YYKit (1.0.9):
    - YYKit/no-arc (= 1.0.9)
  - YYKit/no-arc (1.0.9)

DEPENDENCIES:
  - AFNetworking
  - IQKeyboardManager
  - LookinServer
  - Lottie
  - MBProgressHUD
  - MJExtension
  - MJRefresh
  - ReactiveObjC
  - TMEmptyView
  - TMToast
  - TMUIKit (from `https://github.com/chengzongxin/TMUIKit.git`)
  - YYKit

SPEC REPOS:
  "git@repo.we.com:ios/tspecsrepo.git":
    - Lottie
    - TMEmptyView
    - TMToast
  https://github.com/CocoaPods/Specs.git:
    - AFNetworking
    - IQKeyboardManager
    - LookinServer
    - Masonry
    - MBProgressHUD
    - MJExtension
    - MJRefresh
    - ReactiveObjC
    - YYKit

EXTERNAL SOURCES:
  TMUIKit:
    :git: https://github.com/chengzongxin/TMUIKit.git

CHECKOUT OPTIONS:
  TMUIKit:
    :commit: a6317b0f2088d3b94bc2d3cf13726158b68c8e8d
    :git: https://github.com/chengzongxin/TMUIKit.git

SPEC CHECKSUMS:
  AFNetworking: 7864c38297c79aaca1500c33288e429c3451fdce
  IQKeyboardManager: 45a1fa55c1a5b02c61ac0fd7fd5b62bb4ad20d97
  LookinServer: 743c1681771d0a8dcc38825325a080c3186404a5
  Lottie: dfaf1dd45c3221e574199cd68d87ac94f58894e3
  Masonry: 678fab65091a9290e40e2832a55e7ab731aad201
  MBProgressHUD: 3ee5efcc380f6a79a7cc9b363dd669c5e1ae7406
  MJExtension: 21c5f6f8c4d5d8844b7ae8fbae08fed0b501f961
  MJRefresh: fdf5e979eb406a0341468932d1dfc8b7f9fce961
  ReactiveObjC: 011caa393aa0383245f2dcf9bf02e86b80b36040
  TMEmptyView: 8b412988dff4645b0cccab14bc81c1d0f3624eab
  TMToast: fc27b1e26653252ba220e2c208dbb73ac5abb786
  TMUIKit: 146adc821ea4e407e8255b44c6e302e27a70c0df
  YYKit: 7cda43304a8dc3696c449041e2cb3107b4e236e7

PODFILE CHECKSUM: 47e3c20882e6b60db4a6494bdb4e026440365319

COCOAPODS: 1.11.3
