PODS:
  - AFNetworking (4.0.1):
    - AFNetworking/NSURLSession (= 4.0.1)
    - AFNetworking/Reachability (= 4.0.1)
    - AFNetworking/Security (= 4.0.1)
    - AFNetworking/Serialization (= 4.0.1)
    - AFNetworking/UIKit (= 4.0.1)
  - AFNetworking/NSURLSession (4.0.1):
    - AFNetworking/Reachability
    - AFNetworking/Security
    - AFNetworking/Serialization
  - AFNetworking/Reachability (4.0.1)
  - AFNetworking/Security (4.0.1)
  - AFNetworking/Serialization (4.0.1)
  - AFNetworking/UIKit (4.0.1):
    - AFNetworking/NSURLSession
  - ChainUIKit (0.1.1):
    - ChainUIKit/Chainable (= 0.1.1)
    - ChainUIKit/Private (= 0.1.1)
    - ChainUIKit/Public (= 0.1.1)
  - ChainUIKit/Chainable (0.1.1):
    - ChainUIKit/Private
    - ChainUIKit/Public
  - ChainUIKit/Private (0.1.1)
  - ChainUIKit/Public (0.1.1):
    - ChainUIKit/Private
  - IQKeyboardManager (6.5.11)
  - LookinServer (1.1.5):
    - LookinServer/Core (= 1.1.5)
  - LookinServer/Core (1.1.5)
  - Lottie (2.5.3):
    - Lottie/AnimatableLayers (= 2.5.3)
    - Lottie/AnimatableProperties (= 2.5.3)
    - Lottie/Extensions (= 2.5.3)
    - Lottie/MacCompatibility (= 2.5.3)
    - Lottie/Models (= 2.5.3)
    - Lottie/Private (= 2.5.3)
    - Lottie/PublicHeaders (= 2.5.3)
    - Lottie/RenderSystem (= 2.5.3)
  - Lottie/AnimatableLayers (2.5.3)
  - Lottie/AnimatableProperties (2.5.3)
  - Lottie/Extensions (2.5.3)
  - Lottie/MacCompatibility (2.5.3)
  - Lottie/Models (2.5.3)
  - Lottie/Private (2.5.3)
  - Lottie/PublicHeaders (2.5.3)
  - Lottie/RenderSystem (2.5.3)
  - Masonry (1.1.0)
  - MBProgressHUD (1.2.0)
  - MJExtension (3.4.1)
  - MJRefresh (3.7.5)
  - ReactiveObjC (3.1.1)
  - TMEmptyView (1.0.1):
    - Masonry (= 1.1.0)
    - TMEmptyView/Content (= 1.0.1)
  - TMEmptyView/Content (1.0.1):
    - Masonry (= 1.1.0)
  - TMToast (1.0.0):
    - Masonry (= 1.1.0)
  - TMUIComponents (2.0.25):
    - Masonry
    - TMUIComponents/TMActionSheet (= 2.0.25)
    - TMUIComponents/TMContentAlert (= 2.0.25)
    - TMUIComponents/TMContentPicker (= 2.0.25)
    - TMUIComponents/TMPopoverView (= 2.0.25)
    - TMUIComponents/TMSearchController (= 2.0.25)
    - TMUIComponents/TMUIAppearance (= 2.0.25)
    - TMUIComponents/TMUIBadge (= 2.0.25)
    - TMUIComponents/TMUICellHeightCache (= 2.0.25)
    - TMUIComponents/TMUICycleView (= 2.0.25)
    - TMUIComponents/TMUIExpandLabel (= 2.0.25)
    - TMUIComponents/TMUIFilterView (= 2.0.25)
    - TMUIComponents/TMUIFloatImagesView (= 2.0.25)
    - TMUIComponents/TMUIFloatLayoutView (= 2.0.25)
    - TMUIComponents/TMUIMenuView (= 2.0.25)
    - TMUIComponents/TMUIModalPresentationViewController (= 2.0.25)
    - TMUIComponents/TMUIMultipleDelegates (= 2.0.25)
    - TMUIComponents/TMUINavigationBar (= 2.0.25)
    - TMUIComponents/TMUIPageViewController (= 2.0.25)
    - TMUIComponents/TMUIPickerView (= 2.0.25)
    - TMUIComponents/TMUIPopupContainerView (= 2.0.25)
    - TMUIComponents/TMUISearchBar (= 2.0.25)
    - TMUIComponents/TMUISegmentView (= 2.0.25)
    - TMUIComponents/TMUITableView (= 2.0.25)
    - TMUIComponents/TMUITimer (= 2.0.25)
    - TMUIComponents/TMUIToast (= 2.0.25)
    - TMUIComponents/TMUIWidgets (= 2.0.25)
    - TMUICore
    - TMUIExtensions
  - TMUIComponents/TMActionSheet (2.0.25):
    - Masonry
    - TMUICore
    - TMUIExtensions
  - TMUIComponents/TMContentAlert (2.0.25):
    - Masonry
    - TMUICore
    - TMUIExtensions
  - TMUIComponents/TMContentPicker (2.0.25):
    - Masonry
    - TMUIComponents/TMContentPicker/TMCityPicker (= 2.0.25)
    - TMUIComponents/TMContentPicker/TMDatePicker (= 2.0.25)
    - TMUIComponents/TMContentPicker/TMMultiDataPicker (= 2.0.25)
    - TMUIComponents/TMContentPicker/TMNormalPicker (= 2.0.25)
    - TMUICore
    - TMUIExtensions
  - TMUIComponents/TMContentPicker/TMCityPicker (2.0.25):
    - Masonry
    - TMUICore
    - TMUIExtensions
  - TMUIComponents/TMContentPicker/TMDatePicker (2.0.25):
    - Masonry
    - TMUICore
    - TMUIExtensions
  - TMUIComponents/TMContentPicker/TMMultiDataPicker (2.0.25):
    - Masonry
    - TMUICore
    - TMUIExtensions
  - TMUIComponents/TMContentPicker/TMNormalPicker (2.0.25):
    - Masonry
    - TMUICore
    - TMUIExtensions
  - TMUIComponents/TMPopoverView (2.0.25):
    - Masonry
    - TMUICore
    - TMUIExtensions
  - TMUIComponents/TMSearchController (2.0.25):
    - Masonry
    - TMUIComponents/TMSearchController/Extensions (= 2.0.25)
    - TMUIComponents/TMSearchController/Private (= 2.0.25)
    - TMUICore
    - TMUIExtensions
  - TMUIComponents/TMSearchController/Extensions (2.0.25):
    - Masonry
    - TMUICore
    - TMUIExtensions
  - TMUIComponents/TMSearchController/Private (2.0.25):
    - Masonry
    - TMUICore
    - TMUIExtensions
  - TMUIComponents/TMUIAppearance (2.0.25):
    - Masonry
    - TMUICore
    - TMUIExtensions
  - TMUIComponents/TMUIBadge (2.0.25):
    - Masonry
    - TMUICore
    - TMUIExtensions
  - TMUIComponents/TMUICellHeightCache (2.0.25):
    - Masonry
    - TMUICore
    - TMUIExtensions
  - TMUIComponents/TMUICycleView (2.0.25):
    - Masonry
    - TMUICore
    - TMUIExtensions
  - TMUIComponents/TMUIExpandLabel (2.0.25):
    - Masonry
    - TMUICore
    - TMUIExtensions
  - TMUIComponents/TMUIFilterView (2.0.25):
    - Masonry
    - TMUICore
    - TMUIExtensions
  - TMUIComponents/TMUIFloatImagesView (2.0.25):
    - Masonry
    - TMUICore
    - TMUIExtensions
  - TMUIComponents/TMUIFloatLayoutView (2.0.25):
    - Masonry
    - TMUICore
    - TMUIExtensions
  - TMUIComponents/TMUIMenuView (2.0.25):
    - Masonry
    - TMUICore
    - TMUIExtensions
  - TMUIComponents/TMUIModalPresentationViewController (2.0.25):
    - Masonry
    - TMUICore
    - TMUIExtensions
  - TMUIComponents/TMUIMultipleDelegates (2.0.25):
    - Masonry
    - TMUICore
    - TMUIExtensions
  - TMUIComponents/TMUINavigationBar (2.0.25):
    - Masonry
    - TMUICore
    - TMUIExtensions
  - TMUIComponents/TMUIPageViewController (2.0.25):
    - Masonry
    - TMUICore
    - TMUIExtensions
  - TMUIComponents/TMUIPickerView (2.0.25):
    - Masonry
    - TMUICore
    - TMUIExtensions
  - TMUIComponents/TMUIPopupContainerView (2.0.25):
    - Masonry
    - TMUICore
    - TMUIExtensions
  - TMUIComponents/TMUISearchBar (2.0.25):
    - Masonry
    - TMUICore
    - TMUIExtensions
  - TMUIComponents/TMUISegmentView (2.0.25):
    - Masonry
    - TMUICore
    - TMUIExtensions
  - TMUIComponents/TMUITableView (2.0.25):
    - Masonry
    - TMUICore
    - TMUIExtensions
  - TMUIComponents/TMUITimer (2.0.25):
    - Masonry
    - TMUICore
    - TMUIExtensions
  - TMUIComponents/TMUIToast (2.0.25):
    - Masonry
    - TMUICore
    - TMUIExtensions
  - TMUIComponents/TMUIWidgets (2.0.25):
    - Masonry
    - TMUIComponents/TMUIWidgets/TMUIButton (= 2.0.25)
    - TMUIComponents/TMUIWidgets/TMUILabel (= 2.0.25)
    - TMUIComponents/TMUIWidgets/TMUISegmentedControl (= 2.0.25)
    - TMUIComponents/TMUIWidgets/TMUISlider (= 2.0.25)
    - TMUIComponents/TMUIWidgets/TMUITextField (= 2.0.25)
    - TMUIComponents/TMUIWidgets/TMUITextView (= 2.0.25)
    - TMUICore
    - TMUIExtensions
  - TMUIComponents/TMUIWidgets/TMUIButton (2.0.25):
    - Masonry
    - TMUICore
    - TMUIExtensions
  - TMUIComponents/TMUIWidgets/TMUILabel (2.0.25):
    - Masonry
    - TMUICore
    - TMUIExtensions
  - TMUIComponents/TMUIWidgets/TMUISegmentedControl (2.0.25):
    - Masonry
    - TMUICore
    - TMUIExtensions
  - TMUIComponents/TMUIWidgets/TMUISlider (2.0.25):
    - Masonry
    - TMUICore
    - TMUIExtensions
  - TMUIComponents/TMUIWidgets/TMUITextField (2.0.25):
    - Masonry
    - TMUICore
    - TMUIExtensions
  - TMUIComponents/TMUIWidgets/TMUITextView (2.0.25):
    - Masonry
    - TMUICore
    - TMUIExtensions
  - TMUICore (2.0.25):
    - TMUICore/TMUICore (= 2.0.25)
  - TMUICore/TMUICore (2.0.25)
  - TMUIExtensions (2.0.25):
    - TMUICore
    - TMUIExtensions/Foundation (= 2.0.25)
    - TMUIExtensions/UIKit (= 2.0.25)
  - TMUIExtensions/Foundation (2.0.25):
    - TMUICore
  - TMUIExtensions/UIKit (2.0.25):
    - TMUICore
  - YYKit (1.0.9):
    - YYKit/no-arc (= 1.0.9)
  - YYKit/no-arc (1.0.9)

DEPENDENCIES:
  - AFNetworking
  - ChainUIKit
  - IQKeyboardManager
  - LookinServer
  - Lottie
  - Masonry
  - MBProgressHUD
  - MJExtension
  - MJRefresh
  - ReactiveObjC
  - TMEmptyView
  - TMToast
  - TMUIComponents (= 2.0.25)
  - TMUICore (= 2.0.25)
  - TMUIExtensions (= 2.0.25)
  - YYKit

SPEC REPOS:
  "git@repo.we.com:ios/tspecsrepo.git":
    - Lottie
    - TMEmptyView
    - TMToast
    - TMUIComponents
    - TMUICore
    - TMUIExtensions
  https://github.com/CocoaPods/Specs.git:
    - AFNetworking
    - ChainUIKit
    - IQKeyboardManager
    - LookinServer
    - Masonry
    - MBProgressHUD
    - MJExtension
    - MJRefresh
    - ReactiveObjC
    - YYKit

SPEC CHECKSUMS:
  AFNetworking: 3bd23d814e976cd148d7d44c3ab78017b744cd58
  ChainUIKit: 6796a2c31bece87575c16014f249de6673d5e7f6
  IQKeyboardManager: ef43ce1ba1e5aaf4adf222c0a46f39761f246879
  LookinServer: 2893f2bae53cbf3fd49bbe1a8ea1745582ef1317
  Lottie: ef225b1e638c551f23524aa4e103397e593248bf
  Masonry: 678fab65091a9290e40e2832a55e7ab731aad201
  MBProgressHUD: 3ee5efcc380f6a79a7cc9b363dd669c5e1ae7406
  MJExtension: 21c5f6f8c4d5d8844b7ae8fbae08fed0b501f961
  MJRefresh: fdf5e979eb406a0341468932d1dfc8b7f9fce961
  ReactiveObjC: 011caa393aa0383245f2dcf9bf02e86b80b36040
  TMEmptyView: 2ffc9272b50dfa0ba2d9715e08099d7f68f35096
  TMToast: c7f6ea21916db3b89483f3c8689c306bab30589b
  TMUIComponents: 7677af1d9d5b81760c8a5b82cfafcd9f2f60a605
  TMUICore: 5c664a7d3c8f953aaff566c7def17f5397d49b7c
  TMUIExtensions: 4740294ab5709c4922372d0353a4db0ab9df86c3
  YYKit: 7cda43304a8dc3696c449041e2cb3107b4e236e7

PODFILE CHECKSUM: db7b20d57f4581321c45a39ff7e108c656b54a6c

COCOAPODS: 1.12.0
