PODS:
  - AFNetworking (4.0.1):
    - AFNetworking/NSURLSession (= 4.0.1)
    - AFNetworking/Reachability (= 4.0.1)
    - AFNetworking/Security (= 4.0.1)
    - AFNetworking/Serialization (= 4.0.1)
    - AFNetworking/UIKit (= 4.0.1)
  - AFNetworking/NSURLSession (4.0.1):
    - AFNetworking/Reachability
    - AFNetworking/Security
    - AFNetworking/Serialization
  - AFNetworking/Reachability (4.0.1)
  - AFNetworking/Security (4.0.1)
  - AFNetworking/Serialization (4.0.1)
  - AFNetworking/UIKit (4.0.1):
    - AFNetworking/NSURLSession
  - ChainUIKit (0.1.1):
    - ChainUIKit/Chainable (= 0.1.1)
    - ChainUIKit/Private (= 0.1.1)
    - ChainUIKit/Public (= 0.1.1)
  - ChainUIKit/Chainable (0.1.1):
    - ChainUIKit/Private
    - ChainUIKit/Public
  - ChainUIKit/Private (0.1.1)
  - ChainUIKit/Public (0.1.1):
    - ChainUIKit/Private
  - IQKeyboardManager (6.5.10)
  - LookinServer (1.0.4)
  - Lottie (2.5.3):
    - Lottie/AnimatableLayers (= 2.5.3)
    - Lottie/AnimatableProperties (= 2.5.3)
    - Lottie/Extensions (= 2.5.3)
    - Lottie/MacCompatibility (= 2.5.3)
    - Lottie/Models (= 2.5.3)
    - Lottie/Private (= 2.5.3)
    - Lottie/PublicHeaders (= 2.5.3)
    - Lottie/RenderSystem (= 2.5.3)
  - Lottie/AnimatableLayers (2.5.3)
  - Lottie/AnimatableProperties (2.5.3)
  - Lottie/Extensions (2.5.3)
  - Lottie/MacCompatibility (2.5.3)
  - Lottie/Models (2.5.3)
  - Lottie/Private (2.5.3)
  - Lottie/PublicHeaders (2.5.3)
  - Lottie/RenderSystem (2.5.3)
  - Masonry (1.1.0)
  - MBProgressHUD (1.2.0)
  - MJExtension (3.4.1)
  - MJRefresh (3.7.5)
  - ReactiveObjC (3.1.1)
  - TMEmptyView (1.0.0):
    - Masonry (= 1.1.0)
    - TMEmptyView/Content (= 1.0.0)
  - TMEmptyView/Content (1.0.0):
    - Masonry (= 1.1.0)
  - TMToast (1.0.0):
    - Masonry (= 1.1.0)
  - TMUIComponents (2.0.6):
    - Masonry
    - TMUIComponents/TMActionSheet (= 2.0.6)
    - TMUIComponents/TMContentAlert (= 2.0.6)
    - TMUIComponents/TMContentPicker (= 2.0.6)
    - TMUIComponents/TMPopoverView (= 2.0.6)
    - TMUIComponents/TMSearchController (= 2.0.6)
    - TMUIComponents/TMShowBigImageController (= 2.0.6)
    - TMUIComponents/TMUIAppearance (= 2.0.6)
    - TMUIComponents/TMUIBadge (= 2.0.6)
    - TMUIComponents/TMUICellHeightCache (= 2.0.6)
    - TMUIComponents/TMUICycleView (= 2.0.6)
    - TMUIComponents/TMUIExpandLabel (= 2.0.6)
    - TMUIComponents/TMUIFilterView (= 2.0.6)
    - TMUIComponents/TMUIFloatImagesView (= 2.0.6)
    - TMUIComponents/TMUIFloatLayoutView (= 2.0.6)
    - TMUIComponents/TMUIMenuView (= 2.0.6)
    - TMUIComponents/TMUIModalPresentationViewController (= 2.0.6)
    - TMUIComponents/TMUIMultipleDelegates (= 2.0.6)
    - TMUIComponents/TMUINavigationBar (= 2.0.6)
    - TMUIComponents/TMUIPageViewController (= 2.0.6)
    - TMUIComponents/TMUIPickerView (= 2.0.6)
    - TMUIComponents/TMUIPopupContainerView (= 2.0.6)
    - TMUIComponents/TMUISearchBar (= 2.0.6)
    - TMUIComponents/TMUISegmentView (= 2.0.6)
    - TMUIComponents/TMUITableView (= 2.0.6)
    - TMUIComponents/TMUITheme (= 2.0.6)
    - TMUIComponents/TMUITimer (= 2.0.6)
    - TMUIComponents/TMUIToast (= 2.0.6)
    - TMUIComponents/TMUIWidgets (= 2.0.6)
    - TMUICore
    - TMUIExtensions
  - TMUIComponents/TMActionSheet (2.0.6):
    - Masonry
    - TMUICore
    - TMUIExtensions
  - TMUIComponents/TMContentAlert (2.0.6):
    - Masonry
    - TMUICore
    - TMUIExtensions
  - TMUIComponents/TMContentPicker (2.0.6):
    - Masonry
    - TMUIComponents/TMContentPicker/TMCityPicker (= 2.0.6)
    - TMUIComponents/TMContentPicker/TMDatePicker (= 2.0.6)
    - TMUIComponents/TMContentPicker/TMMultiDataPicker (= 2.0.6)
    - TMUIComponents/TMContentPicker/TMNormalPicker (= 2.0.6)
    - TMUICore
    - TMUIExtensions
  - TMUIComponents/TMContentPicker/TMCityPicker (2.0.6):
    - Masonry
    - TMUICore
    - TMUIExtensions
  - TMUIComponents/TMContentPicker/TMDatePicker (2.0.6):
    - Masonry
    - TMUICore
    - TMUIExtensions
  - TMUIComponents/TMContentPicker/TMMultiDataPicker (2.0.6):
    - Masonry
    - TMUICore
    - TMUIExtensions
  - TMUIComponents/TMContentPicker/TMNormalPicker (2.0.6):
    - Masonry
    - TMUICore
    - TMUIExtensions
  - TMUIComponents/TMPopoverView (2.0.6):
    - Masonry
    - TMUICore
    - TMUIExtensions
  - TMUIComponents/TMSearchController (2.0.6):
    - Masonry
    - TMUIComponents/TMSearchController/Extensions (= 2.0.6)
    - TMUIComponents/TMSearchController/Private (= 2.0.6)
    - TMUICore
    - TMUIExtensions
  - TMUIComponents/TMSearchController/Extensions (2.0.6):
    - Masonry
    - TMUICore
    - TMUIExtensions
  - TMUIComponents/TMSearchController/Private (2.0.6):
    - Masonry
    - TMUICore
    - TMUIExtensions
  - TMUIComponents/TMShowBigImageController (2.0.6):
    - Masonry
    - TMUICore
    - TMUIExtensions
  - TMUIComponents/TMUIAppearance (2.0.6):
    - Masonry
    - TMUICore
    - TMUIExtensions
  - TMUIComponents/TMUIBadge (2.0.6):
    - Masonry
    - TMUICore
    - TMUIExtensions
  - TMUIComponents/TMUICellHeightCache (2.0.6):
    - Masonry
    - TMUICore
    - TMUIExtensions
  - TMUIComponents/TMUICycleView (2.0.6):
    - Masonry
    - TMUICore
    - TMUIExtensions
  - TMUIComponents/TMUIExpandLabel (2.0.6):
    - Masonry
    - TMUICore
    - TMUIExtensions
  - TMUIComponents/TMUIFilterView (2.0.6):
    - Masonry
    - TMUICore
    - TMUIExtensions
  - TMUIComponents/TMUIFloatImagesView (2.0.6):
    - Masonry
    - TMUICore
    - TMUIExtensions
  - TMUIComponents/TMUIFloatLayoutView (2.0.6):
    - Masonry
    - TMUICore
    - TMUIExtensions
  - TMUIComponents/TMUIMenuView (2.0.6):
    - Masonry
    - TMUICore
    - TMUIExtensions
  - TMUIComponents/TMUIModalPresentationViewController (2.0.6):
    - Masonry
    - TMUICore
    - TMUIExtensions
  - TMUIComponents/TMUIMultipleDelegates (2.0.6):
    - Masonry
    - TMUICore
    - TMUIExtensions
  - TMUIComponents/TMUINavigationBar (2.0.6):
    - Masonry
    - TMUICore
    - TMUIExtensions
  - TMUIComponents/TMUIPageViewController (2.0.6):
    - Masonry
    - TMUICore
    - TMUIExtensions
  - TMUIComponents/TMUIPickerView (2.0.6):
    - Masonry
    - TMUICore
    - TMUIExtensions
  - TMUIComponents/TMUIPopupContainerView (2.0.6):
    - Masonry
    - TMUICore
    - TMUIExtensions
  - TMUIComponents/TMUISearchBar (2.0.6):
    - Masonry
    - TMUICore
    - TMUIExtensions
  - TMUIComponents/TMUISegmentView (2.0.6):
    - Masonry
    - TMUICore
    - TMUIExtensions
  - TMUIComponents/TMUITableView (2.0.6):
    - Masonry
    - TMUICore
    - TMUIExtensions
  - TMUIComponents/TMUITheme (2.0.6):
    - Masonry
    - TMUICore
    - TMUIExtensions
  - TMUIComponents/TMUITimer (2.0.6):
    - Masonry
    - TMUICore
    - TMUIExtensions
  - TMUIComponents/TMUIToast (2.0.6):
    - Masonry
    - TMUICore
    - TMUIExtensions
  - TMUIComponents/TMUIWidgets (2.0.6):
    - Masonry
    - TMUIComponents/TMUIWidgets/TMUIButton (= 2.0.6)
    - TMUIComponents/TMUIWidgets/TMUILabel (= 2.0.6)
    - TMUIComponents/TMUIWidgets/TMUISegmentedControl (= 2.0.6)
    - TMUIComponents/TMUIWidgets/TMUISlider (= 2.0.6)
    - TMUIComponents/TMUIWidgets/TMUITextField (= 2.0.6)
    - TMUIComponents/TMUIWidgets/TMUITextView (= 2.0.6)
    - TMUICore
    - TMUIExtensions
  - TMUIComponents/TMUIWidgets/TMUIButton (2.0.6):
    - Masonry
    - TMUICore
    - TMUIExtensions
  - TMUIComponents/TMUIWidgets/TMUILabel (2.0.6):
    - Masonry
    - TMUICore
    - TMUIExtensions
  - TMUIComponents/TMUIWidgets/TMUISegmentedControl (2.0.6):
    - Masonry
    - TMUICore
    - TMUIExtensions
  - TMUIComponents/TMUIWidgets/TMUISlider (2.0.6):
    - Masonry
    - TMUICore
    - TMUIExtensions
  - TMUIComponents/TMUIWidgets/TMUITextField (2.0.6):
    - Masonry
    - TMUICore
    - TMUIExtensions
  - TMUIComponents/TMUIWidgets/TMUITextView (2.0.6):
    - Masonry
    - TMUICore
    - TMUIExtensions
  - TMUICore (2.0.14)
  - TMUIExtensions (2.0.6):
    - TMUICore
    - TMUIExtensions/Foundation (= 2.0.6)
    - TMUIExtensions/UIKit (= 2.0.6)
  - TMUIExtensions/Foundation (2.0.6):
    - TMUICore
  - TMUIExtensions/UIKit (2.0.6):
    - TMUICore
    - TMUIExtensions/Foundation
  - YYKit (1.0.9):
    - YYKit/no-arc (= 1.0.9)
  - YYKit/no-arc (1.0.9)

DEPENDENCIES:
  - AFNetworking
  - ChainUIKit
  - IQKeyboardManager
  - LookinServer
  - Lottie
  - MBProgressHUD
  - MJExtension
  - MJRefresh
  - ReactiveObjC
  - TMEmptyView
  - TMToast
  - TMUIComponents (from `https://github.com/chengzongxin/TMUIKit.git`)
  - TMUICore (from `https://github.com/chengzongxin/TMUIKit.git`)
  - TMUIExtensions (from `https://github.com/chengzongxin/TMUIKit.git`)
  - YYKit

SPEC REPOS:
  "git@repo.we.com:ios/tspecsrepo.git":
    - Lottie
    - TMEmptyView
    - TMToast
  https://github.com/CocoaPods/Specs.git:
    - AFNetworking
    - ChainUIKit
    - IQKeyboardManager
    - LookinServer
    - Masonry
    - MBProgressHUD
    - MJExtension
    - MJRefresh
    - ReactiveObjC
    - YYKit

EXTERNAL SOURCES:
  TMUIComponents:
    :git: https://github.com/chengzongxin/TMUIKit.git
  TMUICore:
    :git: https://github.com/chengzongxin/TMUIKit.git
  TMUIExtensions:
    :git: https://github.com/chengzongxin/TMUIKit.git

CHECKOUT OPTIONS:
  TMUIComponents:
    :commit: 26b7de2add0597521669feab5c505cc2d86c145d
    :git: https://github.com/chengzongxin/TMUIKit.git
  TMUICore:
    :commit: 26b7de2add0597521669feab5c505cc2d86c145d
    :git: https://github.com/chengzongxin/TMUIKit.git
  TMUIExtensions:
    :commit: 26b7de2add0597521669feab5c505cc2d86c145d
    :git: https://github.com/chengzongxin/TMUIKit.git

SPEC CHECKSUMS:
  AFNetworking: 7864c38297c79aaca1500c33288e429c3451fdce
  ChainUIKit: 6796a2c31bece87575c16014f249de6673d5e7f6
  IQKeyboardManager: 45a1fa55c1a5b02c61ac0fd7fd5b62bb4ad20d97
  LookinServer: 743c1681771d0a8dcc38825325a080c3186404a5
  Lottie: dfaf1dd45c3221e574199cd68d87ac94f58894e3
  Masonry: 678fab65091a9290e40e2832a55e7ab731aad201
  MBProgressHUD: 3ee5efcc380f6a79a7cc9b363dd669c5e1ae7406
  MJExtension: 21c5f6f8c4d5d8844b7ae8fbae08fed0b501f961
  MJRefresh: fdf5e979eb406a0341468932d1dfc8b7f9fce961
  ReactiveObjC: 011caa393aa0383245f2dcf9bf02e86b80b36040
  TMEmptyView: 8b412988dff4645b0cccab14bc81c1d0f3624eab
  TMToast: fc27b1e26653252ba220e2c208dbb73ac5abb786
  TMUIComponents: 6cde0870d5fbedcabf511ae59d5847dd8d433d8f
  TMUICore: b545494a4416c4a08c0bbebbff92b5f1f1c19c3a
  TMUIExtensions: 6a8e7548208c6cc45c1d8b61202ac0320abb2745
  YYKit: 7cda43304a8dc3696c449041e2cb3107b4e236e7

PODFILE CHECKSUM: 197cb19e3494f4afd307019b86acb0e03bc9d4ca

COCOAPODS: 1.11.3
