// !$*UTF8*$!
{
	archiveVersion = 1;
	classes = {
	};
	objectVersion = 51;
	objects = {

/* Begin PBXBuildFile section */
		160106E12553DD8000FE4B77 /* AppDelegate.m in Sources */ = {isa = PBXBuildFile; fileRef = 160106E02553DD8000FE4B77 /* AppDelegate.m */; };
		160106E42553DD8000FE4B77 /* SceneDelegate.m in Sources */ = {isa = PBXBuildFile; fileRef = 160106E32553DD8000FE4B77 /* SceneDelegate.m */; };
		160106EA2553DD8000FE4B77 /* Main.storyboard in Resources */ = {isa = PBXBuildFile; fileRef = 160106E82553DD8000FE4B77 /* Main.storyboard */; };
		160106EC2553DD8000FE4B77 /* Assets.xcassets in Resources */ = {isa = PBXBuildFile; fileRef = 160106EB2553DD8000FE4B77 /* Assets.xcassets */; };
		160106EF2553DD8000FE4B77 /* LaunchScreen.storyboard in Resources */ = {isa = PBXBuildFile; fileRef = 160106ED2553DD8000FE4B77 /* LaunchScreen.storyboard */; };
		160106F22553DD8000FE4B77 /* main.m in Sources */ = {isa = PBXBuildFile; fileRef = 160106F12553DD8000FE4B77 /* main.m */; };
		160106FC2553DD8100FE4B77 /* DemoTests.m in Sources */ = {isa = PBXBuildFile; fileRef = 160106FB2553DD8100FE4B77 /* DemoTests.m */; };
		160107072553DD8100FE4B77 /* DemoUITests.m in Sources */ = {isa = PBXBuildFile; fileRef = 160107062553DD8100FE4B77 /* DemoUITests.m */; };
		1601076C2553EA2800FE4B77 /* THKView.m in Sources */ = {isa = PBXBuildFile; fileRef = 1601076B2553EA2700FE4B77 /* THKView.m */; };
		160107722553EA3400FE4B77 /* THKViewModel.m in Sources */ = {isa = PBXBuildFile; fileRef = 160107702553EA3300FE4B77 /* THKViewModel.m */; };
		16699B6125D0CF5E00B7F43B /* ViewController.m in Sources */ = {isa = PBXBuildFile; fileRef = 16699B6025D0CF5E00B7F43B /* ViewController.m */; };
		1677D11125A2FE2800F3E6C8 /* InjectionIIIHelper.m in Sources */ = {isa = PBXBuildFile; fileRef = 1677D11025A2FE2800F3E6C8 /* InjectionIIIHelper.m */; };
		16F3B69E2586F40600E5ADE4 /* THKViewController.m in Sources */ = {isa = PBXBuildFile; fileRef = 16F3B69D2586F40600E5ADE4 /* THKViewController.m */; };
		52C516C851585D71E62A73D5 /* Pods_Demo_DemoUITests.framework in Frameworks */ = {isa = PBXBuildFile; fileRef = 3C3BBBCE07C84A21813F2664 /* Pods_Demo_DemoUITests.framework */; };
		6F77A8EE9D14FCE392BD835F /* Pods_DemoTests.framework in Frameworks */ = {isa = PBXBuildFile; fileRef = 12D3BA603DDF9B8410FAD81B /* Pods_DemoTests.framework */; };
		C22508FBFE83E454C360C944 /* Pods_Demo.framework in Frameworks */ = {isa = PBXBuildFile; fileRef = 9D168DD537E7BC7FA0C76927 /* Pods_Demo.framework */; };
/* End PBXBuildFile section */

/* Begin PBXContainerItemProxy section */
		160106F82553DD8100FE4B77 /* PBXContainerItemProxy */ = {
			isa = PBXContainerItemProxy;
			containerPortal = 160106D42553DD8000FE4B77 /* Project object */;
			proxyType = 1;
			remoteGlobalIDString = 160106DB2553DD8000FE4B77;
			remoteInfo = Demo;
		};
		160107032553DD8100FE4B77 /* PBXContainerItemProxy */ = {
			isa = PBXContainerItemProxy;
			containerPortal = 160106D42553DD8000FE4B77 /* Project object */;
			proxyType = 1;
			remoteGlobalIDString = 160106DB2553DD8000FE4B77;
			remoteInfo = Demo;
		};
/* End PBXContainerItemProxy section */

/* Begin PBXFileReference section */
		12D3BA603DDF9B8410FAD81B /* Pods_DemoTests.framework */ = {isa = PBXFileReference; explicitFileType = wrapper.framework; includeInIndex = 0; path = Pods_DemoTests.framework; sourceTree = BUILT_PRODUCTS_DIR; };
		160106DC2553DD8000FE4B77 /* Demo.app */ = {isa = PBXFileReference; explicitFileType = wrapper.application; includeInIndex = 0; path = Demo.app; sourceTree = BUILT_PRODUCTS_DIR; };
		160106DF2553DD8000FE4B77 /* AppDelegate.h */ = {isa = PBXFileReference; lastKnownFileType = sourcecode.c.h; path = AppDelegate.h; sourceTree = "<group>"; };
		160106E02553DD8000FE4B77 /* AppDelegate.m */ = {isa = PBXFileReference; lastKnownFileType = sourcecode.c.objc; path = AppDelegate.m; sourceTree = "<group>"; };
		160106E22553DD8000FE4B77 /* SceneDelegate.h */ = {isa = PBXFileReference; lastKnownFileType = sourcecode.c.h; path = SceneDelegate.h; sourceTree = "<group>"; };
		160106E32553DD8000FE4B77 /* SceneDelegate.m */ = {isa = PBXFileReference; lastKnownFileType = sourcecode.c.objc; path = SceneDelegate.m; sourceTree = "<group>"; };
		160106E92553DD8000FE4B77 /* Base */ = {isa = PBXFileReference; lastKnownFileType = file.storyboard; name = Base; path = Base.lproj/Main.storyboard; sourceTree = "<group>"; };
		160106EB2553DD8000FE4B77 /* Assets.xcassets */ = {isa = PBXFileReference; lastKnownFileType = folder.assetcatalog; path = Assets.xcassets; sourceTree = "<group>"; };
		160106EE2553DD8000FE4B77 /* Base */ = {isa = PBXFileReference; lastKnownFileType = file.storyboard; name = Base; path = Base.lproj/LaunchScreen.storyboard; sourceTree = "<group>"; };
		160106F02553DD8000FE4B77 /* Info.plist */ = {isa = PBXFileReference; lastKnownFileType = text.plist.xml; path = Info.plist; sourceTree = "<group>"; };
		160106F12553DD8000FE4B77 /* main.m */ = {isa = PBXFileReference; lastKnownFileType = sourcecode.c.objc; path = main.m; sourceTree = "<group>"; };
		160106F72553DD8100FE4B77 /* DemoTests.xctest */ = {isa = PBXFileReference; explicitFileType = wrapper.cfbundle; includeInIndex = 0; path = DemoTests.xctest; sourceTree = BUILT_PRODUCTS_DIR; };
		160106FB2553DD8100FE4B77 /* DemoTests.m */ = {isa = PBXFileReference; lastKnownFileType = sourcecode.c.objc; path = DemoTests.m; sourceTree = "<group>"; };
		160106FD2553DD8100FE4B77 /* Info.plist */ = {isa = PBXFileReference; lastKnownFileType = text.plist.xml; path = Info.plist; sourceTree = "<group>"; };
		160107022553DD8100FE4B77 /* DemoUITests.xctest */ = {isa = PBXFileReference; explicitFileType = wrapper.cfbundle; includeInIndex = 0; path = DemoUITests.xctest; sourceTree = BUILT_PRODUCTS_DIR; };
		160107062553DD8100FE4B77 /* DemoUITests.m */ = {isa = PBXFileReference; lastKnownFileType = sourcecode.c.objc; path = DemoUITests.m; sourceTree = "<group>"; };
		160107082553DD8100FE4B77 /* Info.plist */ = {isa = PBXFileReference; lastKnownFileType = text.plist.xml; path = Info.plist; sourceTree = "<group>"; };
		160107372553DFDC00FE4B77 /* PrefixHeader.pch */ = {isa = PBXFileReference; lastKnownFileType = sourcecode.c.h; path = PrefixHeader.pch; sourceTree = "<group>"; };
		1601076A2553EA2700FE4B77 /* THKView.h */ = {isa = PBXFileReference; fileEncoding = 4; lastKnownFileType = sourcecode.c.h; path = THKView.h; sourceTree = "<group>"; };
		1601076B2553EA2700FE4B77 /* THKView.m */ = {isa = PBXFileReference; fileEncoding = 4; lastKnownFileType = sourcecode.c.objc; path = THKView.m; sourceTree = "<group>"; };
		160107702553EA3300FE4B77 /* THKViewModel.m */ = {isa = PBXFileReference; fileEncoding = 4; lastKnownFileType = sourcecode.c.objc; path = THKViewModel.m; sourceTree = "<group>"; };
		160107712553EA3300FE4B77 /* THKViewModel.h */ = {isa = PBXFileReference; fileEncoding = 4; lastKnownFileType = sourcecode.c.h; path = THKViewModel.h; sourceTree = "<group>"; };
		16699B5F25D0CF5E00B7F43B /* ViewController.h */ = {isa = PBXFileReference; lastKnownFileType = sourcecode.c.h; path = ViewController.h; sourceTree = "<group>"; };
		16699B6025D0CF5E00B7F43B /* ViewController.m */ = {isa = PBXFileReference; lastKnownFileType = sourcecode.c.objc; path = ViewController.m; sourceTree = "<group>"; };
		1677D10F25A2FE2800F3E6C8 /* InjectionIIIHelper.h */ = {isa = PBXFileReference; fileEncoding = 4; lastKnownFileType = sourcecode.c.h; path = InjectionIIIHelper.h; sourceTree = "<group>"; };
		1677D11025A2FE2800F3E6C8 /* InjectionIIIHelper.m */ = {isa = PBXFileReference; fileEncoding = 4; lastKnownFileType = sourcecode.c.objc; path = InjectionIIIHelper.m; sourceTree = "<group>"; };
		16F3B69C2586F40600E5ADE4 /* THKViewController.h */ = {isa = PBXFileReference; lastKnownFileType = sourcecode.c.h; path = THKViewController.h; sourceTree = "<group>"; };
		16F3B69D2586F40600E5ADE4 /* THKViewController.m */ = {isa = PBXFileReference; lastKnownFileType = sourcecode.c.objc; path = THKViewController.m; sourceTree = "<group>"; };
		3A9BD9C2D8C584757EF12711 /* Pods-DemoTests.debug.xcconfig */ = {isa = PBXFileReference; includeInIndex = 1; lastKnownFileType = text.xcconfig; name = "Pods-DemoTests.debug.xcconfig"; path = "Target Support Files/Pods-DemoTests/Pods-DemoTests.debug.xcconfig"; sourceTree = "<group>"; };
		3B271C6912A85D06F5128169 /* Pods-Demo.debug.xcconfig */ = {isa = PBXFileReference; includeInIndex = 1; lastKnownFileType = text.xcconfig; name = "Pods-Demo.debug.xcconfig"; path = "Target Support Files/Pods-Demo/Pods-Demo.debug.xcconfig"; sourceTree = "<group>"; };
		3C3BBBCE07C84A21813F2664 /* Pods_Demo_DemoUITests.framework */ = {isa = PBXFileReference; explicitFileType = wrapper.framework; includeInIndex = 0; path = Pods_Demo_DemoUITests.framework; sourceTree = BUILT_PRODUCTS_DIR; };
		4E7298D4AB16D8B0D6F9D99E /* Pods-Demo-DemoUITests.release.xcconfig */ = {isa = PBXFileReference; includeInIndex = 1; lastKnownFileType = text.xcconfig; name = "Pods-Demo-DemoUITests.release.xcconfig"; path = "Target Support Files/Pods-Demo-DemoUITests/Pods-Demo-DemoUITests.release.xcconfig"; sourceTree = "<group>"; };
		9D168DD537E7BC7FA0C76927 /* Pods_Demo.framework */ = {isa = PBXFileReference; explicitFileType = wrapper.framework; includeInIndex = 0; path = Pods_Demo.framework; sourceTree = BUILT_PRODUCTS_DIR; };
		B6DCD3B2C996E7E8DE7049E3 /* Pods-Demo.release.xcconfig */ = {isa = PBXFileReference; includeInIndex = 1; lastKnownFileType = text.xcconfig; name = "Pods-Demo.release.xcconfig"; path = "Target Support Files/Pods-Demo/Pods-Demo.release.xcconfig"; sourceTree = "<group>"; };
		DA4F4B6E452B1CE1464732BE /* Pods-Demo-DemoUITests.debug.xcconfig */ = {isa = PBXFileReference; includeInIndex = 1; lastKnownFileType = text.xcconfig; name = "Pods-Demo-DemoUITests.debug.xcconfig"; path = "Target Support Files/Pods-Demo-DemoUITests/Pods-Demo-DemoUITests.debug.xcconfig"; sourceTree = "<group>"; };
		E18AEF76D07CD29673E8F22B /* Pods-DemoTests.release.xcconfig */ = {isa = PBXFileReference; includeInIndex = 1; lastKnownFileType = text.xcconfig; name = "Pods-DemoTests.release.xcconfig"; path = "Target Support Files/Pods-DemoTests/Pods-DemoTests.release.xcconfig"; sourceTree = "<group>"; };
/* End PBXFileReference section */

/* Begin PBXFrameworksBuildPhase section */
		160106D92553DD8000FE4B77 /* Frameworks */ = {
			isa = PBXFrameworksBuildPhase;
			buildActionMask = 2147483647;
			files = (
				C22508FBFE83E454C360C944 /* Pods_Demo.framework in Frameworks */,
			);
			runOnlyForDeploymentPostprocessing = 0;
		};
		160106F42553DD8100FE4B77 /* Frameworks */ = {
			isa = PBXFrameworksBuildPhase;
			buildActionMask = 2147483647;
			files = (
				6F77A8EE9D14FCE392BD835F /* Pods_DemoTests.framework in Frameworks */,
			);
			runOnlyForDeploymentPostprocessing = 0;
		};
		160106FF2553DD8100FE4B77 /* Frameworks */ = {
			isa = PBXFrameworksBuildPhase;
			buildActionMask = 2147483647;
			files = (
				52C516C851585D71E62A73D5 /* Pods_Demo_DemoUITests.framework in Frameworks */,
			);
			runOnlyForDeploymentPostprocessing = 0;
		};
/* End PBXFrameworksBuildPhase section */

/* Begin PBXGroup section */
		160106D32553DD8000FE4B77 = {
			isa = PBXGroup;
			children = (
				160106DE2553DD8000FE4B77 /* Demo */,
				160106FA2553DD8100FE4B77 /* DemoTests */,
				160107052553DD8100FE4B77 /* DemoUITests */,
				160106DD2553DD8000FE4B77 /* Products */,
				863C150325C51CDA1727051D /* Pods */,
				A2B6A7B56530DB06D858E6DE /* Frameworks */,
			);
			sourceTree = "<group>";
		};
		160106DD2553DD8000FE4B77 /* Products */ = {
			isa = PBXGroup;
			children = (
				160106DC2553DD8000FE4B77 /* Demo.app */,
				160106F72553DD8100FE4B77 /* DemoTests.xctest */,
				160107022553DD8100FE4B77 /* DemoUITests.xctest */,
			);
			name = Products;
			sourceTree = "<group>";
		};
		160106DE2553DD8000FE4B77 /* Demo */ = {
			isa = PBXGroup;
			children = (
				160106DF2553DD8000FE4B77 /* AppDelegate.h */,
				160106E02553DD8000FE4B77 /* AppDelegate.m */,
				160106E22553DD8000FE4B77 /* SceneDelegate.h */,
				160106E32553DD8000FE4B77 /* SceneDelegate.m */,
				16699B5F25D0CF5E00B7F43B /* ViewController.h */,
				16699B6025D0CF5E00B7F43B /* ViewController.m */,
				160106E82553DD8000FE4B77 /* Main.storyboard */,
				160106EB2553DD8000FE4B77 /* Assets.xcassets */,
				160106ED2553DD8000FE4B77 /* LaunchScreen.storyboard */,
				160106F02553DD8000FE4B77 /* Info.plist */,
				160106F12553DD8000FE4B77 /* main.m */,
				160107372553DFDC00FE4B77 /* PrefixHeader.pch */,
				1677D10E25A2FE2800F3E6C8 /* InjectionIIIHelper */,
				160107692553EA1A00FE4B77 /* BaseSection */,
			);
			path = Demo;
			sourceTree = "<group>";
		};
		160106FA2553DD8100FE4B77 /* DemoTests */ = {
			isa = PBXGroup;
			children = (
				160106FB2553DD8100FE4B77 /* DemoTests.m */,
				160106FD2553DD8100FE4B77 /* Info.plist */,
			);
			path = DemoTests;
			sourceTree = "<group>";
		};
		160107052553DD8100FE4B77 /* DemoUITests */ = {
			isa = PBXGroup;
			children = (
				160107062553DD8100FE4B77 /* DemoUITests.m */,
				160107082553DD8100FE4B77 /* Info.plist */,
			);
			path = DemoUITests;
			sourceTree = "<group>";
		};
		160107692553EA1A00FE4B77 /* BaseSection */ = {
			isa = PBXGroup;
			children = (
				16C532CC25761E1600210A3C /* BaseViewModel */,
			);
			path = BaseSection;
			sourceTree = "<group>";
		};
		1677D10E25A2FE2800F3E6C8 /* InjectionIIIHelper */ = {
			isa = PBXGroup;
			children = (
				1677D10F25A2FE2800F3E6C8 /* InjectionIIIHelper.h */,
				1677D11025A2FE2800F3E6C8 /* InjectionIIIHelper.m */,
			);
			path = InjectionIIIHelper;
			sourceTree = "<group>";
		};
		16C532CC25761E1600210A3C /* BaseViewModel */ = {
			isa = PBXGroup;
			children = (
				1601076A2553EA2700FE4B77 /* THKView.h */,
				1601076B2553EA2700FE4B77 /* THKView.m */,
				160107712553EA3300FE4B77 /* THKViewModel.h */,
				160107702553EA3300FE4B77 /* THKViewModel.m */,
				16F3B69C2586F40600E5ADE4 /* THKViewController.h */,
				16F3B69D2586F40600E5ADE4 /* THKViewController.m */,
			);
			path = BaseViewModel;
			sourceTree = "<group>";
		};
		863C150325C51CDA1727051D /* Pods */ = {
			isa = PBXGroup;
			children = (
				3B271C6912A85D06F5128169 /* Pods-Demo.debug.xcconfig */,
				B6DCD3B2C996E7E8DE7049E3 /* Pods-Demo.release.xcconfig */,
				DA4F4B6E452B1CE1464732BE /* Pods-Demo-DemoUITests.debug.xcconfig */,
				4E7298D4AB16D8B0D6F9D99E /* Pods-Demo-DemoUITests.release.xcconfig */,
				3A9BD9C2D8C584757EF12711 /* Pods-DemoTests.debug.xcconfig */,
				E18AEF76D07CD29673E8F22B /* Pods-DemoTests.release.xcconfig */,
			);
			path = Pods;
			sourceTree = "<group>";
		};
		A2B6A7B56530DB06D858E6DE /* Frameworks */ = {
			isa = PBXGroup;
			children = (
				9D168DD537E7BC7FA0C76927 /* Pods_Demo.framework */,
				3C3BBBCE07C84A21813F2664 /* Pods_Demo_DemoUITests.framework */,
				12D3BA603DDF9B8410FAD81B /* Pods_DemoTests.framework */,
			);
			name = Frameworks;
			sourceTree = "<group>";
		};
/* End PBXGroup section */

/* Begin PBXNativeTarget section */
		160106DB2553DD8000FE4B77 /* Demo */ = {
			isa = PBXNativeTarget;
			buildConfigurationList = 1601070B2553DD8100FE4B77 /* Build configuration list for PBXNativeTarget "Demo" */;
			buildPhases = (
				23825C5A60CC1627893E31C0 /* [CP] Check Pods Manifest.lock */,
				160106D82553DD8000FE4B77 /* Sources */,
				160106D92553DD8000FE4B77 /* Frameworks */,
				160106DA2553DD8000FE4B77 /* Resources */,
				24AC360ACEB837124CD439D5 /* [CP] Embed Pods Frameworks */,
			);
			buildRules = (
			);
			dependencies = (
			);
			name = Demo;
			productName = Demo;
			productReference = 160106DC2553DD8000FE4B77 /* Demo.app */;
			productType = "com.apple.product-type.application";
		};
		160106F62553DD8100FE4B77 /* DemoTests */ = {
			isa = PBXNativeTarget;
			buildConfigurationList = 1601070E2553DD8100FE4B77 /* Build configuration list for PBXNativeTarget "DemoTests" */;
			buildPhases = (
				76C341A983CF6891AA23DED5 /* [CP] Check Pods Manifest.lock */,
				160106F32553DD8100FE4B77 /* Sources */,
				160106F42553DD8100FE4B77 /* Frameworks */,
				160106F52553DD8100FE4B77 /* Resources */,
			);
			buildRules = (
			);
			dependencies = (
				160106F92553DD8100FE4B77 /* PBXTargetDependency */,
			);
			name = DemoTests;
			productName = DemoTests;
			productReference = 160106F72553DD8100FE4B77 /* DemoTests.xctest */;
			productType = "com.apple.product-type.bundle.unit-test";
		};
		160107012553DD8100FE4B77 /* DemoUITests */ = {
			isa = PBXNativeTarget;
			buildConfigurationList = 160107112553DD8100FE4B77 /* Build configuration list for PBXNativeTarget "DemoUITests" */;
			buildPhases = (
				AA954CE71A452C6804CF4068 /* [CP] Check Pods Manifest.lock */,
				160106FE2553DD8100FE4B77 /* Sources */,
				160106FF2553DD8100FE4B77 /* Frameworks */,
				160107002553DD8100FE4B77 /* Resources */,
				327B9F2229792D2194A16356 /* [CP] Embed Pods Frameworks */,
			);
			buildRules = (
			);
			dependencies = (
				160107042553DD8100FE4B77 /* PBXTargetDependency */,
			);
			name = DemoUITests;
			productName = DemoUITests;
			productReference = 160107022553DD8100FE4B77 /* DemoUITests.xctest */;
			productType = "com.apple.product-type.bundle.ui-testing";
		};
/* End PBXNativeTarget section */

/* Begin PBXProject section */
		160106D42553DD8000FE4B77 /* Project object */ = {
			isa = PBXProject;
			attributes = {
				LastUpgradeCheck = 1210;
				TargetAttributes = {
					160106DB2553DD8000FE4B77 = {
						CreatedOnToolsVersion = 12.1;
					};
					160106F62553DD8100FE4B77 = {
						CreatedOnToolsVersion = 12.1;
						TestTargetID = 160106DB2553DD8000FE4B77;
					};
					160107012553DD8100FE4B77 = {
						CreatedOnToolsVersion = 12.1;
						TestTargetID = 160106DB2553DD8000FE4B77;
					};
				};
			};
			buildConfigurationList = 160106D72553DD8000FE4B77 /* Build configuration list for PBXProject "Demo" */;
			compatibilityVersion = "Xcode 9.3";
			developmentRegion = en;
			hasScannedForEncodings = 0;
			knownRegions = (
				en,
				Base,
			);
			mainGroup = 160106D32553DD8000FE4B77;
			productRefGroup = 160106DD2553DD8000FE4B77 /* Products */;
			projectDirPath = "";
			projectRoot = "";
			targets = (
				160106DB2553DD8000FE4B77 /* Demo */,
				160106F62553DD8100FE4B77 /* DemoTests */,
				160107012553DD8100FE4B77 /* DemoUITests */,
			);
		};
/* End PBXProject section */

/* Begin PBXResourcesBuildPhase section */
		160106DA2553DD8000FE4B77 /* Resources */ = {
			isa = PBXResourcesBuildPhase;
			buildActionMask = 2147483647;
			files = (
				160106EF2553DD8000FE4B77 /* LaunchScreen.storyboard in Resources */,
				160106EC2553DD8000FE4B77 /* Assets.xcassets in Resources */,
				160106EA2553DD8000FE4B77 /* Main.storyboard in Resources */,
			);
			runOnlyForDeploymentPostprocessing = 0;
		};
		160106F52553DD8100FE4B77 /* Resources */ = {
			isa = PBXResourcesBuildPhase;
			buildActionMask = 2147483647;
			files = (
			);
			runOnlyForDeploymentPostprocessing = 0;
		};
		160107002553DD8100FE4B77 /* Resources */ = {
			isa = PBXResourcesBuildPhase;
			buildActionMask = 2147483647;
			files = (
			);
			runOnlyForDeploymentPostprocessing = 0;
		};
/* End PBXResourcesBuildPhase section */

/* Begin PBXShellScriptBuildPhase section */
		23825C5A60CC1627893E31C0 /* [CP] Check Pods Manifest.lock */ = {
			isa = PBXShellScriptBuildPhase;
			buildActionMask = 2147483647;
			files = (
			);
			inputFileListPaths = (
			);
			inputPaths = (
				"${PODS_PODFILE_DIR_PATH}/Podfile.lock",
				"${PODS_ROOT}/Manifest.lock",
			);
			name = "[CP] Check Pods Manifest.lock";
			outputFileListPaths = (
			);
			outputPaths = (
				"$(DERIVED_FILE_DIR)/Pods-Demo-checkManifestLockResult.txt",
			);
			runOnlyForDeploymentPostprocessing = 0;
			shellPath = /bin/sh;
			shellScript = "diff \"${PODS_PODFILE_DIR_PATH}/Podfile.lock\" \"${PODS_ROOT}/Manifest.lock\" > /dev/null\nif [ $? != 0 ] ; then\n    # print error to STDERR\n    echo \"error: The sandbox is not in sync with the Podfile.lock. Run 'pod install' or update your CocoaPods installation.\" >&2\n    exit 1\nfi\n# This output is used by Xcode 'outputs' to avoid re-running this script phase.\necho \"SUCCESS\" > \"${SCRIPT_OUTPUT_FILE_0}\"\n";
			showEnvVarsInLog = 0;
		};
		24AC360ACEB837124CD439D5 /* [CP] Embed Pods Frameworks */ = {
			isa = PBXShellScriptBuildPhase;
			buildActionMask = 2147483647;
			files = (
			);
			inputFileListPaths = (
				"${PODS_ROOT}/Target Support Files/Pods-Demo/Pods-Demo-frameworks-${CONFIGURATION}-input-files.xcfilelist",
			);
			name = "[CP] Embed Pods Frameworks";
			outputFileListPaths = (
				"${PODS_ROOT}/Target Support Files/Pods-Demo/Pods-Demo-frameworks-${CONFIGURATION}-output-files.xcfilelist",
			);
			runOnlyForDeploymentPostprocessing = 0;
			shellPath = /bin/sh;
			shellScript = "\"${PODS_ROOT}/Target Support Files/Pods-Demo/Pods-Demo-frameworks.sh\"\n";
			showEnvVarsInLog = 0;
		};
		327B9F2229792D2194A16356 /* [CP] Embed Pods Frameworks */ = {
			isa = PBXShellScriptBuildPhase;
			buildActionMask = 2147483647;
			files = (
			);
			inputFileListPaths = (
				"${PODS_ROOT}/Target Support Files/Pods-Demo-DemoUITests/Pods-Demo-DemoUITests-frameworks-${CONFIGURATION}-input-files.xcfilelist",
			);
			name = "[CP] Embed Pods Frameworks";
			outputFileListPaths = (
				"${PODS_ROOT}/Target Support Files/Pods-Demo-DemoUITests/Pods-Demo-DemoUITests-frameworks-${CONFIGURATION}-output-files.xcfilelist",
			);
			runOnlyForDeploymentPostprocessing = 0;
			shellPath = /bin/sh;
			shellScript = "\"${PODS_ROOT}/Target Support Files/Pods-Demo-DemoUITests/Pods-Demo-DemoUITests-frameworks.sh\"\n";
			showEnvVarsInLog = 0;
		};
		76C341A983CF6891AA23DED5 /* [CP] Check Pods Manifest.lock */ = {
			isa = PBXShellScriptBuildPhase;
			buildActionMask = 2147483647;
			files = (
			);
			inputFileListPaths = (
			);
			inputPaths = (
				"${PODS_PODFILE_DIR_PATH}/Podfile.lock",
				"${PODS_ROOT}/Manifest.lock",
			);
			name = "[CP] Check Pods Manifest.lock";
			outputFileListPaths = (
			);
			outputPaths = (
				"$(DERIVED_FILE_DIR)/Pods-DemoTests-checkManifestLockResult.txt",
			);
			runOnlyForDeploymentPostprocessing = 0;
			shellPath = /bin/sh;
			shellScript = "diff \"${PODS_PODFILE_DIR_PATH}/Podfile.lock\" \"${PODS_ROOT}/Manifest.lock\" > /dev/null\nif [ $? != 0 ] ; then\n    # print error to STDERR\n    echo \"error: The sandbox is not in sync with the Podfile.lock. Run 'pod install' or update your CocoaPods installation.\" >&2\n    exit 1\nfi\n# This output is used by Xcode 'outputs' to avoid re-running this script phase.\necho \"SUCCESS\" > \"${SCRIPT_OUTPUT_FILE_0}\"\n";
			showEnvVarsInLog = 0;
		};
		AA954CE71A452C6804CF4068 /* [CP] Check Pods Manifest.lock */ = {
			isa = PBXShellScriptBuildPhase;
			buildActionMask = 2147483647;
			files = (
			);
			inputFileListPaths = (
			);
			inputPaths = (
				"${PODS_PODFILE_DIR_PATH}/Podfile.lock",
				"${PODS_ROOT}/Manifest.lock",
			);
			name = "[CP] Check Pods Manifest.lock";
			outputFileListPaths = (
			);
			outputPaths = (
				"$(DERIVED_FILE_DIR)/Pods-Demo-DemoUITests-checkManifestLockResult.txt",
			);
			runOnlyForDeploymentPostprocessing = 0;
			shellPath = /bin/sh;
			shellScript = "diff \"${PODS_PODFILE_DIR_PATH}/Podfile.lock\" \"${PODS_ROOT}/Manifest.lock\" > /dev/null\nif [ $? != 0 ] ; then\n    # print error to STDERR\n    echo \"error: The sandbox is not in sync with the Podfile.lock. Run 'pod install' or update your CocoaPods installation.\" >&2\n    exit 1\nfi\n# This output is used by Xcode 'outputs' to avoid re-running this script phase.\necho \"SUCCESS\" > \"${SCRIPT_OUTPUT_FILE_0}\"\n";
			showEnvVarsInLog = 0;
		};
/* End PBXShellScriptBuildPhase section */

/* Begin PBXSourcesBuildPhase section */
		160106D82553DD8000FE4B77 /* Sources */ = {
			isa = PBXSourcesBuildPhase;
			buildActionMask = 2147483647;
			files = (
				160106E12553DD8000FE4B77 /* AppDelegate.m in Sources */,
				160107722553EA3400FE4B77 /* THKViewModel.m in Sources */,
				1677D11125A2FE2800F3E6C8 /* InjectionIIIHelper.m in Sources */,
				160106F22553DD8000FE4B77 /* main.m in Sources */,
				160106E42553DD8000FE4B77 /* SceneDelegate.m in Sources */,
				1601076C2553EA2800FE4B77 /* THKView.m in Sources */,
				16699B6125D0CF5E00B7F43B /* ViewController.m in Sources */,
				16F3B69E2586F40600E5ADE4 /* THKViewController.m in Sources */,
			);
			runOnlyForDeploymentPostprocessing = 0;
		};
		160106F32553DD8100FE4B77 /* Sources */ = {
			isa = PBXSourcesBuildPhase;
			buildActionMask = 2147483647;
			files = (
				160106FC2553DD8100FE4B77 /* DemoTests.m in Sources */,
			);
			runOnlyForDeploymentPostprocessing = 0;
		};
		160106FE2553DD8100FE4B77 /* Sources */ = {
			isa = PBXSourcesBuildPhase;
			buildActionMask = 2147483647;
			files = (
				160107072553DD8100FE4B77 /* DemoUITests.m in Sources */,
			);
			runOnlyForDeploymentPostprocessing = 0;
		};
/* End PBXSourcesBuildPhase section */

/* Begin PBXTargetDependency section */
		160106F92553DD8100FE4B77 /* PBXTargetDependency */ = {
			isa = PBXTargetDependency;
			target = 160106DB2553DD8000FE4B77 /* Demo */;
			targetProxy = 160106F82553DD8100FE4B77 /* PBXContainerItemProxy */;
		};
		160107042553DD8100FE4B77 /* PBXTargetDependency */ = {
			isa = PBXTargetDependency;
			target = 160106DB2553DD8000FE4B77 /* Demo */;
			targetProxy = 160107032553DD8100FE4B77 /* PBXContainerItemProxy */;
		};
/* End PBXTargetDependency section */

/* Begin PBXVariantGroup section */
		160106E82553DD8000FE4B77 /* Main.storyboard */ = {
			isa = PBXVariantGroup;
			children = (
				160106E92553DD8000FE4B77 /* Base */,
			);
			name = Main.storyboard;
			sourceTree = "<group>";
		};
		160106ED2553DD8000FE4B77 /* LaunchScreen.storyboard */ = {
			isa = PBXVariantGroup;
			children = (
				160106EE2553DD8000FE4B77 /* Base */,
			);
			name = LaunchScreen.storyboard;
			sourceTree = "<group>";
		};
/* End PBXVariantGroup section */

/* Begin XCBuildConfiguration section */
		160107092553DD8100FE4B77 /* Debug */ = {
			isa = XCBuildConfiguration;
			buildSettings = {
				ALWAYS_SEARCH_USER_PATHS = NO;
				CLANG_ANALYZER_NONNULL = YES;
				CLANG_ANALYZER_NUMBER_OBJECT_CONVERSION = YES_AGGRESSIVE;
				CLANG_CXX_LANGUAGE_STANDARD = "gnu++14";
				CLANG_CXX_LIBRARY = "libc++";
				CLANG_ENABLE_MODULES = YES;
				CLANG_ENABLE_OBJC_ARC = YES;
				CLANG_ENABLE_OBJC_WEAK = YES;
				CLANG_WARN_BLOCK_CAPTURE_AUTORELEASING = YES;
				CLANG_WARN_BOOL_CONVERSION = YES;
				CLANG_WARN_COMMA = YES;
				CLANG_WARN_CONSTANT_CONVERSION = YES;
				CLANG_WARN_DEPRECATED_OBJC_IMPLEMENTATIONS = YES;
				CLANG_WARN_DIRECT_OBJC_ISA_USAGE = YES_ERROR;
				CLANG_WARN_DOCUMENTATION_COMMENTS = YES;
				CLANG_WARN_EMPTY_BODY = YES;
				CLANG_WARN_ENUM_CONVERSION = YES;
				CLANG_WARN_INFINITE_RECURSION = YES;
				CLANG_WARN_INT_CONVERSION = YES;
				CLANG_WARN_NON_LITERAL_NULL_CONVERSION = YES;
				CLANG_WARN_OBJC_IMPLICIT_RETAIN_SELF = YES;
				CLANG_WARN_OBJC_LITERAL_CONVERSION = YES;
				CLANG_WARN_OBJC_ROOT_CLASS = YES_ERROR;
				CLANG_WARN_QUOTED_INCLUDE_IN_FRAMEWORK_HEADER = YES;
				CLANG_WARN_RANGE_LOOP_ANALYSIS = YES;
				CLANG_WARN_STRICT_PROTOTYPES = YES;
				CLANG_WARN_SUSPICIOUS_MOVE = YES;
				CLANG_WARN_UNGUARDED_AVAILABILITY = YES_AGGRESSIVE;
				CLANG_WARN_UNREACHABLE_CODE = YES;
				CLANG_WARN__DUPLICATE_METHOD_MATCH = YES;
				COPY_PHASE_STRIP = NO;
				DEBUG_INFORMATION_FORMAT = dwarf;
				ENABLE_STRICT_OBJC_MSGSEND = YES;
				ENABLE_TESTABILITY = YES;
				GCC_C_LANGUAGE_STANDARD = gnu11;
				GCC_DYNAMIC_NO_PIC = NO;
				GCC_NO_COMMON_BLOCKS = YES;
				GCC_OPTIMIZATION_LEVEL = 0;
				GCC_PREPROCESSOR_DEFINITIONS = (
					"DEBUG=1",
					"$(inherited)",
				);
				GCC_WARN_64_TO_32_BIT_CONVERSION = YES;
				GCC_WARN_ABOUT_RETURN_TYPE = YES_ERROR;
				GCC_WARN_UNDECLARED_SELECTOR = YES;
				GCC_WARN_UNINITIALIZED_AUTOS = YES_AGGRESSIVE;
				GCC_WARN_UNUSED_FUNCTION = YES;
				GCC_WARN_UNUSED_VARIABLE = YES;
				IPHONEOS_DEPLOYMENT_TARGET = 11.0;
				MTL_ENABLE_DEBUG_INFO = INCLUDE_SOURCE;
				MTL_FAST_MATH = YES;
				ONLY_ACTIVE_ARCH = YES;
				SDKROOT = iphoneos;
			};
			name = Debug;
		};
		1601070A2553DD8100FE4B77 /* Release */ = {
			isa = XCBuildConfiguration;
			buildSettings = {
				ALWAYS_SEARCH_USER_PATHS = NO;
				CLANG_ANALYZER_NONNULL = YES;
				CLANG_ANALYZER_NUMBER_OBJECT_CONVERSION = YES_AGGRESSIVE;
				CLANG_CXX_LANGUAGE_STANDARD = "gnu++14";
				CLANG_CXX_LIBRARY = "libc++";
				CLANG_ENABLE_MODULES = YES;
				CLANG_ENABLE_OBJC_ARC = YES;
				CLANG_ENABLE_OBJC_WEAK = YES;
				CLANG_WARN_BLOCK_CAPTURE_AUTORELEASING = YES;
				CLANG_WARN_BOOL_CONVERSION = YES;
				CLANG_WARN_COMMA = YES;
				CLANG_WARN_CONSTANT_CONVERSION = YES;
				CLANG_WARN_DEPRECATED_OBJC_IMPLEMENTATIONS = YES;
				CLANG_WARN_DIRECT_OBJC_ISA_USAGE = YES_ERROR;
				CLANG_WARN_DOCUMENTATION_COMMENTS = YES;
				CLANG_WARN_EMPTY_BODY = YES;
				CLANG_WARN_ENUM_CONVERSION = YES;
				CLANG_WARN_INFINITE_RECURSION = YES;
				CLANG_WARN_INT_CONVERSION = YES;
				CLANG_WARN_NON_LITERAL_NULL_CONVERSION = YES;
				CLANG_WARN_OBJC_IMPLICIT_RETAIN_SELF = YES;
				CLANG_WARN_OBJC_LITERAL_CONVERSION = YES;
				CLANG_WARN_OBJC_ROOT_CLASS = YES_ERROR;
				CLANG_WARN_QUOTED_INCLUDE_IN_FRAMEWORK_HEADER = YES;
				CLANG_WARN_RANGE_LOOP_ANALYSIS = YES;
				CLANG_WARN_STRICT_PROTOTYPES = YES;
				CLANG_WARN_SUSPICIOUS_MOVE = YES;
				CLANG_WARN_UNGUARDED_AVAILABILITY = YES_AGGRESSIVE;
				CLANG_WARN_UNREACHABLE_CODE = YES;
				CLANG_WARN__DUPLICATE_METHOD_MATCH = YES;
				COPY_PHASE_STRIP = NO;
				DEBUG_INFORMATION_FORMAT = "dwarf-with-dsym";
				ENABLE_NS_ASSERTIONS = NO;
				ENABLE_STRICT_OBJC_MSGSEND = YES;
				GCC_C_LANGUAGE_STANDARD = gnu11;
				GCC_NO_COMMON_BLOCKS = YES;
				GCC_WARN_64_TO_32_BIT_CONVERSION = YES;
				GCC_WARN_ABOUT_RETURN_TYPE = YES_ERROR;
				GCC_WARN_UNDECLARED_SELECTOR = YES;
				GCC_WARN_UNINITIALIZED_AUTOS = YES_AGGRESSIVE;
				GCC_WARN_UNUSED_FUNCTION = YES;
				GCC_WARN_UNUSED_VARIABLE = YES;
				IPHONEOS_DEPLOYMENT_TARGET = 11.0;
				MTL_ENABLE_DEBUG_INFO = NO;
				MTL_FAST_MATH = YES;
				SDKROOT = iphoneos;
				VALIDATE_PRODUCT = YES;
			};
			name = Release;
		};
		1601070C2553DD8100FE4B77 /* Debug */ = {
			isa = XCBuildConfiguration;
			baseConfigurationReference = 3B271C6912A85D06F5128169 /* Pods-Demo.debug.xcconfig */;
			buildSettings = {
				ASSETCATALOG_COMPILER_APPICON_NAME = AppIcon;
				ASSETCATALOG_COMPILER_GLOBAL_ACCENT_COLOR_NAME = AccentColor;
				CODE_SIGN_STYLE = Automatic;
				DEVELOPMENT_TEAM = 5XB293ZE6R;
				GCC_PREFIX_HEADER = "$(SRCROOT)/Demo/PrefixHeader.pch";
				INFOPLIST_FILE = Demo/Info.plist;
				LD_RUNPATH_SEARCH_PATHS = (
					"$(inherited)",
					"@executable_path/Frameworks",
				);
				PRODUCT_BUNDLE_IDENTIFIER = com.czx.demo;
				PRODUCT_NAME = "$(TARGET_NAME)";
				TARGETED_DEVICE_FAMILY = "1,2";
			};
			name = Debug;
		};
		1601070D2553DD8100FE4B77 /* Release */ = {
			isa = XCBuildConfiguration;
			baseConfigurationReference = B6DCD3B2C996E7E8DE7049E3 /* Pods-Demo.release.xcconfig */;
			buildSettings = {
				ASSETCATALOG_COMPILER_APPICON_NAME = AppIcon;
				ASSETCATALOG_COMPILER_GLOBAL_ACCENT_COLOR_NAME = AccentColor;
				CODE_SIGN_STYLE = Automatic;
				DEVELOPMENT_TEAM = 5XB293ZE6R;
				GCC_PREFIX_HEADER = "$(SRCROOT)/Demo/PrefixHeader.pch";
				INFOPLIST_FILE = Demo/Info.plist;
				LD_RUNPATH_SEARCH_PATHS = (
					"$(inherited)",
					"@executable_path/Frameworks",
				);
				PRODUCT_BUNDLE_IDENTIFIER = com.czx.demo;
				PRODUCT_NAME = "$(TARGET_NAME)";
				TARGETED_DEVICE_FAMILY = "1,2";
			};
			name = Release;
		};
		1601070F2553DD8100FE4B77 /* Debug */ = {
			isa = XCBuildConfiguration;
			baseConfigurationReference = 3A9BD9C2D8C584757EF12711 /* Pods-DemoTests.debug.xcconfig */;
			buildSettings = {
				BUNDLE_LOADER = "$(TEST_HOST)";
				CODE_SIGN_STYLE = Automatic;
				INFOPLIST_FILE = DemoTests/Info.plist;
				IPHONEOS_DEPLOYMENT_TARGET = 14.1;
				LD_RUNPATH_SEARCH_PATHS = (
					"$(inherited)",
					"@executable_path/Frameworks",
					"@loader_path/Frameworks",
				);
				PRODUCT_BUNDLE_IDENTIFIER = com.tu8tu.DemoTests;
				PRODUCT_NAME = "$(TARGET_NAME)";
				TARGETED_DEVICE_FAMILY = "1,2";
				TEST_HOST = "$(BUILT_PRODUCTS_DIR)/Demo.app/Demo";
			};
			name = Debug;
		};
		160107102553DD8100FE4B77 /* Release */ = {
			isa = XCBuildConfiguration;
			baseConfigurationReference = E18AEF76D07CD29673E8F22B /* Pods-DemoTests.release.xcconfig */;
			buildSettings = {
				BUNDLE_LOADER = "$(TEST_HOST)";
				CODE_SIGN_STYLE = Automatic;
				INFOPLIST_FILE = DemoTests/Info.plist;
				IPHONEOS_DEPLOYMENT_TARGET = 14.1;
				LD_RUNPATH_SEARCH_PATHS = (
					"$(inherited)",
					"@executable_path/Frameworks",
					"@loader_path/Frameworks",
				);
				PRODUCT_BUNDLE_IDENTIFIER = com.tu8tu.DemoTests;
				PRODUCT_NAME = "$(TARGET_NAME)";
				TARGETED_DEVICE_FAMILY = "1,2";
				TEST_HOST = "$(BUILT_PRODUCTS_DIR)/Demo.app/Demo";
			};
			name = Release;
		};
		160107122553DD8100FE4B77 /* Debug */ = {
			isa = XCBuildConfiguration;
			baseConfigurationReference = DA4F4B6E452B1CE1464732BE /* Pods-Demo-DemoUITests.debug.xcconfig */;
			buildSettings = {
				CODE_SIGN_STYLE = Automatic;
				INFOPLIST_FILE = DemoUITests/Info.plist;
				LD_RUNPATH_SEARCH_PATHS = (
					"$(inherited)",
					"@executable_path/Frameworks",
					"@loader_path/Frameworks",
				);
				PRODUCT_BUNDLE_IDENTIFIER = com.tu8tu.DemoUITests;
				PRODUCT_NAME = "$(TARGET_NAME)";
				TARGETED_DEVICE_FAMILY = "1,2";
				TEST_TARGET_NAME = Demo;
			};
			name = Debug;
		};
		160107132553DD8100FE4B77 /* Release */ = {
			isa = XCBuildConfiguration;
			baseConfigurationReference = 4E7298D4AB16D8B0D6F9D99E /* Pods-Demo-DemoUITests.release.xcconfig */;
			buildSettings = {
				CODE_SIGN_STYLE = Automatic;
				INFOPLIST_FILE = DemoUITests/Info.plist;
				LD_RUNPATH_SEARCH_PATHS = (
					"$(inherited)",
					"@executable_path/Frameworks",
					"@loader_path/Frameworks",
				);
				PRODUCT_BUNDLE_IDENTIFIER = com.tu8tu.DemoUITests;
				PRODUCT_NAME = "$(TARGET_NAME)";
				TARGETED_DEVICE_FAMILY = "1,2";
				TEST_TARGET_NAME = Demo;
			};
			name = Release;
		};
/* End XCBuildConfiguration section */

/* Begin XCConfigurationList section */
		160106D72553DD8000FE4B77 /* Build configuration list for PBXProject "Demo" */ = {
			isa = XCConfigurationList;
			buildConfigurations = (
				160107092553DD8100FE4B77 /* Debug */,
				1601070A2553DD8100FE4B77 /* Release */,
			);
			defaultConfigurationIsVisible = 0;
			defaultConfigurationName = Release;
		};
		1601070B2553DD8100FE4B77 /* Build configuration list for PBXNativeTarget "Demo" */ = {
			isa = XCConfigurationList;
			buildConfigurations = (
				1601070C2553DD8100FE4B77 /* Debug */,
				1601070D2553DD8100FE4B77 /* Release */,
			);
			defaultConfigurationIsVisible = 0;
			defaultConfigurationName = Release;
		};
		1601070E2553DD8100FE4B77 /* Build configuration list for PBXNativeTarget "DemoTests" */ = {
			isa = XCConfigurationList;
			buildConfigurations = (
				1601070F2553DD8100FE4B77 /* Debug */,
				160107102553DD8100FE4B77 /* Release */,
			);
			defaultConfigurationIsVisible = 0;
			defaultConfigurationName = Release;
		};
		160107112553DD8100FE4B77 /* Build configuration list for PBXNativeTarget "DemoUITests" */ = {
			isa = XCConfigurationList;
			buildConfigurations = (
				160107122553DD8100FE4B77 /* Debug */,
				160107132553DD8100FE4B77 /* Release */,
			);
			defaultConfigurationIsVisible = 0;
			defaultConfigurationName = Release;
		};
/* End XCConfigurationList section */
	};
	rootObject = 160106D42553DD8000FE4B77 /* Project object */;
}
