// !$*UTF8*$!
{
	archiveVersion = 1;
	classes = {
	};
	objectVersion = 51;
	objects = {

/* Begin PBXBuildFile section */
		160106E12553DD8000FE4B77 /* AppDelegate.m in Sources */ = {isa = PBXBuildFile; fileRef = 160106E02553DD8000FE4B77 /* AppDelegate.m */; };
		160106E42553DD8000FE4B77 /* SceneDelegate.m in Sources */ = {isa = PBXBuildFile; fileRef = 160106E32553DD8000FE4B77 /* SceneDelegate.m */; };
		160106EA2553DD8000FE4B77 /* Main.storyboard in Resources */ = {isa = PBXBuildFile; fileRef = 160106E82553DD8000FE4B77 /* Main.storyboard */; };
		160106EC2553DD8000FE4B77 /* Assets.xcassets in Resources */ = {isa = PBXBuildFile; fileRef = 160106EB2553DD8000FE4B77 /* Assets.xcassets */; };
		160106EF2553DD8000FE4B77 /* LaunchScreen.storyboard in Resources */ = {isa = PBXBuildFile; fileRef = 160106ED2553DD8000FE4B77 /* LaunchScreen.storyboard */; };
		160106F22553DD8000FE4B77 /* main.m in Sources */ = {isa = PBXBuildFile; fileRef = 160106F12553DD8000FE4B77 /* main.m */; };
		160106FC2553DD8100FE4B77 /* DemoTests.m in Sources */ = {isa = PBXBuildFile; fileRef = 160106FB2553DD8100FE4B77 /* DemoTests.m */; };
		160107072553DD8100FE4B77 /* DemoUITests.m in Sources */ = {isa = PBXBuildFile; fileRef = 160107062553DD8100FE4B77 /* DemoUITests.m */; };
		1601076C2553EA2800FE4B77 /* THKView.m in Sources */ = {isa = PBXBuildFile; fileRef = 1601076B2553EA2700FE4B77 /* THKView.m */; };
		160107722553EA3400FE4B77 /* THKViewModel.m in Sources */ = {isa = PBXBuildFile; fileRef = 160107702553EA3300FE4B77 /* THKViewModel.m */; };
		1622E5EC2681D00E004DD9D8 /* THKMaterialHotRankHeader.m in Sources */ = {isa = PBXBuildFile; fileRef = 1622E5EB2681D00E004DD9D8 /* THKMaterialHotRankHeader.m */; };
		16699B6125D0CF5E00B7F43B /* ViewController.m in Sources */ = {isa = PBXBuildFile; fileRef = 16699B6025D0CF5E00B7F43B /* ViewController.m */; };
		1669C187268066200059E9B0 /* THKSegmentControl.m in Sources */ = {isa = PBXBuildFile; fileRef = 1669C17D268066200059E9B0 /* THKSegmentControl.m */; };
		1669C1B02680667C0059E9B0 /* UIView+Frame.m in Sources */ = {isa = PBXBuildFile; fileRef = 1669C1A52680667C0059E9B0 /* UIView+Frame.m */; };
		1669C1B12680667C0059E9B0 /* UIButton+Convenient.m in Sources */ = {isa = PBXBuildFile; fileRef = 1669C1AB2680667C0059E9B0 /* UIButton+Convenient.m */; };
		1669C1B22680667C0059E9B0 /* UIViewController+Convenient.m in Sources */ = {isa = PBXBuildFile; fileRef = 1669C1AD2680667C0059E9B0 /* UIViewController+Convenient.m */; };
		1669C1B32680667C0059E9B0 /* UIColor+HexString.m in Sources */ = {isa = PBXBuildFile; fileRef = 1669C1AE2680667C0059E9B0 /* UIColor+HexString.m */; };
		1669C1D12680671A0059E9B0 /* THKPageContentViewController.m in Sources */ = {isa = PBXBuildFile; fileRef = 1669C1CE2680671A0059E9B0 /* THKPageContentViewController.m */; };
		1669C1D22680671A0059E9B0 /* THKPageBGScrollView.m in Sources */ = {isa = PBXBuildFile; fileRef = 1669C1D02680671A0059E9B0 /* THKPageBGScrollView.m */; };
		1669C1D82680673A0059E9B0 /* UIScrollView+TScroll.m in Sources */ = {isa = PBXBuildFile; fileRef = 1669C1D62680673A0059E9B0 /* UIScrollView+TScroll.m */; };
		1669C1EE268069880059E9B0 /* Table3ViewController.m in Sources */ = {isa = PBXBuildFile; fileRef = 1669C1E4268069870059E9B0 /* Table3ViewController.m */; };
		1669C1EF268069880059E9B0 /* Table2ViewController.m in Sources */ = {isa = PBXBuildFile; fileRef = 1669C1E6268069870059E9B0 /* Table2ViewController.m */; };
		1669C1F0268069880059E9B0 /* NormalViewController.m in Sources */ = {isa = PBXBuildFile; fileRef = 1669C1E8268069870059E9B0 /* NormalViewController.m */; };
		1669C1F1268069880059E9B0 /* TableViewController.m in Sources */ = {isa = PBXBuildFile; fileRef = 1669C1EB268069870059E9B0 /* TableViewController.m */; };
		1669C1F2268069880059E9B0 /* Table1ViewController.m in Sources */ = {isa = PBXBuildFile; fileRef = 1669C1EC268069870059E9B0 /* Table1ViewController.m */; };
		1669C1FB26807F600059E9B0 /* THKMaterialClassificationVC.m in Sources */ = {isa = PBXBuildFile; fileRef = 1669C1FA26807F600059E9B0 /* THKMaterialClassificationVC.m */; };
		1669C20B268086C90059E9B0 /* THKMaterialClassificationView.m in Sources */ = {isa = PBXBuildFile; fileRef = 1669C20A268086C90059E9B0 /* THKMaterialClassificationView.m */; };
		1669C215268087210059E9B0 /* THKMaterialClassificationViewCell.m in Sources */ = {isa = PBXBuildFile; fileRef = 1669C213268087210059E9B0 /* THKMaterialClassificationViewCell.m */; };
		1669C2202680925C0059E9B0 /* THKMaterialClassificationViewModel.m in Sources */ = {isa = PBXBuildFile; fileRef = 1669C21F2680925C0059E9B0 /* THKMaterialClassificationViewModel.m */; };
		1669C22D268099DA0059E9B0 /* THKMaterialRecommendRankVC.m in Sources */ = {isa = PBXBuildFile; fileRef = 1669C22C268099DA0059E9B0 /* THKMaterialRecommendRankVC.m */; };
		1669C233268099ED0059E9B0 /* THKMaterialRecommendRankVM.m in Sources */ = {isa = PBXBuildFile; fileRef = 1669C232268099ED0059E9B0 /* THKMaterialRecommendRankVM.m */; };
		1669C23C2680A3A50059E9B0 /* THKMaterialClassificationRecommendCellLayout.m in Sources */ = {isa = PBXBuildFile; fileRef = 1669C23B2680A3A50059E9B0 /* THKMaterialClassificationRecommendCellLayout.m */; };
		1669C2482680A3FC0059E9B0 /* THKMaterialClassificationRecommendCellFooter.m in Sources */ = {isa = PBXBuildFile; fileRef = 1669C2472680A3FC0059E9B0 /* THKMaterialClassificationRecommendCellFooter.m */; };
		1669C24E2680A5240059E9B0 /* THKMaterialClassificationRecommendDecorationView.m in Sources */ = {isa = PBXBuildFile; fileRef = 1669C24D2680A5240059E9B0 /* THKMaterialClassificationRecommendDecorationView.m */; };
		1677D11125A2FE2800F3E6C8 /* InjectionIIIHelper.m in Sources */ = {isa = PBXBuildFile; fileRef = 1677D11025A2FE2800F3E6C8 /* InjectionIIIHelper.m */; };
		1686D89B268173C50061FF66 /* THKMaterialTitleRankView.m in Sources */ = {isa = PBXBuildFile; fileRef = 1686D89A268173C50061FF66 /* THKMaterialTitleRankView.m */; };
		1686D8A12681756E0061FF66 /* THKMaterialClassificationRecommendRankHeader.m in Sources */ = {isa = PBXBuildFile; fileRef = 1686D8A02681756E0061FF66 /* THKMaterialClassificationRecommendRankHeader.m */; };
		1686D8A72681758E0061FF66 /* THKMaterialClassificationRecommendNormalHeader.m in Sources */ = {isa = PBXBuildFile; fileRef = 1686D8A62681758E0061FF66 /* THKMaterialClassificationRecommendNormalHeader.m */; };
		1686D8DC268192D90061FF66 /* THKMaterialClassificationRecommendRankCell.m in Sources */ = {isa = PBXBuildFile; fileRef = 1686D8DA268192D90061FF66 /* THKMaterialClassificationRecommendRankCell.m */; };
		1686D8DD268192D90061FF66 /* THKMaterialClassificationRecommendRankCell.xib in Resources */ = {isa = PBXBuildFile; fileRef = 1686D8DB268192D90061FF66 /* THKMaterialClassificationRecommendRankCell.xib */; };
		1686D8E4268192E40061FF66 /* THKMaterialClassificationRecommendNormalCell.m in Sources */ = {isa = PBXBuildFile; fileRef = 1686D8E2268192E40061FF66 /* THKMaterialClassificationRecommendNormalCell.m */; };
		1686D8E5268192E40061FF66 /* THKMaterialClassificationRecommendNormalCell.xib in Resources */ = {isa = PBXBuildFile; fileRef = 1686D8E3268192E40061FF66 /* THKMaterialClassificationRecommendNormalCell.xib */; };
		1686D8EF2681C74C0061FF66 /* THKMaterialHotRankVC.m in Sources */ = {isa = PBXBuildFile; fileRef = 1686D8EE2681C74C0061FF66 /* THKMaterialHotRankVC.m */; };
		16E5C4B32682DE4B0024BA20 /* THKBaseNetworkManager.m in Sources */ = {isa = PBXBuildFile; fileRef = 16E5C49A2682DE4B0024BA20 /* THKBaseNetworkManager.m */; };
		16E5C4B42682DE4B0024BA20 /* THKResponse.m in Sources */ = {isa = PBXBuildFile; fileRef = 16E5C49D2682DE4B0024BA20 /* THKResponse.m */; };
		16E5C4B52682DE4B0024BA20 /* THKCommonResponse.m in Sources */ = {isa = PBXBuildFile; fileRef = 16E5C49F2682DE4B0024BA20 /* THKCommonResponse.m */; };
		16E5C4B62682DE4B0024BA20 /* THKDownloadRequest.m in Sources */ = {isa = PBXBuildFile; fileRef = 16E5C4A42682DE4B0024BA20 /* THKDownloadRequest.m */; };
		16E5C4B72682DE4B0024BA20 /* THKUploadRequest.m in Sources */ = {isa = PBXBuildFile; fileRef = 16E5C4A82682DE4B0024BA20 /* THKUploadRequest.m */; };
		16E5C4B82682DE4B0024BA20 /* THKBaseRequest.m in Sources */ = {isa = PBXBuildFile; fileRef = 16E5C4A92682DE4B0024BA20 /* THKBaseRequest.m */; };
		16E5C4B92682DE4B0024BA20 /* THKCommonPhpRequest.m in Sources */ = {isa = PBXBuildFile; fileRef = 16E5C4B02682DE4B0024BA20 /* THKCommonPhpRequest.m */; };
		16E5C4BA2682DE4B0024BA20 /* THKCommonJavaRequest.m in Sources */ = {isa = PBXBuildFile; fileRef = 16E5C4B12682DE4B0024BA20 /* THKCommonJavaRequest.m */; };
		16E5C4BB2682DE4B0024BA20 /* THKCommonRequest.m in Sources */ = {isa = PBXBuildFile; fileRef = 16E5C4B22682DE4B0024BA20 /* THKCommonRequest.m */; };
		16E5C4CC2682DE930024BA20 /* TBTRequest.m in Sources */ = {isa = PBXBuildFile; fileRef = 16E5C4C12682DE930024BA20 /* TBTRequest.m */; };
		16E5C4CD2682DE930024BA20 /* TBTNetworkConfig.m in Sources */ = {isa = PBXBuildFile; fileRef = 16E5C4C72682DE930024BA20 /* TBTNetworkConfig.m */; };
		16E5C4CE2682DE930024BA20 /* TBTNetworkPrivate.m in Sources */ = {isa = PBXBuildFile; fileRef = 16E5C4C92682DE930024BA20 /* TBTNetworkPrivate.m */; };
		16E5C4CF2682DE930024BA20 /* TBTBaseRequest.m in Sources */ = {isa = PBXBuildFile; fileRef = 16E5C4CA2682DE930024BA20 /* TBTBaseRequest.m */; };
		16E5C4D02682DE930024BA20 /* TBTNetworkManager.m in Sources */ = {isa = PBXBuildFile; fileRef = 16E5C4CB2682DE930024BA20 /* TBTNetworkManager.m */; };
		16E5C4F22682E4040024BA20 /* THKPhpUploadRequest.m in Sources */ = {isa = PBXBuildFile; fileRef = 16E5C4EA2682E4040024BA20 /* THKPhpUploadRequest.m */; };
		16E5C4F42682E4040024BA20 /* THKNetworkManager.m in Sources */ = {isa = PBXBuildFile; fileRef = 16E5C4EC2682E4040024BA20 /* THKNetworkManager.m */; };
		16E5C4F52682E4040024BA20 /* THKResponse+ErrToast.m in Sources */ = {isa = PBXBuildFile; fileRef = 16E5C4ED2682E4040024BA20 /* THKResponse+ErrToast.m */; };
		16E5C5012682E5920024BA20 /* TRequestParameter.m in Sources */ = {isa = PBXBuildFile; fileRef = 16E5C4FE2682E5920024BA20 /* TRequestParameter.m */; };
		16E5C5022682E5920024BA20 /* TSimpleDataObject.m in Sources */ = {isa = PBXBuildFile; fileRef = 16E5C5002682E5920024BA20 /* TSimpleDataObject.m */; };
		16E5C50B2682E6F80024BA20 /* THKHttpDNSManager.m in Sources */ = {isa = PBXBuildFile; fileRef = 16E5C5092682E6F80024BA20 /* THKHttpDNSManager.m */; };
		16E5C50C2682E6F80024BA20 /* NSURLSession+hook_httpdns_urlprotocol_inject.m in Sources */ = {isa = PBXBuildFile; fileRef = 16E5C50A2682E6F80024BA20 /* NSURLSession+hook_httpdns_urlprotocol_inject.m */; };
		16E5C51A26830DCB0024BA20 /* THKIdentityConfigManager.m in Sources */ = {isa = PBXBuildFile; fileRef = 16E5C51126830DCB0024BA20 /* THKIdentityConfigManager.m */; };
		16E5C51B26830DCB0024BA20 /* THKIdentityTypeModel.m in Sources */ = {isa = PBXBuildFile; fileRef = 16E5C51226830DCB0024BA20 /* THKIdentityTypeModel.m */; };
		16E5C51C26830DCB0024BA20 /* THKIdentityViewModel.m in Sources */ = {isa = PBXBuildFile; fileRef = 16E5C51326830DCB0024BA20 /* THKIdentityViewModel.m */; };
		16E5C51D26830DCB0024BA20 /* V_Identity_Config.json in Resources */ = {isa = PBXBuildFile; fileRef = 16E5C51826830DCB0024BA20 /* V_Identity_Config.json */; };
		16E5C51E26830DCB0024BA20 /* THKIdentityView.m in Sources */ = {isa = PBXBuildFile; fileRef = 16E5C51926830DCB0024BA20 /* THKIdentityView.m */; };
		16E5C52426830E5C0024BA20 /* NSData+Common.m in Sources */ = {isa = PBXBuildFile; fileRef = 16E5C52326830E5C0024BA20 /* NSData+Common.m */; };
		16E5C52D26830E7B0024BA20 /* THKPersonalDesignerConfigResponse.m in Sources */ = {isa = PBXBuildFile; fileRef = 16E5C52B26830E7B0024BA20 /* THKPersonalDesignerConfigResponse.m */; };
		16E5C52E26830E7B0024BA20 /* THKPersonalDesignerConfigRequest.m in Sources */ = {isa = PBXBuildFile; fileRef = 16E5C52C26830E7B0024BA20 /* THKPersonalDesignerConfigRequest.m */; };
		16E5C53A26831A8C0024BA20 /* THKMaterialHotListRequest.m in Sources */ = {isa = PBXBuildFile; fileRef = 16E5C53926831A8C0024BA20 /* THKMaterialHotListRequest.m */; };
		16E5C54026831AA60024BA20 /* THKMaterialHotListResponse.m in Sources */ = {isa = PBXBuildFile; fileRef = 16E5C53F26831AA60024BA20 /* THKMaterialHotListResponse.m */; };
		16E5C54C268325E20024BA20 /* THKRequestCommand.m in Sources */ = {isa = PBXBuildFile; fileRef = 16E5C54B268325E20024BA20 /* THKRequestCommand.m */; };
		16E5C555268328430024BA20 /* THKMaterialHotRankVM.m in Sources */ = {isa = PBXBuildFile; fileRef = 16E5C554268328430024BA20 /* THKMaterialHotRankVM.m */; };
		16E5C592268330280024BA20 /* MLeaksMessenger+HookAlert.m in Sources */ = {isa = PBXBuildFile; fileRef = 16E5C591268330280024BA20 /* MLeaksMessenger+HookAlert.m */; };
		16F3B69E2586F40600E5ADE4 /* THKViewController.m in Sources */ = {isa = PBXBuildFile; fileRef = 16F3B69D2586F40600E5ADE4 /* THKViewController.m */; };
		52C516C851585D71E62A73D5 /* Pods_Demo_DemoUITests.framework in Frameworks */ = {isa = PBXBuildFile; fileRef = 3C3BBBCE07C84A21813F2664 /* Pods_Demo_DemoUITests.framework */; };
		6F77A8EE9D14FCE392BD835F /* Pods_DemoTests.framework in Frameworks */ = {isa = PBXBuildFile; fileRef = 12D3BA603DDF9B8410FAD81B /* Pods_DemoTests.framework */; };
		C22508FBFE83E454C360C944 /* Pods_Demo.framework in Frameworks */ = {isa = PBXBuildFile; fileRef = 9D168DD537E7BC7FA0C76927 /* Pods_Demo.framework */; };
/* End PBXBuildFile section */

/* Begin PBXContainerItemProxy section */
		160106F82553DD8100FE4B77 /* PBXContainerItemProxy */ = {
			isa = PBXContainerItemProxy;
			containerPortal = 160106D42553DD8000FE4B77 /* Project object */;
			proxyType = 1;
			remoteGlobalIDString = 160106DB2553DD8000FE4B77;
			remoteInfo = Demo;
		};
		160107032553DD8100FE4B77 /* PBXContainerItemProxy */ = {
			isa = PBXContainerItemProxy;
			containerPortal = 160106D42553DD8000FE4B77 /* Project object */;
			proxyType = 1;
			remoteGlobalIDString = 160106DB2553DD8000FE4B77;
			remoteInfo = Demo;
		};
/* End PBXContainerItemProxy section */

/* Begin PBXFileReference section */
		12D3BA603DDF9B8410FAD81B /* Pods_DemoTests.framework */ = {isa = PBXFileReference; explicitFileType = wrapper.framework; includeInIndex = 0; path = Pods_DemoTests.framework; sourceTree = BUILT_PRODUCTS_DIR; };
		160106DC2553DD8000FE4B77 /* Demo.app */ = {isa = PBXFileReference; explicitFileType = wrapper.application; includeInIndex = 0; path = Demo.app; sourceTree = BUILT_PRODUCTS_DIR; };
		160106DF2553DD8000FE4B77 /* AppDelegate.h */ = {isa = PBXFileReference; lastKnownFileType = sourcecode.c.h; path = AppDelegate.h; sourceTree = "<group>"; };
		160106E02553DD8000FE4B77 /* AppDelegate.m */ = {isa = PBXFileReference; lastKnownFileType = sourcecode.c.objc; path = AppDelegate.m; sourceTree = "<group>"; };
		160106E22553DD8000FE4B77 /* SceneDelegate.h */ = {isa = PBXFileReference; lastKnownFileType = sourcecode.c.h; path = SceneDelegate.h; sourceTree = "<group>"; };
		160106E32553DD8000FE4B77 /* SceneDelegate.m */ = {isa = PBXFileReference; lastKnownFileType = sourcecode.c.objc; path = SceneDelegate.m; sourceTree = "<group>"; };
		160106E92553DD8000FE4B77 /* Base */ = {isa = PBXFileReference; lastKnownFileType = file.storyboard; name = Base; path = Base.lproj/Main.storyboard; sourceTree = "<group>"; };
		160106EB2553DD8000FE4B77 /* Assets.xcassets */ = {isa = PBXFileReference; lastKnownFileType = folder.assetcatalog; path = Assets.xcassets; sourceTree = "<group>"; };
		160106EE2553DD8000FE4B77 /* Base */ = {isa = PBXFileReference; lastKnownFileType = file.storyboard; name = Base; path = Base.lproj/LaunchScreen.storyboard; sourceTree = "<group>"; };
		160106F02553DD8000FE4B77 /* Info.plist */ = {isa = PBXFileReference; lastKnownFileType = text.plist.xml; path = Info.plist; sourceTree = "<group>"; };
		160106F12553DD8000FE4B77 /* main.m */ = {isa = PBXFileReference; lastKnownFileType = sourcecode.c.objc; path = main.m; sourceTree = "<group>"; };
		160106F72553DD8100FE4B77 /* DemoTests.xctest */ = {isa = PBXFileReference; explicitFileType = wrapper.cfbundle; includeInIndex = 0; path = DemoTests.xctest; sourceTree = BUILT_PRODUCTS_DIR; };
		160106FB2553DD8100FE4B77 /* DemoTests.m */ = {isa = PBXFileReference; lastKnownFileType = sourcecode.c.objc; path = DemoTests.m; sourceTree = "<group>"; };
		160106FD2553DD8100FE4B77 /* Info.plist */ = {isa = PBXFileReference; lastKnownFileType = text.plist.xml; path = Info.plist; sourceTree = "<group>"; };
		160107022553DD8100FE4B77 /* DemoUITests.xctest */ = {isa = PBXFileReference; explicitFileType = wrapper.cfbundle; includeInIndex = 0; path = DemoUITests.xctest; sourceTree = BUILT_PRODUCTS_DIR; };
		160107062553DD8100FE4B77 /* DemoUITests.m */ = {isa = PBXFileReference; lastKnownFileType = sourcecode.c.objc; path = DemoUITests.m; sourceTree = "<group>"; };
		160107082553DD8100FE4B77 /* Info.plist */ = {isa = PBXFileReference; lastKnownFileType = text.plist.xml; path = Info.plist; sourceTree = "<group>"; };
		160107372553DFDC00FE4B77 /* PrefixHeader.pch */ = {isa = PBXFileReference; lastKnownFileType = sourcecode.c.h; path = PrefixHeader.pch; sourceTree = "<group>"; };
		1601076A2553EA2700FE4B77 /* THKView.h */ = {isa = PBXFileReference; fileEncoding = 4; lastKnownFileType = sourcecode.c.h; path = THKView.h; sourceTree = "<group>"; };
		1601076B2553EA2700FE4B77 /* THKView.m */ = {isa = PBXFileReference; fileEncoding = 4; lastKnownFileType = sourcecode.c.objc; path = THKView.m; sourceTree = "<group>"; };
		160107702553EA3300FE4B77 /* THKViewModel.m */ = {isa = PBXFileReference; fileEncoding = 4; lastKnownFileType = sourcecode.c.objc; path = THKViewModel.m; sourceTree = "<group>"; };
		160107712553EA3300FE4B77 /* THKViewModel.h */ = {isa = PBXFileReference; fileEncoding = 4; lastKnownFileType = sourcecode.c.h; path = THKViewModel.h; sourceTree = "<group>"; };
		1622E5EA2681D00E004DD9D8 /* THKMaterialHotRankHeader.h */ = {isa = PBXFileReference; lastKnownFileType = sourcecode.c.h; path = THKMaterialHotRankHeader.h; sourceTree = "<group>"; };
		1622E5EB2681D00E004DD9D8 /* THKMaterialHotRankHeader.m */ = {isa = PBXFileReference; lastKnownFileType = sourcecode.c.objc; path = THKMaterialHotRankHeader.m; sourceTree = "<group>"; };
		16699B5F25D0CF5E00B7F43B /* ViewController.h */ = {isa = PBXFileReference; lastKnownFileType = sourcecode.c.h; path = ViewController.h; sourceTree = "<group>"; };
		16699B6025D0CF5E00B7F43B /* ViewController.m */ = {isa = PBXFileReference; lastKnownFileType = sourcecode.c.objc; path = ViewController.m; sourceTree = "<group>"; };
		1669C17D268066200059E9B0 /* THKSegmentControl.m */ = {isa = PBXFileReference; fileEncoding = 4; lastKnownFileType = sourcecode.c.objc; path = THKSegmentControl.m; sourceTree = "<group>"; };
		1669C180268066200059E9B0 /* THKSegmentControl.h */ = {isa = PBXFileReference; fileEncoding = 4; lastKnownFileType = sourcecode.c.h; path = THKSegmentControl.h; sourceTree = "<group>"; };
		1669C1A42680667C0059E9B0 /* THKColorsDefine.h */ = {isa = PBXFileReference; fileEncoding = 4; lastKnownFileType = sourcecode.c.h; path = THKColorsDefine.h; sourceTree = "<group>"; };
		1669C1A52680667C0059E9B0 /* UIView+Frame.m */ = {isa = PBXFileReference; fileEncoding = 4; lastKnownFileType = sourcecode.c.objc; path = "UIView+Frame.m"; sourceTree = "<group>"; };
		1669C1A62680667C0059E9B0 /* UIButton+Convenient.h */ = {isa = PBXFileReference; fileEncoding = 4; lastKnownFileType = sourcecode.c.h; path = "UIButton+Convenient.h"; sourceTree = "<group>"; };
		1669C1A72680667C0059E9B0 /* UIColor+HexString.h */ = {isa = PBXFileReference; fileEncoding = 4; lastKnownFileType = sourcecode.c.h; path = "UIColor+HexString.h"; sourceTree = "<group>"; };
		1669C1A82680667C0059E9B0 /* UIViewController+Convenient.h */ = {isa = PBXFileReference; fileEncoding = 4; lastKnownFileType = sourcecode.c.h; path = "UIViewController+Convenient.h"; sourceTree = "<group>"; };
		1669C1A92680667C0059E9B0 /* THKCommonDefine.h */ = {isa = PBXFileReference; fileEncoding = 4; lastKnownFileType = sourcecode.c.h; path = THKCommonDefine.h; sourceTree = "<group>"; };
		1669C1AA2680667C0059E9B0 /* Define_SetValues.h */ = {isa = PBXFileReference; fileEncoding = 4; lastKnownFileType = sourcecode.c.h; path = Define_SetValues.h; sourceTree = "<group>"; };
		1669C1AB2680667C0059E9B0 /* UIButton+Convenient.m */ = {isa = PBXFileReference; fileEncoding = 4; lastKnownFileType = sourcecode.c.objc; path = "UIButton+Convenient.m"; sourceTree = "<group>"; };
		1669C1AC2680667C0059E9B0 /* UIView+Frame.h */ = {isa = PBXFileReference; fileEncoding = 4; lastKnownFileType = sourcecode.c.h; path = "UIView+Frame.h"; sourceTree = "<group>"; };
		1669C1AD2680667C0059E9B0 /* UIViewController+Convenient.m */ = {isa = PBXFileReference; fileEncoding = 4; lastKnownFileType = sourcecode.c.objc; path = "UIViewController+Convenient.m"; sourceTree = "<group>"; };
		1669C1AE2680667C0059E9B0 /* UIColor+HexString.m */ = {isa = PBXFileReference; fileEncoding = 4; lastKnownFileType = sourcecode.c.objc; path = "UIColor+HexString.m"; sourceTree = "<group>"; };
		1669C1AF2680667C0059E9B0 /* Define_Block.h */ = {isa = PBXFileReference; fileEncoding = 4; lastKnownFileType = sourcecode.c.h; path = Define_Block.h; sourceTree = "<group>"; };
		1669C1CD2680671A0059E9B0 /* THKPageContentViewController.h */ = {isa = PBXFileReference; fileEncoding = 4; lastKnownFileType = sourcecode.c.h; path = THKPageContentViewController.h; sourceTree = "<group>"; };
		1669C1CE2680671A0059E9B0 /* THKPageContentViewController.m */ = {isa = PBXFileReference; fileEncoding = 4; lastKnownFileType = sourcecode.c.objc; path = THKPageContentViewController.m; sourceTree = "<group>"; };
		1669C1CF2680671A0059E9B0 /* THKPageBGScrollView.h */ = {isa = PBXFileReference; fileEncoding = 4; lastKnownFileType = sourcecode.c.h; path = THKPageBGScrollView.h; sourceTree = "<group>"; };
		1669C1D02680671A0059E9B0 /* THKPageBGScrollView.m */ = {isa = PBXFileReference; fileEncoding = 4; lastKnownFileType = sourcecode.c.objc; path = THKPageBGScrollView.m; sourceTree = "<group>"; };
		1669C1D62680673A0059E9B0 /* UIScrollView+TScroll.m */ = {isa = PBXFileReference; fileEncoding = 4; lastKnownFileType = sourcecode.c.objc; path = "UIScrollView+TScroll.m"; sourceTree = "<group>"; };
		1669C1D72680673A0059E9B0 /* UIScrollView+TScroll.h */ = {isa = PBXFileReference; fileEncoding = 4; lastKnownFileType = sourcecode.c.h; path = "UIScrollView+TScroll.h"; sourceTree = "<group>"; };
		1669C1E4268069870059E9B0 /* Table3ViewController.m */ = {isa = PBXFileReference; fileEncoding = 4; lastKnownFileType = sourcecode.c.objc; path = Table3ViewController.m; sourceTree = "<group>"; };
		1669C1E5268069870059E9B0 /* TableViewController.h */ = {isa = PBXFileReference; fileEncoding = 4; lastKnownFileType = sourcecode.c.h; path = TableViewController.h; sourceTree = "<group>"; };
		1669C1E6268069870059E9B0 /* Table2ViewController.m */ = {isa = PBXFileReference; fileEncoding = 4; lastKnownFileType = sourcecode.c.objc; path = Table2ViewController.m; sourceTree = "<group>"; };
		1669C1E7268069870059E9B0 /* Table1ViewController.h */ = {isa = PBXFileReference; fileEncoding = 4; lastKnownFileType = sourcecode.c.h; path = Table1ViewController.h; sourceTree = "<group>"; };
		1669C1E8268069870059E9B0 /* NormalViewController.m */ = {isa = PBXFileReference; fileEncoding = 4; lastKnownFileType = sourcecode.c.objc; path = NormalViewController.m; sourceTree = "<group>"; };
		1669C1E9268069870059E9B0 /* Table3ViewController.h */ = {isa = PBXFileReference; fileEncoding = 4; lastKnownFileType = sourcecode.c.h; path = Table3ViewController.h; sourceTree = "<group>"; };
		1669C1EA268069870059E9B0 /* Table2ViewController.h */ = {isa = PBXFileReference; fileEncoding = 4; lastKnownFileType = sourcecode.c.h; path = Table2ViewController.h; sourceTree = "<group>"; };
		1669C1EB268069870059E9B0 /* TableViewController.m */ = {isa = PBXFileReference; fileEncoding = 4; lastKnownFileType = sourcecode.c.objc; path = TableViewController.m; sourceTree = "<group>"; };
		1669C1EC268069870059E9B0 /* Table1ViewController.m */ = {isa = PBXFileReference; fileEncoding = 4; lastKnownFileType = sourcecode.c.objc; path = Table1ViewController.m; sourceTree = "<group>"; };
		1669C1ED268069870059E9B0 /* NormalViewController.h */ = {isa = PBXFileReference; fileEncoding = 4; lastKnownFileType = sourcecode.c.h; path = NormalViewController.h; sourceTree = "<group>"; };
		1669C1F926807F600059E9B0 /* THKMaterialClassificationVC.h */ = {isa = PBXFileReference; lastKnownFileType = sourcecode.c.h; path = THKMaterialClassificationVC.h; sourceTree = "<group>"; };
		1669C1FA26807F600059E9B0 /* THKMaterialClassificationVC.m */ = {isa = PBXFileReference; lastKnownFileType = sourcecode.c.objc; path = THKMaterialClassificationVC.m; sourceTree = "<group>"; };
		1669C209268086C90059E9B0 /* THKMaterialClassificationView.h */ = {isa = PBXFileReference; lastKnownFileType = sourcecode.c.h; path = THKMaterialClassificationView.h; sourceTree = "<group>"; };
		1669C20A268086C90059E9B0 /* THKMaterialClassificationView.m */ = {isa = PBXFileReference; lastKnownFileType = sourcecode.c.objc; path = THKMaterialClassificationView.m; sourceTree = "<group>"; };
		1669C212268087210059E9B0 /* THKMaterialClassificationViewCell.h */ = {isa = PBXFileReference; lastKnownFileType = sourcecode.c.h; path = THKMaterialClassificationViewCell.h; sourceTree = "<group>"; };
		1669C213268087210059E9B0 /* THKMaterialClassificationViewCell.m */ = {isa = PBXFileReference; lastKnownFileType = sourcecode.c.objc; path = THKMaterialClassificationViewCell.m; sourceTree = "<group>"; };
		1669C21E2680925C0059E9B0 /* THKMaterialClassificationViewModel.h */ = {isa = PBXFileReference; lastKnownFileType = sourcecode.c.h; path = THKMaterialClassificationViewModel.h; sourceTree = "<group>"; };
		1669C21F2680925C0059E9B0 /* THKMaterialClassificationViewModel.m */ = {isa = PBXFileReference; lastKnownFileType = sourcecode.c.objc; path = THKMaterialClassificationViewModel.m; sourceTree = "<group>"; };
		1669C22B268099DA0059E9B0 /* THKMaterialRecommendRankVC.h */ = {isa = PBXFileReference; lastKnownFileType = sourcecode.c.h; path = THKMaterialRecommendRankVC.h; sourceTree = "<group>"; };
		1669C22C268099DA0059E9B0 /* THKMaterialRecommendRankVC.m */ = {isa = PBXFileReference; lastKnownFileType = sourcecode.c.objc; path = THKMaterialRecommendRankVC.m; sourceTree = "<group>"; };
		1669C231268099ED0059E9B0 /* THKMaterialRecommendRankVM.h */ = {isa = PBXFileReference; lastKnownFileType = sourcecode.c.h; path = THKMaterialRecommendRankVM.h; sourceTree = "<group>"; };
		1669C232268099ED0059E9B0 /* THKMaterialRecommendRankVM.m */ = {isa = PBXFileReference; lastKnownFileType = sourcecode.c.objc; path = THKMaterialRecommendRankVM.m; sourceTree = "<group>"; };
		1669C23A2680A3A50059E9B0 /* THKMaterialClassificationRecommendCellLayout.h */ = {isa = PBXFileReference; lastKnownFileType = sourcecode.c.h; path = THKMaterialClassificationRecommendCellLayout.h; sourceTree = "<group>"; };
		1669C23B2680A3A50059E9B0 /* THKMaterialClassificationRecommendCellLayout.m */ = {isa = PBXFileReference; lastKnownFileType = sourcecode.c.objc; path = THKMaterialClassificationRecommendCellLayout.m; sourceTree = "<group>"; };
		1669C2462680A3FC0059E9B0 /* THKMaterialClassificationRecommendCellFooter.h */ = {isa = PBXFileReference; lastKnownFileType = sourcecode.c.h; path = THKMaterialClassificationRecommendCellFooter.h; sourceTree = "<group>"; };
		1669C2472680A3FC0059E9B0 /* THKMaterialClassificationRecommendCellFooter.m */ = {isa = PBXFileReference; lastKnownFileType = sourcecode.c.objc; path = THKMaterialClassificationRecommendCellFooter.m; sourceTree = "<group>"; };
		1669C24C2680A5240059E9B0 /* THKMaterialClassificationRecommendDecorationView.h */ = {isa = PBXFileReference; lastKnownFileType = sourcecode.c.h; path = THKMaterialClassificationRecommendDecorationView.h; sourceTree = "<group>"; };
		1669C24D2680A5240059E9B0 /* THKMaterialClassificationRecommendDecorationView.m */ = {isa = PBXFileReference; lastKnownFileType = sourcecode.c.objc; path = THKMaterialClassificationRecommendDecorationView.m; sourceTree = "<group>"; };
		1677D10F25A2FE2800F3E6C8 /* InjectionIIIHelper.h */ = {isa = PBXFileReference; fileEncoding = 4; lastKnownFileType = sourcecode.c.h; path = InjectionIIIHelper.h; sourceTree = "<group>"; };
		1677D11025A2FE2800F3E6C8 /* InjectionIIIHelper.m */ = {isa = PBXFileReference; fileEncoding = 4; lastKnownFileType = sourcecode.c.objc; path = InjectionIIIHelper.m; sourceTree = "<group>"; };
		1686D899268173C50061FF66 /* THKMaterialTitleRankView.h */ = {isa = PBXFileReference; lastKnownFileType = sourcecode.c.h; path = THKMaterialTitleRankView.h; sourceTree = "<group>"; };
		1686D89A268173C50061FF66 /* THKMaterialTitleRankView.m */ = {isa = PBXFileReference; lastKnownFileType = sourcecode.c.objc; path = THKMaterialTitleRankView.m; sourceTree = "<group>"; };
		1686D89F2681756E0061FF66 /* THKMaterialClassificationRecommendRankHeader.h */ = {isa = PBXFileReference; lastKnownFileType = sourcecode.c.h; path = THKMaterialClassificationRecommendRankHeader.h; sourceTree = "<group>"; };
		1686D8A02681756E0061FF66 /* THKMaterialClassificationRecommendRankHeader.m */ = {isa = PBXFileReference; lastKnownFileType = sourcecode.c.objc; path = THKMaterialClassificationRecommendRankHeader.m; sourceTree = "<group>"; };
		1686D8A52681758E0061FF66 /* THKMaterialClassificationRecommendNormalHeader.h */ = {isa = PBXFileReference; lastKnownFileType = sourcecode.c.h; path = THKMaterialClassificationRecommendNormalHeader.h; sourceTree = "<group>"; };
		1686D8A62681758E0061FF66 /* THKMaterialClassificationRecommendNormalHeader.m */ = {isa = PBXFileReference; lastKnownFileType = sourcecode.c.objc; path = THKMaterialClassificationRecommendNormalHeader.m; sourceTree = "<group>"; };
		1686D8D9268192D90061FF66 /* THKMaterialClassificationRecommendRankCell.h */ = {isa = PBXFileReference; lastKnownFileType = sourcecode.c.h; path = THKMaterialClassificationRecommendRankCell.h; sourceTree = "<group>"; };
		1686D8DA268192D90061FF66 /* THKMaterialClassificationRecommendRankCell.m */ = {isa = PBXFileReference; lastKnownFileType = sourcecode.c.objc; path = THKMaterialClassificationRecommendRankCell.m; sourceTree = "<group>"; };
		1686D8DB268192D90061FF66 /* THKMaterialClassificationRecommendRankCell.xib */ = {isa = PBXFileReference; lastKnownFileType = file.xib; path = THKMaterialClassificationRecommendRankCell.xib; sourceTree = "<group>"; };
		1686D8E1268192E40061FF66 /* THKMaterialClassificationRecommendNormalCell.h */ = {isa = PBXFileReference; lastKnownFileType = sourcecode.c.h; path = THKMaterialClassificationRecommendNormalCell.h; sourceTree = "<group>"; };
		1686D8E2268192E40061FF66 /* THKMaterialClassificationRecommendNormalCell.m */ = {isa = PBXFileReference; lastKnownFileType = sourcecode.c.objc; path = THKMaterialClassificationRecommendNormalCell.m; sourceTree = "<group>"; };
		1686D8E3268192E40061FF66 /* THKMaterialClassificationRecommendNormalCell.xib */ = {isa = PBXFileReference; lastKnownFileType = file.xib; path = THKMaterialClassificationRecommendNormalCell.xib; sourceTree = "<group>"; };
		1686D8ED2681C74C0061FF66 /* THKMaterialHotRankVC.h */ = {isa = PBXFileReference; lastKnownFileType = sourcecode.c.h; path = THKMaterialHotRankVC.h; sourceTree = "<group>"; };
		1686D8EE2681C74C0061FF66 /* THKMaterialHotRankVC.m */ = {isa = PBXFileReference; lastKnownFileType = sourcecode.c.objc; path = THKMaterialHotRankVC.m; sourceTree = "<group>"; };
		16E5C4932682DB640024BA20 /* THKViewControllerProtocol.h */ = {isa = PBXFileReference; fileEncoding = 4; lastKnownFileType = sourcecode.c.h; path = THKViewControllerProtocol.h; sourceTree = "<group>"; };
		16E5C4992682DE4B0024BA20 /* THKBaseNetwork.h */ = {isa = PBXFileReference; fileEncoding = 4; lastKnownFileType = sourcecode.c.h; path = THKBaseNetwork.h; sourceTree = "<group>"; };
		16E5C49A2682DE4B0024BA20 /* THKBaseNetworkManager.m */ = {isa = PBXFileReference; fileEncoding = 4; lastKnownFileType = sourcecode.c.objc; path = THKBaseNetworkManager.m; sourceTree = "<group>"; };
		16E5C49C2682DE4B0024BA20 /* THKResponse.h */ = {isa = PBXFileReference; fileEncoding = 4; lastKnownFileType = sourcecode.c.h; path = THKResponse.h; sourceTree = "<group>"; };
		16E5C49D2682DE4B0024BA20 /* THKResponse.m */ = {isa = PBXFileReference; fileEncoding = 4; lastKnownFileType = sourcecode.c.objc; path = THKResponse.m; sourceTree = "<group>"; };
		16E5C49F2682DE4B0024BA20 /* THKCommonResponse.m */ = {isa = PBXFileReference; fileEncoding = 4; lastKnownFileType = sourcecode.c.objc; path = THKCommonResponse.m; sourceTree = "<group>"; };
		16E5C4A02682DE4B0024BA20 /* THKCommonResponse.h */ = {isa = PBXFileReference; fileEncoding = 4; lastKnownFileType = sourcecode.c.h; path = THKCommonResponse.h; sourceTree = "<group>"; };
		16E5C4A12682DE4B0024BA20 /* THKNetworkDefine.h */ = {isa = PBXFileReference; fileEncoding = 4; lastKnownFileType = sourcecode.c.h; path = THKNetworkDefine.h; sourceTree = "<group>"; };
		16E5C4A22682DE4B0024BA20 /* THKBaseNetworkManager.h */ = {isa = PBXFileReference; fileEncoding = 4; lastKnownFileType = sourcecode.c.h; path = THKBaseNetworkManager.h; sourceTree = "<group>"; };
		16E5C4A42682DE4B0024BA20 /* THKDownloadRequest.m */ = {isa = PBXFileReference; fileEncoding = 4; lastKnownFileType = sourcecode.c.objc; path = THKDownloadRequest.m; sourceTree = "<group>"; };
		16E5C4A52682DE4B0024BA20 /* THKBaseRequest.h */ = {isa = PBXFileReference; fileEncoding = 4; lastKnownFileType = sourcecode.c.h; path = THKBaseRequest.h; sourceTree = "<group>"; };
		16E5C4A62682DE4B0024BA20 /* THKUploadRequest.h */ = {isa = PBXFileReference; fileEncoding = 4; lastKnownFileType = sourcecode.c.h; path = THKUploadRequest.h; sourceTree = "<group>"; };
		16E5C4A72682DE4B0024BA20 /* THKDownloadRequest.h */ = {isa = PBXFileReference; fileEncoding = 4; lastKnownFileType = sourcecode.c.h; path = THKDownloadRequest.h; sourceTree = "<group>"; };
		16E5C4A82682DE4B0024BA20 /* THKUploadRequest.m */ = {isa = PBXFileReference; fileEncoding = 4; lastKnownFileType = sourcecode.c.objc; path = THKUploadRequest.m; sourceTree = "<group>"; };
		16E5C4A92682DE4B0024BA20 /* THKBaseRequest.m */ = {isa = PBXFileReference; fileEncoding = 4; lastKnownFileType = sourcecode.c.objc; path = THKBaseRequest.m; sourceTree = "<group>"; };
		16E5C4AA2682DE4B0024BA20 /* THKBaseRequestProtocol.h */ = {isa = PBXFileReference; fileEncoding = 4; lastKnownFileType = sourcecode.c.h; path = THKBaseRequestProtocol.h; sourceTree = "<group>"; };
		16E5C4AC2682DE4B0024BA20 /* THKCommonRequestExtensionDefine.h */ = {isa = PBXFileReference; fileEncoding = 4; lastKnownFileType = sourcecode.c.h; path = THKCommonRequestExtensionDefine.h; sourceTree = "<group>"; };
		16E5C4AD2682DE4B0024BA20 /* THKCommonRequest.h */ = {isa = PBXFileReference; fileEncoding = 4; lastKnownFileType = sourcecode.c.h; path = THKCommonRequest.h; sourceTree = "<group>"; };
		16E5C4AE2682DE4B0024BA20 /* THKCommonJavaRequest.h */ = {isa = PBXFileReference; fileEncoding = 4; lastKnownFileType = sourcecode.c.h; path = THKCommonJavaRequest.h; sourceTree = "<group>"; };
		16E5C4AF2682DE4B0024BA20 /* THKCommonPhpRequest.h */ = {isa = PBXFileReference; fileEncoding = 4; lastKnownFileType = sourcecode.c.h; path = THKCommonPhpRequest.h; sourceTree = "<group>"; };
		16E5C4B02682DE4B0024BA20 /* THKCommonPhpRequest.m */ = {isa = PBXFileReference; fileEncoding = 4; lastKnownFileType = sourcecode.c.objc; path = THKCommonPhpRequest.m; sourceTree = "<group>"; };
		16E5C4B12682DE4B0024BA20 /* THKCommonJavaRequest.m */ = {isa = PBXFileReference; fileEncoding = 4; lastKnownFileType = sourcecode.c.objc; path = THKCommonJavaRequest.m; sourceTree = "<group>"; };
		16E5C4B22682DE4B0024BA20 /* THKCommonRequest.m */ = {isa = PBXFileReference; fileEncoding = 4; lastKnownFileType = sourcecode.c.objc; path = THKCommonRequest.m; sourceTree = "<group>"; };
		16E5C4C12682DE930024BA20 /* TBTRequest.m */ = {isa = PBXFileReference; fileEncoding = 4; lastKnownFileType = sourcecode.c.objc; path = TBTRequest.m; sourceTree = "<group>"; };
		16E5C4C22682DE930024BA20 /* TBTNetworkConfig.h */ = {isa = PBXFileReference; fileEncoding = 4; lastKnownFileType = sourcecode.c.h; path = TBTNetworkConfig.h; sourceTree = "<group>"; };
		16E5C4C32682DE930024BA20 /* TBTBaseRequest.h */ = {isa = PBXFileReference; fileEncoding = 4; lastKnownFileType = sourcecode.c.h; path = TBTBaseRequest.h; sourceTree = "<group>"; };
		16E5C4C42682DE930024BA20 /* TBTNetworkPrivate.h */ = {isa = PBXFileReference; fileEncoding = 4; lastKnownFileType = sourcecode.c.h; path = TBTNetworkPrivate.h; sourceTree = "<group>"; };
		16E5C4C52682DE930024BA20 /* TBTNetworkManager.h */ = {isa = PBXFileReference; fileEncoding = 4; lastKnownFileType = sourcecode.c.h; path = TBTNetworkManager.h; sourceTree = "<group>"; };
		16E5C4C62682DE930024BA20 /* TBTRequest.h */ = {isa = PBXFileReference; fileEncoding = 4; lastKnownFileType = sourcecode.c.h; path = TBTRequest.h; sourceTree = "<group>"; };
		16E5C4C72682DE930024BA20 /* TBTNetworkConfig.m */ = {isa = PBXFileReference; fileEncoding = 4; lastKnownFileType = sourcecode.c.objc; path = TBTNetworkConfig.m; sourceTree = "<group>"; };
		16E5C4C82682DE930024BA20 /* TBTNetwork.h */ = {isa = PBXFileReference; fileEncoding = 4; lastKnownFileType = sourcecode.c.h; path = TBTNetwork.h; sourceTree = "<group>"; };
		16E5C4C92682DE930024BA20 /* TBTNetworkPrivate.m */ = {isa = PBXFileReference; fileEncoding = 4; lastKnownFileType = sourcecode.c.objc; path = TBTNetworkPrivate.m; sourceTree = "<group>"; };
		16E5C4CA2682DE930024BA20 /* TBTBaseRequest.m */ = {isa = PBXFileReference; fileEncoding = 4; lastKnownFileType = sourcecode.c.objc; path = TBTBaseRequest.m; sourceTree = "<group>"; };
		16E5C4CB2682DE930024BA20 /* TBTNetworkManager.m */ = {isa = PBXFileReference; fileEncoding = 4; lastKnownFileType = sourcecode.c.objc; path = TBTNetworkManager.m; sourceTree = "<group>"; };
		16E5C4EA2682E4040024BA20 /* THKPhpUploadRequest.m */ = {isa = PBXFileReference; fileEncoding = 4; lastKnownFileType = sourcecode.c.objc; path = THKPhpUploadRequest.m; sourceTree = "<group>"; };
		16E5C4EC2682E4040024BA20 /* THKNetworkManager.m */ = {isa = PBXFileReference; fileEncoding = 4; lastKnownFileType = sourcecode.c.objc; path = THKNetworkManager.m; sourceTree = "<group>"; };
		16E5C4ED2682E4040024BA20 /* THKResponse+ErrToast.m */ = {isa = PBXFileReference; fileEncoding = 4; lastKnownFileType = sourcecode.c.objc; path = "THKResponse+ErrToast.m"; sourceTree = "<group>"; };
		16E5C4EE2682E4040024BA20 /* THKPhpUploadRequest.h */ = {isa = PBXFileReference; fileEncoding = 4; lastKnownFileType = sourcecode.c.h; path = THKPhpUploadRequest.h; sourceTree = "<group>"; };
		16E5C4F02682E4040024BA20 /* THKNetworkManager.h */ = {isa = PBXFileReference; fileEncoding = 4; lastKnownFileType = sourcecode.c.h; path = THKNetworkManager.h; sourceTree = "<group>"; };
		16E5C4F12682E4040024BA20 /* THKResponse+ErrToast.h */ = {isa = PBXFileReference; fileEncoding = 4; lastKnownFileType = sourcecode.c.h; path = "THKResponse+ErrToast.h"; sourceTree = "<group>"; };
		16E5C4FD2682E5920024BA20 /* TSimpleDataObject.h */ = {isa = PBXFileReference; fileEncoding = 4; lastKnownFileType = sourcecode.c.h; path = TSimpleDataObject.h; sourceTree = "<group>"; };
		16E5C4FE2682E5920024BA20 /* TRequestParameter.m */ = {isa = PBXFileReference; fileEncoding = 4; lastKnownFileType = sourcecode.c.objc; path = TRequestParameter.m; sourceTree = "<group>"; };
		16E5C4FF2682E5920024BA20 /* TRequestParameter.h */ = {isa = PBXFileReference; fileEncoding = 4; lastKnownFileType = sourcecode.c.h; path = TRequestParameter.h; sourceTree = "<group>"; };
		16E5C5002682E5920024BA20 /* TSimpleDataObject.m */ = {isa = PBXFileReference; fileEncoding = 4; lastKnownFileType = sourcecode.c.objc; path = TSimpleDataObject.m; sourceTree = "<group>"; };
		16E5C5072682E6F80024BA20 /* NSURLSession+hook_httpdns_urlprotocol_inject.h */ = {isa = PBXFileReference; fileEncoding = 4; lastKnownFileType = sourcecode.c.h; path = "NSURLSession+hook_httpdns_urlprotocol_inject.h"; sourceTree = "<group>"; };
		16E5C5082682E6F80024BA20 /* THKHttpDNSManager.h */ = {isa = PBXFileReference; fileEncoding = 4; lastKnownFileType = sourcecode.c.h; path = THKHttpDNSManager.h; sourceTree = "<group>"; };
		16E5C5092682E6F80024BA20 /* THKHttpDNSManager.m */ = {isa = PBXFileReference; fileEncoding = 4; lastKnownFileType = sourcecode.c.objc; path = THKHttpDNSManager.m; sourceTree = "<group>"; };
		16E5C50A2682E6F80024BA20 /* NSURLSession+hook_httpdns_urlprotocol_inject.m */ = {isa = PBXFileReference; fileEncoding = 4; lastKnownFileType = sourcecode.c.objc; path = "NSURLSession+hook_httpdns_urlprotocol_inject.m"; sourceTree = "<group>"; };
		16E5C51126830DCB0024BA20 /* THKIdentityConfigManager.m */ = {isa = PBXFileReference; fileEncoding = 4; lastKnownFileType = sourcecode.c.objc; path = THKIdentityConfigManager.m; sourceTree = "<group>"; };
		16E5C51226830DCB0024BA20 /* THKIdentityTypeModel.m */ = {isa = PBXFileReference; fileEncoding = 4; lastKnownFileType = sourcecode.c.objc; path = THKIdentityTypeModel.m; sourceTree = "<group>"; };
		16E5C51326830DCB0024BA20 /* THKIdentityViewModel.m */ = {isa = PBXFileReference; fileEncoding = 4; lastKnownFileType = sourcecode.c.objc; path = THKIdentityViewModel.m; sourceTree = "<group>"; };
		16E5C51426830DCB0024BA20 /* THKIdentityView.h */ = {isa = PBXFileReference; fileEncoding = 4; lastKnownFileType = sourcecode.c.h; path = THKIdentityView.h; sourceTree = "<group>"; };
		16E5C51526830DCB0024BA20 /* THKIdentityTypeModel.h */ = {isa = PBXFileReference; fileEncoding = 4; lastKnownFileType = sourcecode.c.h; path = THKIdentityTypeModel.h; sourceTree = "<group>"; };
		16E5C51626830DCB0024BA20 /* THKIdentityConfigManager.h */ = {isa = PBXFileReference; fileEncoding = 4; lastKnownFileType = sourcecode.c.h; path = THKIdentityConfigManager.h; sourceTree = "<group>"; };
		16E5C51726830DCB0024BA20 /* THKIdentityViewModel.h */ = {isa = PBXFileReference; fileEncoding = 4; lastKnownFileType = sourcecode.c.h; path = THKIdentityViewModel.h; sourceTree = "<group>"; };
		16E5C51826830DCB0024BA20 /* V_Identity_Config.json */ = {isa = PBXFileReference; fileEncoding = 4; lastKnownFileType = text.json; path = V_Identity_Config.json; sourceTree = "<group>"; };
		16E5C51926830DCB0024BA20 /* THKIdentityView.m */ = {isa = PBXFileReference; fileEncoding = 4; lastKnownFileType = sourcecode.c.objc; path = THKIdentityView.m; sourceTree = "<group>"; };
		16E5C52226830E5C0024BA20 /* NSData+Common.h */ = {isa = PBXFileReference; fileEncoding = 4; lastKnownFileType = sourcecode.c.h; path = "NSData+Common.h"; sourceTree = "<group>"; };
		16E5C52326830E5C0024BA20 /* NSData+Common.m */ = {isa = PBXFileReference; fileEncoding = 4; lastKnownFileType = sourcecode.c.objc; path = "NSData+Common.m"; sourceTree = "<group>"; };
		16E5C52926830E7B0024BA20 /* THKPersonalDesignerConfigResponse.h */ = {isa = PBXFileReference; fileEncoding = 4; lastKnownFileType = sourcecode.c.h; path = THKPersonalDesignerConfigResponse.h; sourceTree = "<group>"; };
		16E5C52A26830E7B0024BA20 /* THKPersonalDesignerConfigRequest.h */ = {isa = PBXFileReference; fileEncoding = 4; lastKnownFileType = sourcecode.c.h; path = THKPersonalDesignerConfigRequest.h; sourceTree = "<group>"; };
		16E5C52B26830E7B0024BA20 /* THKPersonalDesignerConfigResponse.m */ = {isa = PBXFileReference; fileEncoding = 4; lastKnownFileType = sourcecode.c.objc; path = THKPersonalDesignerConfigResponse.m; sourceTree = "<group>"; };
		16E5C52C26830E7B0024BA20 /* THKPersonalDesignerConfigRequest.m */ = {isa = PBXFileReference; fileEncoding = 4; lastKnownFileType = sourcecode.c.objc; path = THKPersonalDesignerConfigRequest.m; sourceTree = "<group>"; };
		16E5C53826831A8C0024BA20 /* THKMaterialHotListRequest.h */ = {isa = PBXFileReference; lastKnownFileType = sourcecode.c.h; path = THKMaterialHotListRequest.h; sourceTree = "<group>"; };
		16E5C53926831A8C0024BA20 /* THKMaterialHotListRequest.m */ = {isa = PBXFileReference; lastKnownFileType = sourcecode.c.objc; path = THKMaterialHotListRequest.m; sourceTree = "<group>"; };
		16E5C53E26831AA60024BA20 /* THKMaterialHotListResponse.h */ = {isa = PBXFileReference; lastKnownFileType = sourcecode.c.h; path = THKMaterialHotListResponse.h; sourceTree = "<group>"; };
		16E5C53F26831AA60024BA20 /* THKMaterialHotListResponse.m */ = {isa = PBXFileReference; lastKnownFileType = sourcecode.c.objc; path = THKMaterialHotListResponse.m; sourceTree = "<group>"; };
		16E5C54A268325E20024BA20 /* THKRequestCommand.h */ = {isa = PBXFileReference; fileEncoding = 4; lastKnownFileType = sourcecode.c.h; path = THKRequestCommand.h; sourceTree = "<group>"; };
		16E5C54B268325E20024BA20 /* THKRequestCommand.m */ = {isa = PBXFileReference; fileEncoding = 4; lastKnownFileType = sourcecode.c.objc; path = THKRequestCommand.m; sourceTree = "<group>"; };
		16E5C553268328430024BA20 /* THKMaterialHotRankVM.h */ = {isa = PBXFileReference; lastKnownFileType = sourcecode.c.h; path = THKMaterialHotRankVM.h; sourceTree = "<group>"; };
		16E5C554268328430024BA20 /* THKMaterialHotRankVM.m */ = {isa = PBXFileReference; lastKnownFileType = sourcecode.c.objc; path = THKMaterialHotRankVM.m; sourceTree = "<group>"; };
		16E5C590268330270024BA20 /* MLeaksMessenger+HookAlert.h */ = {isa = PBXFileReference; lastKnownFileType = sourcecode.c.h; path = "MLeaksMessenger+HookAlert.h"; sourceTree = "<group>"; };
		16E5C591268330280024BA20 /* MLeaksMessenger+HookAlert.m */ = {isa = PBXFileReference; lastKnownFileType = sourcecode.c.objc; path = "MLeaksMessenger+HookAlert.m"; sourceTree = "<group>"; };
		16F3B69C2586F40600E5ADE4 /* THKViewController.h */ = {isa = PBXFileReference; lastKnownFileType = sourcecode.c.h; path = THKViewController.h; sourceTree = "<group>"; };
		16F3B69D2586F40600E5ADE4 /* THKViewController.m */ = {isa = PBXFileReference; lastKnownFileType = sourcecode.c.objc; path = THKViewController.m; sourceTree = "<group>"; };
		3A9BD9C2D8C584757EF12711 /* Pods-DemoTests.debug.xcconfig */ = {isa = PBXFileReference; includeInIndex = 1; lastKnownFileType = text.xcconfig; name = "Pods-DemoTests.debug.xcconfig"; path = "Target Support Files/Pods-DemoTests/Pods-DemoTests.debug.xcconfig"; sourceTree = "<group>"; };
		3B271C6912A85D06F5128169 /* Pods-Demo.debug.xcconfig */ = {isa = PBXFileReference; includeInIndex = 1; lastKnownFileType = text.xcconfig; name = "Pods-Demo.debug.xcconfig"; path = "Target Support Files/Pods-Demo/Pods-Demo.debug.xcconfig"; sourceTree = "<group>"; };
		3C3BBBCE07C84A21813F2664 /* Pods_Demo_DemoUITests.framework */ = {isa = PBXFileReference; explicitFileType = wrapper.framework; includeInIndex = 0; path = Pods_Demo_DemoUITests.framework; sourceTree = BUILT_PRODUCTS_DIR; };
		4E7298D4AB16D8B0D6F9D99E /* Pods-Demo-DemoUITests.release.xcconfig */ = {isa = PBXFileReference; includeInIndex = 1; lastKnownFileType = text.xcconfig; name = "Pods-Demo-DemoUITests.release.xcconfig"; path = "Target Support Files/Pods-Demo-DemoUITests/Pods-Demo-DemoUITests.release.xcconfig"; sourceTree = "<group>"; };
		9D168DD537E7BC7FA0C76927 /* Pods_Demo.framework */ = {isa = PBXFileReference; explicitFileType = wrapper.framework; includeInIndex = 0; path = Pods_Demo.framework; sourceTree = BUILT_PRODUCTS_DIR; };
		B6DCD3B2C996E7E8DE7049E3 /* Pods-Demo.release.xcconfig */ = {isa = PBXFileReference; includeInIndex = 1; lastKnownFileType = text.xcconfig; name = "Pods-Demo.release.xcconfig"; path = "Target Support Files/Pods-Demo/Pods-Demo.release.xcconfig"; sourceTree = "<group>"; };
		DA4F4B6E452B1CE1464732BE /* Pods-Demo-DemoUITests.debug.xcconfig */ = {isa = PBXFileReference; includeInIndex = 1; lastKnownFileType = text.xcconfig; name = "Pods-Demo-DemoUITests.debug.xcconfig"; path = "Target Support Files/Pods-Demo-DemoUITests/Pods-Demo-DemoUITests.debug.xcconfig"; sourceTree = "<group>"; };
		E18AEF76D07CD29673E8F22B /* Pods-DemoTests.release.xcconfig */ = {isa = PBXFileReference; includeInIndex = 1; lastKnownFileType = text.xcconfig; name = "Pods-DemoTests.release.xcconfig"; path = "Target Support Files/Pods-DemoTests/Pods-DemoTests.release.xcconfig"; sourceTree = "<group>"; };
/* End PBXFileReference section */

/* Begin PBXFrameworksBuildPhase section */
		160106D92553DD8000FE4B77 /* Frameworks */ = {
			isa = PBXFrameworksBuildPhase;
			buildActionMask = 2147483647;
			files = (
				C22508FBFE83E454C360C944 /* Pods_Demo.framework in Frameworks */,
			);
			runOnlyForDeploymentPostprocessing = 0;
		};
		160106F42553DD8100FE4B77 /* Frameworks */ = {
			isa = PBXFrameworksBuildPhase;
			buildActionMask = 2147483647;
			files = (
				6F77A8EE9D14FCE392BD835F /* Pods_DemoTests.framework in Frameworks */,
			);
			runOnlyForDeploymentPostprocessing = 0;
		};
		160106FF2553DD8100FE4B77 /* Frameworks */ = {
			isa = PBXFrameworksBuildPhase;
			buildActionMask = 2147483647;
			files = (
				52C516C851585D71E62A73D5 /* Pods_Demo_DemoUITests.framework in Frameworks */,
			);
			runOnlyForDeploymentPostprocessing = 0;
		};
/* End PBXFrameworksBuildPhase section */

/* Begin PBXGroup section */
		160106D32553DD8000FE4B77 = {
			isa = PBXGroup;
			children = (
				160106DE2553DD8000FE4B77 /* Demo */,
				160106FA2553DD8100FE4B77 /* DemoTests */,
				160107052553DD8100FE4B77 /* DemoUITests */,
				160106DD2553DD8000FE4B77 /* Products */,
				863C150325C51CDA1727051D /* Pods */,
				A2B6A7B56530DB06D858E6DE /* Frameworks */,
			);
			sourceTree = "<group>";
		};
		160106DD2553DD8000FE4B77 /* Products */ = {
			isa = PBXGroup;
			children = (
				160106DC2553DD8000FE4B77 /* Demo.app */,
				160106F72553DD8100FE4B77 /* DemoTests.xctest */,
				160107022553DD8100FE4B77 /* DemoUITests.xctest */,
			);
			name = Products;
			sourceTree = "<group>";
		};
		160106DE2553DD8000FE4B77 /* Demo */ = {
			isa = PBXGroup;
			children = (
				16699B5F25D0CF5E00B7F43B /* ViewController.h */,
				16699B6025D0CF5E00B7F43B /* ViewController.m */,
				1669C1DC268069250059E9B0 /* MaterialClassification */,
				1686D8EC2681C72E0061FF66 /* MaterialHotRank */,
				16699BAD25D0D3C300B7F43B /* Support Files */,
				1677D10E25A2FE2800F3E6C8 /* InjectionIIIHelper */,
				160107692553EA1A00FE4B77 /* BaseSection */,
			);
			path = Demo;
			sourceTree = "<group>";
		};
		160106FA2553DD8100FE4B77 /* DemoTests */ = {
			isa = PBXGroup;
			children = (
				160106FB2553DD8100FE4B77 /* DemoTests.m */,
				160106FD2553DD8100FE4B77 /* Info.plist */,
			);
			path = DemoTests;
			sourceTree = "<group>";
		};
		160107052553DD8100FE4B77 /* DemoUITests */ = {
			isa = PBXGroup;
			children = (
				160107062553DD8100FE4B77 /* DemoUITests.m */,
				160107082553DD8100FE4B77 /* Info.plist */,
			);
			path = DemoUITests;
			sourceTree = "<group>";
		};
		160107692553EA1A00FE4B77 /* BaseSection */ = {
			isa = PBXGroup;
			children = (
				16E5C51026830DCB0024BA20 /* THKIdentityView */,
				16E5C5062682E6F80024BA20 /* HttpDNS */,
				16E5C4FC2682E5920024BA20 /* CommonObjects */,
				16E5C4E92682E4040024BA20 /* BaseNetwork */,
				16E5C4BF2682DE930024BA20 /* TBTNetwork */,
				16E5C4972682DE4B0024BA20 /* THKBaseNetwork */,
				1669C1A32680667C0059E9B0 /* CommonDefine */,
				1669C17B268066200059E9B0 /* PageContentViewController */,
				16C532CC25761E1600210A3C /* BaseViewModel */,
				16E5C58F26832FE30024BA20 /* Third */,
			);
			path = BaseSection;
			sourceTree = "<group>";
		};
		16699BAD25D0D3C300B7F43B /* Support Files */ = {
			isa = PBXGroup;
			children = (
				160106DF2553DD8000FE4B77 /* AppDelegate.h */,
				160106E02553DD8000FE4B77 /* AppDelegate.m */,
				160106E22553DD8000FE4B77 /* SceneDelegate.h */,
				160106E32553DD8000FE4B77 /* SceneDelegate.m */,
				160106E82553DD8000FE4B77 /* Main.storyboard */,
				160106EB2553DD8000FE4B77 /* Assets.xcassets */,
				160106ED2553DD8000FE4B77 /* LaunchScreen.storyboard */,
				160106F02553DD8000FE4B77 /* Info.plist */,
				160106F12553DD8000FE4B77 /* main.m */,
				160107372553DFDC00FE4B77 /* PrefixHeader.pch */,
			);
			path = "Support Files";
			sourceTree = "<group>";
		};
		1669C17B268066200059E9B0 /* PageContentViewController */ = {
			isa = PBXGroup;
			children = (
				1669C1CF2680671A0059E9B0 /* THKPageBGScrollView.h */,
				1669C1D02680671A0059E9B0 /* THKPageBGScrollView.m */,
				1669C1D72680673A0059E9B0 /* UIScrollView+TScroll.h */,
				1669C1D62680673A0059E9B0 /* UIScrollView+TScroll.m */,
				1669C1CD2680671A0059E9B0 /* THKPageContentViewController.h */,
				1669C1CE2680671A0059E9B0 /* THKPageContentViewController.m */,
				1669C180268066200059E9B0 /* THKSegmentControl.h */,
				1669C17D268066200059E9B0 /* THKSegmentControl.m */,
			);
			path = PageContentViewController;
			sourceTree = "<group>";
		};
		1669C1A32680667C0059E9B0 /* CommonDefine */ = {
			isa = PBXGroup;
			children = (
				1669C1A42680667C0059E9B0 /* THKColorsDefine.h */,
				1669C1A52680667C0059E9B0 /* UIView+Frame.m */,
				1669C1A62680667C0059E9B0 /* UIButton+Convenient.h */,
				1669C1A72680667C0059E9B0 /* UIColor+HexString.h */,
				1669C1A82680667C0059E9B0 /* UIViewController+Convenient.h */,
				1669C1A92680667C0059E9B0 /* THKCommonDefine.h */,
				1669C1AA2680667C0059E9B0 /* Define_SetValues.h */,
				1669C1AB2680667C0059E9B0 /* UIButton+Convenient.m */,
				1669C1AC2680667C0059E9B0 /* UIView+Frame.h */,
				1669C1AD2680667C0059E9B0 /* UIViewController+Convenient.m */,
				1669C1AE2680667C0059E9B0 /* UIColor+HexString.m */,
				1669C1AF2680667C0059E9B0 /* Define_Block.h */,
			);
			path = CommonDefine;
			sourceTree = "<group>";
		};
		1669C1DC268069250059E9B0 /* MaterialClassification */ = {
			isa = PBXGroup;
			children = (
				16E5C5AB268344D00024BA20 /* ViewController */,
				1669C208268086980059E9B0 /* View */,
				1669C1E3268069870059E9B0 /* ChildVC */,
				1669C21D2680924B0059E9B0 /* ViewModel */,
			);
			path = MaterialClassification;
			sourceTree = "<group>";
		};
		1669C1E3268069870059E9B0 /* ChildVC */ = {
			isa = PBXGroup;
			children = (
				1669C22B268099DA0059E9B0 /* THKMaterialRecommendRankVC.h */,
				1669C22C268099DA0059E9B0 /* THKMaterialRecommendRankVC.m */,
				1669C1ED268069870059E9B0 /* NormalViewController.h */,
				1669C1E8268069870059E9B0 /* NormalViewController.m */,
				1669C1E7268069870059E9B0 /* Table1ViewController.h */,
				1669C1EC268069870059E9B0 /* Table1ViewController.m */,
				1669C1EA268069870059E9B0 /* Table2ViewController.h */,
				1669C1E6268069870059E9B0 /* Table2ViewController.m */,
				1669C1E9268069870059E9B0 /* Table3ViewController.h */,
				1669C1E4268069870059E9B0 /* Table3ViewController.m */,
				1669C1E5268069870059E9B0 /* TableViewController.h */,
				1669C1EB268069870059E9B0 /* TableViewController.m */,
			);
			path = ChildVC;
			sourceTree = "<group>";
		};
		1669C208268086980059E9B0 /* View */ = {
			isa = PBXGroup;
			children = (
				1669C209268086C90059E9B0 /* THKMaterialClassificationView.h */,
				1669C20A268086C90059E9B0 /* THKMaterialClassificationView.m */,
				1669C212268087210059E9B0 /* THKMaterialClassificationViewCell.h */,
				1669C213268087210059E9B0 /* THKMaterialClassificationViewCell.m */,
				1669C23A2680A3A50059E9B0 /* THKMaterialClassificationRecommendCellLayout.h */,
				1669C23B2680A3A50059E9B0 /* THKMaterialClassificationRecommendCellLayout.m */,
				1669C24C2680A5240059E9B0 /* THKMaterialClassificationRecommendDecorationView.h */,
				1669C24D2680A5240059E9B0 /* THKMaterialClassificationRecommendDecorationView.m */,
				1686D89F2681756E0061FF66 /* THKMaterialClassificationRecommendRankHeader.h */,
				1686D8A02681756E0061FF66 /* THKMaterialClassificationRecommendRankHeader.m */,
				1686D8A52681758E0061FF66 /* THKMaterialClassificationRecommendNormalHeader.h */,
				1686D8A62681758E0061FF66 /* THKMaterialClassificationRecommendNormalHeader.m */,
				1669C2462680A3FC0059E9B0 /* THKMaterialClassificationRecommendCellFooter.h */,
				1669C2472680A3FC0059E9B0 /* THKMaterialClassificationRecommendCellFooter.m */,
				1686D899268173C50061FF66 /* THKMaterialTitleRankView.h */,
				1686D89A268173C50061FF66 /* THKMaterialTitleRankView.m */,
				1686D8D9268192D90061FF66 /* THKMaterialClassificationRecommendRankCell.h */,
				1686D8DA268192D90061FF66 /* THKMaterialClassificationRecommendRankCell.m */,
				1686D8DB268192D90061FF66 /* THKMaterialClassificationRecommendRankCell.xib */,
				1686D8E1268192E40061FF66 /* THKMaterialClassificationRecommendNormalCell.h */,
				1686D8E2268192E40061FF66 /* THKMaterialClassificationRecommendNormalCell.m */,
				1686D8E3268192E40061FF66 /* THKMaterialClassificationRecommendNormalCell.xib */,
			);
			path = View;
			sourceTree = "<group>";
		};
		1669C21D2680924B0059E9B0 /* ViewModel */ = {
			isa = PBXGroup;
			children = (
				1669C21E2680925C0059E9B0 /* THKMaterialClassificationViewModel.h */,
				1669C21F2680925C0059E9B0 /* THKMaterialClassificationViewModel.m */,
				1669C231268099ED0059E9B0 /* THKMaterialRecommendRankVM.h */,
				1669C232268099ED0059E9B0 /* THKMaterialRecommendRankVM.m */,
			);
			path = ViewModel;
			sourceTree = "<group>";
		};
		1669C224268094810059E9B0 /* Model */ = {
			isa = PBXGroup;
			children = (
				16E5C53826831A8C0024BA20 /* THKMaterialHotListRequest.h */,
				16E5C53926831A8C0024BA20 /* THKMaterialHotListRequest.m */,
				16E5C53E26831AA60024BA20 /* THKMaterialHotListResponse.h */,
				16E5C53F26831AA60024BA20 /* THKMaterialHotListResponse.m */,
			);
			path = Model;
			sourceTree = "<group>";
		};
		1677D10E25A2FE2800F3E6C8 /* InjectionIIIHelper */ = {
			isa = PBXGroup;
			children = (
				1677D10F25A2FE2800F3E6C8 /* InjectionIIIHelper.h */,
				1677D11025A2FE2800F3E6C8 /* InjectionIIIHelper.m */,
			);
			path = InjectionIIIHelper;
			sourceTree = "<group>";
		};
		1686D8EC2681C72E0061FF66 /* MaterialHotRank */ = {
			isa = PBXGroup;
			children = (
				16E5C5502683281A0024BA20 /* ViewController */,
				16E5C5512683281A0024BA20 /* ViewModel */,
				16E5C552268328260024BA20 /* View */,
				1669C224268094810059E9B0 /* Model */,
			);
			path = MaterialHotRank;
			sourceTree = "<group>";
		};
		16C532CC25761E1600210A3C /* BaseViewModel */ = {
			isa = PBXGroup;
			children = (
				1601076A2553EA2700FE4B77 /* THKView.h */,
				1601076B2553EA2700FE4B77 /* THKView.m */,
				160107712553EA3300FE4B77 /* THKViewModel.h */,
				160107702553EA3300FE4B77 /* THKViewModel.m */,
				16F3B69C2586F40600E5ADE4 /* THKViewController.h */,
				16F3B69D2586F40600E5ADE4 /* THKViewController.m */,
				16E5C4932682DB640024BA20 /* THKViewControllerProtocol.h */,
				16E5C54A268325E20024BA20 /* THKRequestCommand.h */,
				16E5C54B268325E20024BA20 /* THKRequestCommand.m */,
			);
			path = BaseViewModel;
			sourceTree = "<group>";
		};
		16E5C4972682DE4B0024BA20 /* THKBaseNetwork */ = {
			isa = PBXGroup;
			children = (
				16E5C4982682DE4B0024BA20 /* Classes */,
			);
			path = THKBaseNetwork;
			sourceTree = "<group>";
		};
		16E5C4982682DE4B0024BA20 /* Classes */ = {
			isa = PBXGroup;
			children = (
				16E5C4992682DE4B0024BA20 /* THKBaseNetwork.h */,
				16E5C49A2682DE4B0024BA20 /* THKBaseNetworkManager.m */,
				16E5C49B2682DE4B0024BA20 /* Response */,
				16E5C4A12682DE4B0024BA20 /* THKNetworkDefine.h */,
				16E5C4A22682DE4B0024BA20 /* THKBaseNetworkManager.h */,
				16E5C4A32682DE4B0024BA20 /* Request */,
			);
			path = Classes;
			sourceTree = "<group>";
		};
		16E5C49B2682DE4B0024BA20 /* Response */ = {
			isa = PBXGroup;
			children = (
				16E5C49C2682DE4B0024BA20 /* THKResponse.h */,
				16E5C49D2682DE4B0024BA20 /* THKResponse.m */,
				16E5C49E2682DE4B0024BA20 /* CommonResponse */,
			);
			path = Response;
			sourceTree = "<group>";
		};
		16E5C49E2682DE4B0024BA20 /* CommonResponse */ = {
			isa = PBXGroup;
			children = (
				16E5C49F2682DE4B0024BA20 /* THKCommonResponse.m */,
				16E5C4A02682DE4B0024BA20 /* THKCommonResponse.h */,
			);
			path = CommonResponse;
			sourceTree = "<group>";
		};
		16E5C4A32682DE4B0024BA20 /* Request */ = {
			isa = PBXGroup;
			children = (
				16E5C4A42682DE4B0024BA20 /* THKDownloadRequest.m */,
				16E5C4A52682DE4B0024BA20 /* THKBaseRequest.h */,
				16E5C4A62682DE4B0024BA20 /* THKUploadRequest.h */,
				16E5C4A72682DE4B0024BA20 /* THKDownloadRequest.h */,
				16E5C4A82682DE4B0024BA20 /* THKUploadRequest.m */,
				16E5C4A92682DE4B0024BA20 /* THKBaseRequest.m */,
				16E5C4AA2682DE4B0024BA20 /* THKBaseRequestProtocol.h */,
				16E5C4AB2682DE4B0024BA20 /* CommonRequest */,
			);
			path = Request;
			sourceTree = "<group>";
		};
		16E5C4AB2682DE4B0024BA20 /* CommonRequest */ = {
			isa = PBXGroup;
			children = (
				16E5C4AC2682DE4B0024BA20 /* THKCommonRequestExtensionDefine.h */,
				16E5C4AD2682DE4B0024BA20 /* THKCommonRequest.h */,
				16E5C4AE2682DE4B0024BA20 /* THKCommonJavaRequest.h */,
				16E5C4AF2682DE4B0024BA20 /* THKCommonPhpRequest.h */,
				16E5C4B02682DE4B0024BA20 /* THKCommonPhpRequest.m */,
				16E5C4B12682DE4B0024BA20 /* THKCommonJavaRequest.m */,
				16E5C4B22682DE4B0024BA20 /* THKCommonRequest.m */,
			);
			path = CommonRequest;
			sourceTree = "<group>";
		};
		16E5C4BF2682DE930024BA20 /* TBTNetwork */ = {
			isa = PBXGroup;
			children = (
				16E5C4C02682DE930024BA20 /* Classes */,
			);
			path = TBTNetwork;
			sourceTree = "<group>";
		};
		16E5C4C02682DE930024BA20 /* Classes */ = {
			isa = PBXGroup;
			children = (
				16E5C4C12682DE930024BA20 /* TBTRequest.m */,
				16E5C4C22682DE930024BA20 /* TBTNetworkConfig.h */,
				16E5C4C32682DE930024BA20 /* TBTBaseRequest.h */,
				16E5C4C42682DE930024BA20 /* TBTNetworkPrivate.h */,
				16E5C4C52682DE930024BA20 /* TBTNetworkManager.h */,
				16E5C4C62682DE930024BA20 /* TBTRequest.h */,
				16E5C4C72682DE930024BA20 /* TBTNetworkConfig.m */,
				16E5C4C82682DE930024BA20 /* TBTNetwork.h */,
				16E5C4C92682DE930024BA20 /* TBTNetworkPrivate.m */,
				16E5C4CA2682DE930024BA20 /* TBTBaseRequest.m */,
				16E5C4CB2682DE930024BA20 /* TBTNetworkManager.m */,
			);
			path = Classes;
			sourceTree = "<group>";
		};
		16E5C4E92682E4040024BA20 /* BaseNetwork */ = {
			isa = PBXGroup;
			children = (
				16E5C4F02682E4040024BA20 /* THKNetworkManager.h */,
				16E5C4EC2682E4040024BA20 /* THKNetworkManager.m */,
				16E5C4EE2682E4040024BA20 /* THKPhpUploadRequest.h */,
				16E5C4EA2682E4040024BA20 /* THKPhpUploadRequest.m */,
				16E5C4F12682E4040024BA20 /* THKResponse+ErrToast.h */,
				16E5C4ED2682E4040024BA20 /* THKResponse+ErrToast.m */,
			);
			path = BaseNetwork;
			sourceTree = "<group>";
		};
		16E5C4FC2682E5920024BA20 /* CommonObjects */ = {
			isa = PBXGroup;
			children = (
				16E5C4FD2682E5920024BA20 /* TSimpleDataObject.h */,
				16E5C4FE2682E5920024BA20 /* TRequestParameter.m */,
				16E5C4FF2682E5920024BA20 /* TRequestParameter.h */,
				16E5C5002682E5920024BA20 /* TSimpleDataObject.m */,
			);
			path = CommonObjects;
			sourceTree = "<group>";
		};
		16E5C5062682E6F80024BA20 /* HttpDNS */ = {
			isa = PBXGroup;
			children = (
				16E5C5072682E6F80024BA20 /* NSURLSession+hook_httpdns_urlprotocol_inject.h */,
				16E5C5082682E6F80024BA20 /* THKHttpDNSManager.h */,
				16E5C5092682E6F80024BA20 /* THKHttpDNSManager.m */,
				16E5C50A2682E6F80024BA20 /* NSURLSession+hook_httpdns_urlprotocol_inject.m */,
			);
			path = HttpDNS;
			sourceTree = "<group>";
		};
		16E5C51026830DCB0024BA20 /* THKIdentityView */ = {
			isa = PBXGroup;
			children = (
				16E5C52226830E5C0024BA20 /* NSData+Common.h */,
				16E5C52326830E5C0024BA20 /* NSData+Common.m */,
				16E5C52826830E7B0024BA20 /* PersonalDesignerConfig */,
				16E5C51626830DCB0024BA20 /* THKIdentityConfigManager.h */,
				16E5C51126830DCB0024BA20 /* THKIdentityConfigManager.m */,
				16E5C51526830DCB0024BA20 /* THKIdentityTypeModel.h */,
				16E5C51226830DCB0024BA20 /* THKIdentityTypeModel.m */,
				16E5C51426830DCB0024BA20 /* THKIdentityView.h */,
				16E5C51926830DCB0024BA20 /* THKIdentityView.m */,
				16E5C51726830DCB0024BA20 /* THKIdentityViewModel.h */,
				16E5C51326830DCB0024BA20 /* THKIdentityViewModel.m */,
				16E5C51826830DCB0024BA20 /* V_Identity_Config.json */,
			);
			path = THKIdentityView;
			sourceTree = "<group>";
		};
		16E5C52826830E7B0024BA20 /* PersonalDesignerConfig */ = {
			isa = PBXGroup;
			children = (
				16E5C52926830E7B0024BA20 /* THKPersonalDesignerConfigResponse.h */,
				16E5C52A26830E7B0024BA20 /* THKPersonalDesignerConfigRequest.h */,
				16E5C52B26830E7B0024BA20 /* THKPersonalDesignerConfigResponse.m */,
				16E5C52C26830E7B0024BA20 /* THKPersonalDesignerConfigRequest.m */,
			);
			path = PersonalDesignerConfig;
			sourceTree = "<group>";
		};
		16E5C5502683281A0024BA20 /* ViewController */ = {
			isa = PBXGroup;
			children = (
				1686D8ED2681C74C0061FF66 /* THKMaterialHotRankVC.h */,
				1686D8EE2681C74C0061FF66 /* THKMaterialHotRankVC.m */,
			);
			path = ViewController;
			sourceTree = "<group>";
		};
		16E5C5512683281A0024BA20 /* ViewModel */ = {
			isa = PBXGroup;
			children = (
				16E5C553268328430024BA20 /* THKMaterialHotRankVM.h */,
				16E5C554268328430024BA20 /* THKMaterialHotRankVM.m */,
			);
			path = ViewModel;
			sourceTree = "<group>";
		};
		16E5C552268328260024BA20 /* View */ = {
			isa = PBXGroup;
			children = (
				1622E5EA2681D00E004DD9D8 /* THKMaterialHotRankHeader.h */,
				1622E5EB2681D00E004DD9D8 /* THKMaterialHotRankHeader.m */,
			);
			path = View;
			sourceTree = "<group>";
		};
		16E5C58F26832FE30024BA20 /* Third */ = {
			isa = PBXGroup;
			children = (
				16E5C590268330270024BA20 /* MLeaksMessenger+HookAlert.h */,
				16E5C591268330280024BA20 /* MLeaksMessenger+HookAlert.m */,
			);
			path = Third;
			sourceTree = "<group>";
		};
		16E5C5AB268344D00024BA20 /* ViewController */ = {
			isa = PBXGroup;
			children = (
				1669C1F926807F600059E9B0 /* THKMaterialClassificationVC.h */,
				1669C1FA26807F600059E9B0 /* THKMaterialClassificationVC.m */,
			);
			path = ViewController;
			sourceTree = "<group>";
		};
		863C150325C51CDA1727051D /* Pods */ = {
			isa = PBXGroup;
			children = (
				3B271C6912A85D06F5128169 /* Pods-Demo.debug.xcconfig */,
				B6DCD3B2C996E7E8DE7049E3 /* Pods-Demo.release.xcconfig */,
				DA4F4B6E452B1CE1464732BE /* Pods-Demo-DemoUITests.debug.xcconfig */,
				4E7298D4AB16D8B0D6F9D99E /* Pods-Demo-DemoUITests.release.xcconfig */,
				3A9BD9C2D8C584757EF12711 /* Pods-DemoTests.debug.xcconfig */,
				E18AEF76D07CD29673E8F22B /* Pods-DemoTests.release.xcconfig */,
			);
			path = Pods;
			sourceTree = "<group>";
		};
		A2B6A7B56530DB06D858E6DE /* Frameworks */ = {
			isa = PBXGroup;
			children = (
				9D168DD537E7BC7FA0C76927 /* Pods_Demo.framework */,
				3C3BBBCE07C84A21813F2664 /* Pods_Demo_DemoUITests.framework */,
				12D3BA603DDF9B8410FAD81B /* Pods_DemoTests.framework */,
			);
			name = Frameworks;
			sourceTree = "<group>";
		};
/* End PBXGroup section */

/* Begin PBXNativeTarget section */
		160106DB2553DD8000FE4B77 /* Demo */ = {
			isa = PBXNativeTarget;
			buildConfigurationList = 1601070B2553DD8100FE4B77 /* Build configuration list for PBXNativeTarget "Demo" */;
			buildPhases = (
				23825C5A60CC1627893E31C0 /* [CP] Check Pods Manifest.lock */,
				160106D82553DD8000FE4B77 /* Sources */,
				160106D92553DD8000FE4B77 /* Frameworks */,
				160106DA2553DD8000FE4B77 /* Resources */,
				24AC360ACEB837124CD439D5 /* [CP] Embed Pods Frameworks */,
			);
			buildRules = (
			);
			dependencies = (
			);
			name = Demo;
			productName = Demo;
			productReference = 160106DC2553DD8000FE4B77 /* Demo.app */;
			productType = "com.apple.product-type.application";
		};
		160106F62553DD8100FE4B77 /* DemoTests */ = {
			isa = PBXNativeTarget;
			buildConfigurationList = 1601070E2553DD8100FE4B77 /* Build configuration list for PBXNativeTarget "DemoTests" */;
			buildPhases = (
				76C341A983CF6891AA23DED5 /* [CP] Check Pods Manifest.lock */,
				160106F32553DD8100FE4B77 /* Sources */,
				160106F42553DD8100FE4B77 /* Frameworks */,
				160106F52553DD8100FE4B77 /* Resources */,
			);
			buildRules = (
			);
			dependencies = (
				160106F92553DD8100FE4B77 /* PBXTargetDependency */,
			);
			name = DemoTests;
			productName = DemoTests;
			productReference = 160106F72553DD8100FE4B77 /* DemoTests.xctest */;
			productType = "com.apple.product-type.bundle.unit-test";
		};
		160107012553DD8100FE4B77 /* DemoUITests */ = {
			isa = PBXNativeTarget;
			buildConfigurationList = 160107112553DD8100FE4B77 /* Build configuration list for PBXNativeTarget "DemoUITests" */;
			buildPhases = (
				AA954CE71A452C6804CF4068 /* [CP] Check Pods Manifest.lock */,
				160106FE2553DD8100FE4B77 /* Sources */,
				160106FF2553DD8100FE4B77 /* Frameworks */,
				160107002553DD8100FE4B77 /* Resources */,
				327B9F2229792D2194A16356 /* [CP] Embed Pods Frameworks */,
			);
			buildRules = (
			);
			dependencies = (
				160107042553DD8100FE4B77 /* PBXTargetDependency */,
			);
			name = DemoUITests;
			productName = DemoUITests;
			productReference = 160107022553DD8100FE4B77 /* DemoUITests.xctest */;
			productType = "com.apple.product-type.bundle.ui-testing";
		};
/* End PBXNativeTarget section */

/* Begin PBXProject section */
		160106D42553DD8000FE4B77 /* Project object */ = {
			isa = PBXProject;
			attributes = {
				LastUpgradeCheck = 1210;
				TargetAttributes = {
					160106DB2553DD8000FE4B77 = {
						CreatedOnToolsVersion = 12.1;
					};
					160106F62553DD8100FE4B77 = {
						CreatedOnToolsVersion = 12.1;
						TestTargetID = 160106DB2553DD8000FE4B77;
					};
					160107012553DD8100FE4B77 = {
						CreatedOnToolsVersion = 12.1;
						TestTargetID = 160106DB2553DD8000FE4B77;
					};
				};
			};
			buildConfigurationList = 160106D72553DD8000FE4B77 /* Build configuration list for PBXProject "Demo" */;
			compatibilityVersion = "Xcode 9.3";
			developmentRegion = en;
			hasScannedForEncodings = 0;
			knownRegions = (
				en,
				Base,
			);
			mainGroup = 160106D32553DD8000FE4B77;
			productRefGroup = 160106DD2553DD8000FE4B77 /* Products */;
			projectDirPath = "";
			projectRoot = "";
			targets = (
				160106DB2553DD8000FE4B77 /* Demo */,
				160106F62553DD8100FE4B77 /* DemoTests */,
				160107012553DD8100FE4B77 /* DemoUITests */,
			);
		};
/* End PBXProject section */

/* Begin PBXResourcesBuildPhase section */
		160106DA2553DD8000FE4B77 /* Resources */ = {
			isa = PBXResourcesBuildPhase;
			buildActionMask = 2147483647;
			files = (
				16E5C51D26830DCB0024BA20 /* V_Identity_Config.json in Resources */,
				160106EF2553DD8000FE4B77 /* LaunchScreen.storyboard in Resources */,
				160106EC2553DD8000FE4B77 /* Assets.xcassets in Resources */,
				160106EA2553DD8000FE4B77 /* Main.storyboard in Resources */,
				1686D8DD268192D90061FF66 /* THKMaterialClassificationRecommendRankCell.xib in Resources */,
				1686D8E5268192E40061FF66 /* THKMaterialClassificationRecommendNormalCell.xib in Resources */,
			);
			runOnlyForDeploymentPostprocessing = 0;
		};
		160106F52553DD8100FE4B77 /* Resources */ = {
			isa = PBXResourcesBuildPhase;
			buildActionMask = 2147483647;
			files = (
			);
			runOnlyForDeploymentPostprocessing = 0;
		};
		160107002553DD8100FE4B77 /* Resources */ = {
			isa = PBXResourcesBuildPhase;
			buildActionMask = 2147483647;
			files = (
			);
			runOnlyForDeploymentPostprocessing = 0;
		};
/* End PBXResourcesBuildPhase section */

/* Begin PBXShellScriptBuildPhase section */
		23825C5A60CC1627893E31C0 /* [CP] Check Pods Manifest.lock */ = {
			isa = PBXShellScriptBuildPhase;
			buildActionMask = 2147483647;
			files = (
			);
			inputFileListPaths = (
			);
			inputPaths = (
				"${PODS_PODFILE_DIR_PATH}/Podfile.lock",
				"${PODS_ROOT}/Manifest.lock",
			);
			name = "[CP] Check Pods Manifest.lock";
			outputFileListPaths = (
			);
			outputPaths = (
				"$(DERIVED_FILE_DIR)/Pods-Demo-checkManifestLockResult.txt",
			);
			runOnlyForDeploymentPostprocessing = 0;
			shellPath = /bin/sh;
			shellScript = "diff \"${PODS_PODFILE_DIR_PATH}/Podfile.lock\" \"${PODS_ROOT}/Manifest.lock\" > /dev/null\nif [ $? != 0 ] ; then\n    # print error to STDERR\n    echo \"error: The sandbox is not in sync with the Podfile.lock. Run 'pod install' or update your CocoaPods installation.\" >&2\n    exit 1\nfi\n# This output is used by Xcode 'outputs' to avoid re-running this script phase.\necho \"SUCCESS\" > \"${SCRIPT_OUTPUT_FILE_0}\"\n";
			showEnvVarsInLog = 0;
		};
		24AC360ACEB837124CD439D5 /* [CP] Embed Pods Frameworks */ = {
			isa = PBXShellScriptBuildPhase;
			buildActionMask = 2147483647;
			files = (
			);
			inputFileListPaths = (
				"${PODS_ROOT}/Target Support Files/Pods-Demo/Pods-Demo-frameworks-${CONFIGURATION}-input-files.xcfilelist",
			);
			name = "[CP] Embed Pods Frameworks";
			outputFileListPaths = (
				"${PODS_ROOT}/Target Support Files/Pods-Demo/Pods-Demo-frameworks-${CONFIGURATION}-output-files.xcfilelist",
			);
			runOnlyForDeploymentPostprocessing = 0;
			shellPath = /bin/sh;
			shellScript = "\"${PODS_ROOT}/Target Support Files/Pods-Demo/Pods-Demo-frameworks.sh\"\n";
			showEnvVarsInLog = 0;
		};
		327B9F2229792D2194A16356 /* [CP] Embed Pods Frameworks */ = {
			isa = PBXShellScriptBuildPhase;
			buildActionMask = 2147483647;
			files = (
			);
			inputFileListPaths = (
				"${PODS_ROOT}/Target Support Files/Pods-Demo-DemoUITests/Pods-Demo-DemoUITests-frameworks-${CONFIGURATION}-input-files.xcfilelist",
			);
			name = "[CP] Embed Pods Frameworks";
			outputFileListPaths = (
				"${PODS_ROOT}/Target Support Files/Pods-Demo-DemoUITests/Pods-Demo-DemoUITests-frameworks-${CONFIGURATION}-output-files.xcfilelist",
			);
			runOnlyForDeploymentPostprocessing = 0;
			shellPath = /bin/sh;
			shellScript = "\"${PODS_ROOT}/Target Support Files/Pods-Demo-DemoUITests/Pods-Demo-DemoUITests-frameworks.sh\"\n";
			showEnvVarsInLog = 0;
		};
		76C341A983CF6891AA23DED5 /* [CP] Check Pods Manifest.lock */ = {
			isa = PBXShellScriptBuildPhase;
			buildActionMask = 2147483647;
			files = (
			);
			inputFileListPaths = (
			);
			inputPaths = (
				"${PODS_PODFILE_DIR_PATH}/Podfile.lock",
				"${PODS_ROOT}/Manifest.lock",
			);
			name = "[CP] Check Pods Manifest.lock";
			outputFileListPaths = (
			);
			outputPaths = (
				"$(DERIVED_FILE_DIR)/Pods-DemoTests-checkManifestLockResult.txt",
			);
			runOnlyForDeploymentPostprocessing = 0;
			shellPath = /bin/sh;
			shellScript = "diff \"${PODS_PODFILE_DIR_PATH}/Podfile.lock\" \"${PODS_ROOT}/Manifest.lock\" > /dev/null\nif [ $? != 0 ] ; then\n    # print error to STDERR\n    echo \"error: The sandbox is not in sync with the Podfile.lock. Run 'pod install' or update your CocoaPods installation.\" >&2\n    exit 1\nfi\n# This output is used by Xcode 'outputs' to avoid re-running this script phase.\necho \"SUCCESS\" > \"${SCRIPT_OUTPUT_FILE_0}\"\n";
			showEnvVarsInLog = 0;
		};
		AA954CE71A452C6804CF4068 /* [CP] Check Pods Manifest.lock */ = {
			isa = PBXShellScriptBuildPhase;
			buildActionMask = 2147483647;
			files = (
			);
			inputFileListPaths = (
			);
			inputPaths = (
				"${PODS_PODFILE_DIR_PATH}/Podfile.lock",
				"${PODS_ROOT}/Manifest.lock",
			);
			name = "[CP] Check Pods Manifest.lock";
			outputFileListPaths = (
			);
			outputPaths = (
				"$(DERIVED_FILE_DIR)/Pods-Demo-DemoUITests-checkManifestLockResult.txt",
			);
			runOnlyForDeploymentPostprocessing = 0;
			shellPath = /bin/sh;
			shellScript = "diff \"${PODS_PODFILE_DIR_PATH}/Podfile.lock\" \"${PODS_ROOT}/Manifest.lock\" > /dev/null\nif [ $? != 0 ] ; then\n    # print error to STDERR\n    echo \"error: The sandbox is not in sync with the Podfile.lock. Run 'pod install' or update your CocoaPods installation.\" >&2\n    exit 1\nfi\n# This output is used by Xcode 'outputs' to avoid re-running this script phase.\necho \"SUCCESS\" > \"${SCRIPT_OUTPUT_FILE_0}\"\n";
			showEnvVarsInLog = 0;
		};
/* End PBXShellScriptBuildPhase section */

/* Begin PBXSourcesBuildPhase section */
		160106D82553DD8000FE4B77 /* Sources */ = {
			isa = PBXSourcesBuildPhase;
			buildActionMask = 2147483647;
			files = (
				1669C1B32680667C0059E9B0 /* UIColor+HexString.m in Sources */,
				16E5C54C268325E20024BA20 /* THKRequestCommand.m in Sources */,
				1669C1EF268069880059E9B0 /* Table2ViewController.m in Sources */,
				16E5C4BA2682DE4B0024BA20 /* THKCommonJavaRequest.m in Sources */,
				1669C1B02680667C0059E9B0 /* UIView+Frame.m in Sources */,
				16E5C54026831AA60024BA20 /* THKMaterialHotListResponse.m in Sources */,
				16E5C592268330280024BA20 /* MLeaksMessenger+HookAlert.m in Sources */,
				16E5C4B62682DE4B0024BA20 /* THKDownloadRequest.m in Sources */,
				16E5C4F52682E4040024BA20 /* THKResponse+ErrToast.m in Sources */,
				16E5C52E26830E7B0024BA20 /* THKPersonalDesignerConfigRequest.m in Sources */,
				160106E12553DD8000FE4B77 /* AppDelegate.m in Sources */,
				1686D8DC268192D90061FF66 /* THKMaterialClassificationRecommendRankCell.m in Sources */,
				1669C1EE268069880059E9B0 /* Table3ViewController.m in Sources */,
				16E5C4B42682DE4B0024BA20 /* THKResponse.m in Sources */,
				16E5C4D02682DE930024BA20 /* TBTNetworkManager.m in Sources */,
				1669C2202680925C0059E9B0 /* THKMaterialClassificationViewModel.m in Sources */,
				1669C1B22680667C0059E9B0 /* UIViewController+Convenient.m in Sources */,
				160107722553EA3400FE4B77 /* THKViewModel.m in Sources */,
				16E5C4B32682DE4B0024BA20 /* THKBaseNetworkManager.m in Sources */,
				1669C24E2680A5240059E9B0 /* THKMaterialClassificationRecommendDecorationView.m in Sources */,
				16E5C4CD2682DE930024BA20 /* TBTNetworkConfig.m in Sources */,
				16E5C51A26830DCB0024BA20 /* THKIdentityConfigManager.m in Sources */,
				1686D8E4268192E40061FF66 /* THKMaterialClassificationRecommendNormalCell.m in Sources */,
				1686D8EF2681C74C0061FF66 /* THKMaterialHotRankVC.m in Sources */,
				1669C1F2268069880059E9B0 /* Table1ViewController.m in Sources */,
				1677D11125A2FE2800F3E6C8 /* InjectionIIIHelper.m in Sources */,
				16E5C4CE2682DE930024BA20 /* TBTNetworkPrivate.m in Sources */,
				160106F22553DD8000FE4B77 /* main.m in Sources */,
				16E5C4BB2682DE4B0024BA20 /* THKCommonRequest.m in Sources */,
				16E5C52D26830E7B0024BA20 /* THKPersonalDesignerConfigResponse.m in Sources */,
				1669C1FB26807F600059E9B0 /* THKMaterialClassificationVC.m in Sources */,
				16E5C51B26830DCB0024BA20 /* THKIdentityTypeModel.m in Sources */,
				1686D89B268173C50061FF66 /* THKMaterialTitleRankView.m in Sources */,
				1686D8A72681758E0061FF66 /* THKMaterialClassificationRecommendNormalHeader.m in Sources */,
				16E5C4CF2682DE930024BA20 /* TBTBaseRequest.m in Sources */,
				1669C20B268086C90059E9B0 /* THKMaterialClassificationView.m in Sources */,
				16E5C51E26830DCB0024BA20 /* THKIdentityView.m in Sources */,
				1669C22D268099DA0059E9B0 /* THKMaterialRecommendRankVC.m in Sources */,
				16E5C52426830E5C0024BA20 /* NSData+Common.m in Sources */,
				1669C1D82680673A0059E9B0 /* UIScrollView+TScroll.m in Sources */,
				1669C1D12680671A0059E9B0 /* THKPageContentViewController.m in Sources */,
				16E5C555268328430024BA20 /* THKMaterialHotRankVM.m in Sources */,
				160106E42553DD8000FE4B77 /* SceneDelegate.m in Sources */,
				1669C23C2680A3A50059E9B0 /* THKMaterialClassificationRecommendCellLayout.m in Sources */,
				1601076C2553EA2800FE4B77 /* THKView.m in Sources */,
				1622E5EC2681D00E004DD9D8 /* THKMaterialHotRankHeader.m in Sources */,
				1669C1F0268069880059E9B0 /* NormalViewController.m in Sources */,
				1686D8A12681756E0061FF66 /* THKMaterialClassificationRecommendRankHeader.m in Sources */,
				16E5C50C2682E6F80024BA20 /* NSURLSession+hook_httpdns_urlprotocol_inject.m in Sources */,
				1669C1D22680671A0059E9B0 /* THKPageBGScrollView.m in Sources */,
				16699B6125D0CF5E00B7F43B /* ViewController.m in Sources */,
				16E5C51C26830DCB0024BA20 /* THKIdentityViewModel.m in Sources */,
				16E5C4B82682DE4B0024BA20 /* THKBaseRequest.m in Sources */,
				16E5C4B92682DE4B0024BA20 /* THKCommonPhpRequest.m in Sources */,
				1669C215268087210059E9B0 /* THKMaterialClassificationViewCell.m in Sources */,
				16E5C4F42682E4040024BA20 /* THKNetworkManager.m in Sources */,
				16F3B69E2586F40600E5ADE4 /* THKViewController.m in Sources */,
				16E5C5012682E5920024BA20 /* TRequestParameter.m in Sources */,
				1669C187268066200059E9B0 /* THKSegmentControl.m in Sources */,
				16E5C4B52682DE4B0024BA20 /* THKCommonResponse.m in Sources */,
				16E5C4CC2682DE930024BA20 /* TBTRequest.m in Sources */,
				16E5C4B72682DE4B0024BA20 /* THKUploadRequest.m in Sources */,
				16E5C53A26831A8C0024BA20 /* THKMaterialHotListRequest.m in Sources */,
				16E5C50B2682E6F80024BA20 /* THKHttpDNSManager.m in Sources */,
				1669C1F1268069880059E9B0 /* TableViewController.m in Sources */,
				1669C233268099ED0059E9B0 /* THKMaterialRecommendRankVM.m in Sources */,
				1669C1B12680667C0059E9B0 /* UIButton+Convenient.m in Sources */,
				1669C2482680A3FC0059E9B0 /* THKMaterialClassificationRecommendCellFooter.m in Sources */,
				16E5C5022682E5920024BA20 /* TSimpleDataObject.m in Sources */,
				16E5C4F22682E4040024BA20 /* THKPhpUploadRequest.m in Sources */,
			);
			runOnlyForDeploymentPostprocessing = 0;
		};
		160106F32553DD8100FE4B77 /* Sources */ = {
			isa = PBXSourcesBuildPhase;
			buildActionMask = 2147483647;
			files = (
				160106FC2553DD8100FE4B77 /* DemoTests.m in Sources */,
			);
			runOnlyForDeploymentPostprocessing = 0;
		};
		160106FE2553DD8100FE4B77 /* Sources */ = {
			isa = PBXSourcesBuildPhase;
			buildActionMask = 2147483647;
			files = (
				160107072553DD8100FE4B77 /* DemoUITests.m in Sources */,
			);
			runOnlyForDeploymentPostprocessing = 0;
		};
/* End PBXSourcesBuildPhase section */

/* Begin PBXTargetDependency section */
		160106F92553DD8100FE4B77 /* PBXTargetDependency */ = {
			isa = PBXTargetDependency;
			target = 160106DB2553DD8000FE4B77 /* Demo */;
			targetProxy = 160106F82553DD8100FE4B77 /* PBXContainerItemProxy */;
		};
		160107042553DD8100FE4B77 /* PBXTargetDependency */ = {
			isa = PBXTargetDependency;
			target = 160106DB2553DD8000FE4B77 /* Demo */;
			targetProxy = 160107032553DD8100FE4B77 /* PBXContainerItemProxy */;
		};
/* End PBXTargetDependency section */

/* Begin PBXVariantGroup section */
		160106E82553DD8000FE4B77 /* Main.storyboard */ = {
			isa = PBXVariantGroup;
			children = (
				160106E92553DD8000FE4B77 /* Base */,
			);
			name = Main.storyboard;
			sourceTree = "<group>";
		};
		160106ED2553DD8000FE4B77 /* LaunchScreen.storyboard */ = {
			isa = PBXVariantGroup;
			children = (
				160106EE2553DD8000FE4B77 /* Base */,
			);
			name = LaunchScreen.storyboard;
			sourceTree = "<group>";
		};
/* End PBXVariantGroup section */

/* Begin XCBuildConfiguration section */
		160107092553DD8100FE4B77 /* Debug */ = {
			isa = XCBuildConfiguration;
			buildSettings = {
				ALWAYS_SEARCH_USER_PATHS = NO;
				CLANG_ANALYZER_NONNULL = YES;
				CLANG_ANALYZER_NUMBER_OBJECT_CONVERSION = YES_AGGRESSIVE;
				CLANG_CXX_LANGUAGE_STANDARD = "gnu++14";
				CLANG_CXX_LIBRARY = "libc++";
				CLANG_ENABLE_MODULES = YES;
				CLANG_ENABLE_OBJC_ARC = YES;
				CLANG_ENABLE_OBJC_WEAK = YES;
				CLANG_WARN_BLOCK_CAPTURE_AUTORELEASING = YES;
				CLANG_WARN_BOOL_CONVERSION = YES;
				CLANG_WARN_COMMA = YES;
				CLANG_WARN_CONSTANT_CONVERSION = YES;
				CLANG_WARN_DEPRECATED_OBJC_IMPLEMENTATIONS = YES;
				CLANG_WARN_DIRECT_OBJC_ISA_USAGE = YES_ERROR;
				CLANG_WARN_DOCUMENTATION_COMMENTS = YES;
				CLANG_WARN_EMPTY_BODY = YES;
				CLANG_WARN_ENUM_CONVERSION = YES;
				CLANG_WARN_INFINITE_RECURSION = YES;
				CLANG_WARN_INT_CONVERSION = YES;
				CLANG_WARN_NON_LITERAL_NULL_CONVERSION = YES;
				CLANG_WARN_OBJC_IMPLICIT_RETAIN_SELF = YES;
				CLANG_WARN_OBJC_LITERAL_CONVERSION = YES;
				CLANG_WARN_OBJC_ROOT_CLASS = YES_ERROR;
				CLANG_WARN_QUOTED_INCLUDE_IN_FRAMEWORK_HEADER = YES;
				CLANG_WARN_RANGE_LOOP_ANALYSIS = YES;
				CLANG_WARN_STRICT_PROTOTYPES = YES;
				CLANG_WARN_SUSPICIOUS_MOVE = YES;
				CLANG_WARN_UNGUARDED_AVAILABILITY = YES_AGGRESSIVE;
				CLANG_WARN_UNREACHABLE_CODE = YES;
				CLANG_WARN__DUPLICATE_METHOD_MATCH = YES;
				COPY_PHASE_STRIP = NO;
				DEBUG_INFORMATION_FORMAT = dwarf;
				ENABLE_STRICT_OBJC_MSGSEND = YES;
				ENABLE_TESTABILITY = YES;
				GCC_C_LANGUAGE_STANDARD = gnu11;
				GCC_DYNAMIC_NO_PIC = NO;
				GCC_NO_COMMON_BLOCKS = YES;
				GCC_OPTIMIZATION_LEVEL = 0;
				GCC_PREPROCESSOR_DEFINITIONS = (
					"DEBUG=1",
					"$(inherited)",
				);
				GCC_WARN_64_TO_32_BIT_CONVERSION = YES;
				GCC_WARN_ABOUT_RETURN_TYPE = YES_ERROR;
				GCC_WARN_UNDECLARED_SELECTOR = YES;
				GCC_WARN_UNINITIALIZED_AUTOS = YES_AGGRESSIVE;
				GCC_WARN_UNUSED_FUNCTION = YES;
				GCC_WARN_UNUSED_VARIABLE = YES;
				IPHONEOS_DEPLOYMENT_TARGET = 11.0;
				MTL_ENABLE_DEBUG_INFO = INCLUDE_SOURCE;
				MTL_FAST_MATH = YES;
				ONLY_ACTIVE_ARCH = YES;
				SDKROOT = iphoneos;
			};
			name = Debug;
		};
		1601070A2553DD8100FE4B77 /* Release */ = {
			isa = XCBuildConfiguration;
			buildSettings = {
				ALWAYS_SEARCH_USER_PATHS = NO;
				CLANG_ANALYZER_NONNULL = YES;
				CLANG_ANALYZER_NUMBER_OBJECT_CONVERSION = YES_AGGRESSIVE;
				CLANG_CXX_LANGUAGE_STANDARD = "gnu++14";
				CLANG_CXX_LIBRARY = "libc++";
				CLANG_ENABLE_MODULES = YES;
				CLANG_ENABLE_OBJC_ARC = YES;
				CLANG_ENABLE_OBJC_WEAK = YES;
				CLANG_WARN_BLOCK_CAPTURE_AUTORELEASING = YES;
				CLANG_WARN_BOOL_CONVERSION = YES;
				CLANG_WARN_COMMA = YES;
				CLANG_WARN_CONSTANT_CONVERSION = YES;
				CLANG_WARN_DEPRECATED_OBJC_IMPLEMENTATIONS = YES;
				CLANG_WARN_DIRECT_OBJC_ISA_USAGE = YES_ERROR;
				CLANG_WARN_DOCUMENTATION_COMMENTS = YES;
				CLANG_WARN_EMPTY_BODY = YES;
				CLANG_WARN_ENUM_CONVERSION = YES;
				CLANG_WARN_INFINITE_RECURSION = YES;
				CLANG_WARN_INT_CONVERSION = YES;
				CLANG_WARN_NON_LITERAL_NULL_CONVERSION = YES;
				CLANG_WARN_OBJC_IMPLICIT_RETAIN_SELF = YES;
				CLANG_WARN_OBJC_LITERAL_CONVERSION = YES;
				CLANG_WARN_OBJC_ROOT_CLASS = YES_ERROR;
				CLANG_WARN_QUOTED_INCLUDE_IN_FRAMEWORK_HEADER = YES;
				CLANG_WARN_RANGE_LOOP_ANALYSIS = YES;
				CLANG_WARN_STRICT_PROTOTYPES = YES;
				CLANG_WARN_SUSPICIOUS_MOVE = YES;
				CLANG_WARN_UNGUARDED_AVAILABILITY = YES_AGGRESSIVE;
				CLANG_WARN_UNREACHABLE_CODE = YES;
				CLANG_WARN__DUPLICATE_METHOD_MATCH = YES;
				COPY_PHASE_STRIP = NO;
				DEBUG_INFORMATION_FORMAT = "dwarf-with-dsym";
				ENABLE_NS_ASSERTIONS = NO;
				ENABLE_STRICT_OBJC_MSGSEND = YES;
				GCC_C_LANGUAGE_STANDARD = gnu11;
				GCC_NO_COMMON_BLOCKS = YES;
				GCC_WARN_64_TO_32_BIT_CONVERSION = YES;
				GCC_WARN_ABOUT_RETURN_TYPE = YES_ERROR;
				GCC_WARN_UNDECLARED_SELECTOR = YES;
				GCC_WARN_UNINITIALIZED_AUTOS = YES_AGGRESSIVE;
				GCC_WARN_UNUSED_FUNCTION = YES;
				GCC_WARN_UNUSED_VARIABLE = YES;
				IPHONEOS_DEPLOYMENT_TARGET = 11.0;
				MTL_ENABLE_DEBUG_INFO = NO;
				MTL_FAST_MATH = YES;
				SDKROOT = iphoneos;
				VALIDATE_PRODUCT = YES;
			};
			name = Release;
		};
		1601070C2553DD8100FE4B77 /* Debug */ = {
			isa = XCBuildConfiguration;
			baseConfigurationReference = 3B271C6912A85D06F5128169 /* Pods-Demo.debug.xcconfig */;
			buildSettings = {
				ASSETCATALOG_COMPILER_APPICON_NAME = AppIcon;
				ASSETCATALOG_COMPILER_GLOBAL_ACCENT_COLOR_NAME = AccentColor;
				CODE_SIGN_STYLE = Automatic;
				DEVELOPMENT_TEAM = 5XB293ZE6R;
				GCC_PREFIX_HEADER = "$(SRCROOT)/Demo/Support Files/PrefixHeader.pch";
				INFOPLIST_FILE = "Demo/Support Files/Info.plist";
				LD_RUNPATH_SEARCH_PATHS = (
					"$(inherited)",
					"@executable_path/Frameworks",
				);
				PRODUCT_BUNDLE_IDENTIFIER = com.czx.demo;
				PRODUCT_NAME = "$(TARGET_NAME)";
				TARGETED_DEVICE_FAMILY = "1,2";
				WARNING_CFLAGS = "-Wno-ambiguous-macro";
			};
			name = Debug;
		};
		1601070D2553DD8100FE4B77 /* Release */ = {
			isa = XCBuildConfiguration;
			baseConfigurationReference = B6DCD3B2C996E7E8DE7049E3 /* Pods-Demo.release.xcconfig */;
			buildSettings = {
				ASSETCATALOG_COMPILER_APPICON_NAME = AppIcon;
				ASSETCATALOG_COMPILER_GLOBAL_ACCENT_COLOR_NAME = AccentColor;
				CODE_SIGN_STYLE = Automatic;
				DEVELOPMENT_TEAM = 5XB293ZE6R;
				GCC_PREFIX_HEADER = "$(SRCROOT)/Demo/Support Files/PrefixHeader.pch";
				INFOPLIST_FILE = "Demo/Support Files/Info.plist";
				LD_RUNPATH_SEARCH_PATHS = (
					"$(inherited)",
					"@executable_path/Frameworks",
				);
				PRODUCT_BUNDLE_IDENTIFIER = com.czx.demo;
				PRODUCT_NAME = "$(TARGET_NAME)";
				TARGETED_DEVICE_FAMILY = "1,2";
				WARNING_CFLAGS = "-Wno-ambiguous-macro";
			};
			name = Release;
		};
		1601070F2553DD8100FE4B77 /* Debug */ = {
			isa = XCBuildConfiguration;
			baseConfigurationReference = 3A9BD9C2D8C584757EF12711 /* Pods-DemoTests.debug.xcconfig */;
			buildSettings = {
				BUNDLE_LOADER = "$(TEST_HOST)";
				CODE_SIGN_STYLE = Automatic;
				INFOPLIST_FILE = DemoTests/Info.plist;
				IPHONEOS_DEPLOYMENT_TARGET = 14.1;
				LD_RUNPATH_SEARCH_PATHS = (
					"$(inherited)",
					"@executable_path/Frameworks",
					"@loader_path/Frameworks",
				);
				PRODUCT_BUNDLE_IDENTIFIER = com.tu8tu.DemoTests;
				PRODUCT_NAME = "$(TARGET_NAME)";
				TARGETED_DEVICE_FAMILY = "1,2";
				TEST_HOST = "$(BUILT_PRODUCTS_DIR)/Demo.app/Demo";
			};
			name = Debug;
		};
		160107102553DD8100FE4B77 /* Release */ = {
			isa = XCBuildConfiguration;
			baseConfigurationReference = E18AEF76D07CD29673E8F22B /* Pods-DemoTests.release.xcconfig */;
			buildSettings = {
				BUNDLE_LOADER = "$(TEST_HOST)";
				CODE_SIGN_STYLE = Automatic;
				INFOPLIST_FILE = DemoTests/Info.plist;
				IPHONEOS_DEPLOYMENT_TARGET = 14.1;
				LD_RUNPATH_SEARCH_PATHS = (
					"$(inherited)",
					"@executable_path/Frameworks",
					"@loader_path/Frameworks",
				);
				PRODUCT_BUNDLE_IDENTIFIER = com.tu8tu.DemoTests;
				PRODUCT_NAME = "$(TARGET_NAME)";
				TARGETED_DEVICE_FAMILY = "1,2";
				TEST_HOST = "$(BUILT_PRODUCTS_DIR)/Demo.app/Demo";
			};
			name = Release;
		};
		160107122553DD8100FE4B77 /* Debug */ = {
			isa = XCBuildConfiguration;
			baseConfigurationReference = DA4F4B6E452B1CE1464732BE /* Pods-Demo-DemoUITests.debug.xcconfig */;
			buildSettings = {
				CODE_SIGN_STYLE = Automatic;
				INFOPLIST_FILE = DemoUITests/Info.plist;
				LD_RUNPATH_SEARCH_PATHS = (
					"$(inherited)",
					"@executable_path/Frameworks",
					"@loader_path/Frameworks",
				);
				PRODUCT_BUNDLE_IDENTIFIER = com.tu8tu.DemoUITests;
				PRODUCT_NAME = "$(TARGET_NAME)";
				TARGETED_DEVICE_FAMILY = "1,2";
				TEST_TARGET_NAME = Demo;
			};
			name = Debug;
		};
		160107132553DD8100FE4B77 /* Release */ = {
			isa = XCBuildConfiguration;
			baseConfigurationReference = 4E7298D4AB16D8B0D6F9D99E /* Pods-Demo-DemoUITests.release.xcconfig */;
			buildSettings = {
				CODE_SIGN_STYLE = Automatic;
				INFOPLIST_FILE = DemoUITests/Info.plist;
				LD_RUNPATH_SEARCH_PATHS = (
					"$(inherited)",
					"@executable_path/Frameworks",
					"@loader_path/Frameworks",
				);
				PRODUCT_BUNDLE_IDENTIFIER = com.tu8tu.DemoUITests;
				PRODUCT_NAME = "$(TARGET_NAME)";
				TARGETED_DEVICE_FAMILY = "1,2";
				TEST_TARGET_NAME = Demo;
			};
			name = Release;
		};
/* End XCBuildConfiguration section */

/* Begin XCConfigurationList section */
		160106D72553DD8000FE4B77 /* Build configuration list for PBXProject "Demo" */ = {
			isa = XCConfigurationList;
			buildConfigurations = (
				160107092553DD8100FE4B77 /* Debug */,
				1601070A2553DD8100FE4B77 /* Release */,
			);
			defaultConfigurationIsVisible = 0;
			defaultConfigurationName = Release;
		};
		1601070B2553DD8100FE4B77 /* Build configuration list for PBXNativeTarget "Demo" */ = {
			isa = XCConfigurationList;
			buildConfigurations = (
				1601070C2553DD8100FE4B77 /* Debug */,
				1601070D2553DD8100FE4B77 /* Release */,
			);
			defaultConfigurationIsVisible = 0;
			defaultConfigurationName = Release;
		};
		1601070E2553DD8100FE4B77 /* Build configuration list for PBXNativeTarget "DemoTests" */ = {
			isa = XCConfigurationList;
			buildConfigurations = (
				1601070F2553DD8100FE4B77 /* Debug */,
				160107102553DD8100FE4B77 /* Release */,
			);
			defaultConfigurationIsVisible = 0;
			defaultConfigurationName = Release;
		};
		160107112553DD8100FE4B77 /* Build configuration list for PBXNativeTarget "DemoUITests" */ = {
			isa = XCConfigurationList;
			buildConfigurations = (
				160107122553DD8100FE4B77 /* Debug */,
				160107132553DD8100FE4B77 /* Release */,
			);
			defaultConfigurationIsVisible = 0;
			defaultConfigurationName = Release;
		};
/* End XCConfigurationList section */
	};
	rootObject = 160106D42553DD8000FE4B77 /* Project object */;
}
